// !$*UTF8*$!
{
	archiveVersion = 1;
	classes = {
	};
	objectVersion = 56;
	objects = {

/* Begin PBXBuildFile section */
		04934BB129AB69FC0099CBDC /* Lottie in Frameworks */ = {isa = PBXBuildFile; productRef = 04934BB029AB69FC0099CBDC /* Lottie */; };
		049A81B929B491F900718224 /* AppDelegatekljl.swift in Sources */ = {isa = PBXBuildFile; fileRef = 049A819629B491F800718224 /* AppDelegatekljl.swift */; };
		049A81BA29B491F900718224 /* Assets.xcassets in Resources */ = {isa = PBXBuildFile; fileRef = 049A819729B491F800718224 /* Assets.xcassets */; };
		049A81BB29B491F900718224 /* TimerView.swift in Sources */ = {isa = PBXBuildFile; fileRef = 049A819929B491F800718224 /* TimerView.swift */; };
		049A81BC29B491F900718224 /* GenericTopBarView.swift in Sources */ = {isa = PBXBuildFile; fileRef = 049A819A29B491F800718224 /* GenericTopBarView.swift */; };
		049A81BD29B491F900718224 /* KeyboardView.swift in Sources */ = {isa = PBXBuildFile; fileRef = 049A819B29B491F800718224 /* KeyboardView.swift */; };
		049A81BE29B491F900718224 /* GridView.swift in Sources */ = {isa = PBXBuildFile; fileRef = 049A819C29B491F800718224 /* GridView.swift */; };
		049A81BF29B491F900718224 /* SceneDelegatek,km.swift in Sources */ = {isa = PBXBuildFile; fileRef = 049A819D29B491F800718224 /* SceneDelegatek,km.swift */; };
		049A81C029B491F900718224 /* Localizable.strings in Resources */ = {isa = PBXBuildFile; fileRef = 049A819F29B491F800718224 /* Localizable.strings */; };
		049A81C129B491F900718224 /* Preview Assets.xcassets in Resources */ = {isa = PBXBuildFile; fileRef = 049A81A229B491F800718224 /* Preview Assets.xcassets */; };
		049A81C229B491F900718224 /* CaviarDreams_Bold.ttf in Resources */ = {isa = PBXBuildFile; fileRef = 049A81A429B491F800718224 /* CaviarDreams_Bold.ttf */; };
		049A81C329B491F900718224 /* CaviarDreams.ttf in Resources */ = {isa = PBXBuildFile; fileRef = 049A81A529B491F800718224 /* CaviarDreams.ttf */; };
		049A81C429B491F900718224 /* SudokuSettingsView.swift in Sources */ = {isa = PBXBuildFile; fileRef = 049A81A829B491F800718224 /* SudokuSettingsView.swift */; };
		049A81C529B491F900718224 /* SudokuGameView.swift in Sources */ = {isa = PBXBuildFile; fileRef = 049A81A929B491F800718224 /* SudokuGameView.swift */; };
		049A81C629B491F900718224 /* RootView.swift in Sources */ = {isa = PBXBuildFile; fileRef = 049A81AA29B491F800718224 /* RootView.swift */; };
		049A81C729B491F900718224 /* SudokuMenuView.swift in Sources */ = {isa = PBXBuildFile; fileRef = 049A81AB29B491F800718224 /* SudokuMenuView.swift */; };
		049A81C829B491F900718224 /* Constant.swift in Sources */ = {isa = PBXBuildFile; fileRef = 049A81AC29B491F800718224 /* Constant.swift */; };
		049A81C929B491F900718224 /* Localizable.strings in Resources */ = {isa = PBXBuildFile; fileRef = 049A81AE29B491F800718224 /* Localizable.strings */; };
		049A81CA29B491F900718224 /* Seeds.swift in Sources */ = {isa = PBXBuildFile; fileRef = 049A81B029B491F800718224 /* Seeds.swift */; };
		049A81CB29B491F900718224 /* Sudoku.xcdatamodeld in Sources */ = {isa = PBXBuildFile; fileRef = 049A81B229B491F800718224 /* Sudoku.xcdatamodeld */; };
		049A81CC29B491F900718224 /* Settings.swift in Sources */ = {isa = PBXBuildFile; fileRef = 049A81B429B491F800718224 /* Settings.swift */; };
		049A81CD29B491F900718224 /* Grid.swift in Sources */ = {isa = PBXBuildFile; fileRef = 049A81B529B491F800718224 /* Grid.swift */; };
		049A81CE29B491F900718224 /* Record.swift in Sources */ = {isa = PBXBuildFile; fileRef = 049A81B629B491F800718224 /* Record.swift */; };
		04C060CA29BB401000B61130 /* MillsLaunchUIView.swift in Sources */ = {isa = PBXBuildFile; fileRef = 04C060C929BB401000B61130 /* MillsLaunchUIView.swift */; };
		04C060CC29BB654500B61130 /* ConvertUIKitToSwift.swift in Sources */ = {isa = PBXBuildFile; fileRef = 04C060CB29BB654500B61130 /* ConvertUIKitToSwift.swift */; };
		04DA93B429A08E34008F70FB /* FirebaseAnalytics in Frameworks */ = {isa = PBXBuildFile; productRef = 04DA93B329A08E34008F70FB /* FirebaseAnalytics */; };
		04DA93B629A08E34008F70FB /* FirebaseAnalyticsOnDeviceConversion in Frameworks */ = {isa = PBXBuildFile; productRef = 04DA93B529A08E34008F70FB /* FirebaseAnalyticsOnDeviceConversion */; };
		04DA93B829A08E34008F70FB /* FirebaseAnalyticsSwift in Frameworks */ = {isa = PBXBuildFile; productRef = 04DA93B729A08E34008F70FB /* FirebaseAnalyticsSwift */; };
		04DA93BA29A08E34008F70FB /* FirebaseAnalyticsWithoutAdIdSupport in Frameworks */ = {isa = PBXBuildFile; productRef = 04DA93B929A08E34008F70FB /* FirebaseAnalyticsWithoutAdIdSupport */; };
		04DA93BC29A08E34008F70FB /* FirebaseCrashlytics in Frameworks */ = {isa = PBXBuildFile; productRef = 04DA93BB29A08E34008F70FB /* FirebaseCrashlytics */; };
		04DA93BE29A08E34008F70FB /* FirebasePerformance in Frameworks */ = {isa = PBXBuildFile; productRef = 04DA93BD29A08E34008F70FB /* FirebasePerformance */; };
		04DA93C029A08E34008F70FB /* FirebaseRemoteConfig in Frameworks */ = {isa = PBXBuildFile; productRef = 04DA93BF29A08E34008F70FB /* FirebaseRemoteConfig */; };
		04DA93C229A08E34008F70FB /* FirebaseRemoteConfigSwift in Frameworks */ = {isa = PBXBuildFile; productRef = 04DA93C129A08E34008F70FB /* FirebaseRemoteConfigSwift */; };
		363313E429A8D4050072BD66 /* HeaderView.swift in Sources */ = {isa = PBXBuildFile; fileRef = 363313E329A8D4050072BD66 /* HeaderView.swift */; };
		3633147829B48B190072BD66 /* TicTacToeGameViewController.swift in Sources */ = {isa = PBXBuildFile; fileRef = 3633143529B48B180072BD66 /* TicTacToeGameViewController.swift */; };
		3633147929B48B190072BD66 /* TicTacToeMain.strings in Resources */ = {isa = PBXBuildFile; fileRef = 3633143629B48B180072BD66 /* TicTacToeMain.strings */; };
		3633147A29B48B190072BD66 /* Assets.xcassets in Resources */ = {isa = PBXBuildFile; fileRef = 3633143829B48B180072BD66 /* Assets.xcassets */; };
		3633147C29B48B190072BD66 /* TicTacToeMain.storyboard in Resources */ = {isa = PBXBuildFile; fileRef = 3633143B29B48B180072BD66 /* TicTacToeMain.storyboard */; };
		3633147D29B48B190072BD66 /* TicTacToeBoard.swift in Sources */ = {isa = PBXBuildFile; fileRef = 3633143D29B48B180072BD66 /* TicTacToeBoard.swift */; };
		3633147E29B48B190072BD66 /* TicTacToePlayer.swift in Sources */ = {isa = PBXBuildFile; fileRef = 3633143F29B48B180072BD66 /* TicTacToePlayer.swift */; };
		3633147F29B48B190072BD66 /* GameScene.sks in Resources */ = {isa = PBXBuildFile; fileRef = 3633144029B48B180072BD66 /* GameScene.sks */; };
		3633148029B48B190072BD66 /* GameScene.swift in Sources */ = {isa = PBXBuildFile; fileRef = 3633144129B48B180072BD66 /* GameScene.swift */; };
		3633148129B48B190072BD66 /* Actions.sks in Resources */ = {isa = PBXBuildFile; fileRef = 3633144229B48B180072BD66 /* Actions.sks */; };
		3633148229B48B190072BD66 /* Assets.xcassets in Resources */ = {isa = PBXBuildFile; fileRef = 3633144429B48B190072BD66 /* Assets.xcassets */; };
		3633148329B48B190072BD66 /* Preview Assets.xcassets in Resources */ = {isa = PBXBuildFile; fileRef = 3633144629B48B190072BD66 /* Preview Assets.xcassets */; };
		3633148429B48B190072BD66 /* GameViewController.swift in Sources */ = {isa = PBXBuildFile; fileRef = 3633144829B48B190072BD66 /* GameViewController.swift */; };
		3633148529B48B190072BD66 /* StateTracker.swift in Sources */ = {isa = PBXBuildFile; fileRef = 3633144A29B48B190072BD66 /* StateTracker.swift */; };
		3633148629B48B190072BD66 /* GameStateTracker.swift in Sources */ = {isa = PBXBuildFile; fileRef = 3633144B29B48B190072BD66 /* GameStateTracker.swift */; };
		3633148729B48B190072BD66 /* Storage.swift in Sources */ = {isa = PBXBuildFile; fileRef = 3633144D29B48B190072BD66 /* Storage.swift */; };
		3633148829B48B190072BD66 /* LocalStorage.swift in Sources */ = {isa = PBXBuildFile; fileRef = 3633144E29B48B190072BD66 /* LocalStorage.swift */; };
		3633148929B48B190072BD66 /* GameViewModel.swift in Sources */ = {isa = PBXBuildFile; fileRef = 3633144F29B48B190072BD66 /* GameViewModel.swift */; };
		3633148A29B48B190072BD66 /* Engine.swift in Sources */ = {isa = PBXBuildFile; fileRef = 3633145129B48B190072BD66 /* Engine.swift */; };
		3633148B29B48B190072BD66 /* GameEngine.swift in Sources */ = {isa = PBXBuildFile; fileRef = 3633145229B48B190072BD66 /* GameEngine.swift */; };
		3633148C29B48B190072BD66 /* GameOverView.swift in Sources */ = {isa = PBXBuildFile; fileRef = 3633145529B48B190072BD66 /* GameOverView.swift */; };
		3633148D29B48B190072BD66 /* MenuView.swift in Sources */ = {isa = PBXBuildFile; fileRef = 3633145629B48B190072BD66 /* MenuView.swift */; };
		3633148E29B48B190072BD66 /* Board.swift in Sources */ = {isa = PBXBuildFile; fileRef = 3633145829B48B190072BD66 /* Board.swift */; };
		3633148F29B48B190072BD66 /* TileStyle.swift in Sources */ = {isa = PBXBuildFile; fileRef = 3633145A29B48B190072BD66 /* TileStyle.swift */; };
		3633149029B48B190072BD66 /* Tile.swift in Sources */ = {isa = PBXBuildFile; fileRef = 3633145B29B48B190072BD66 /* Tile.swift */; };
		3633149129B48B190072BD66 /* GameView.swift in Sources */ = {isa = PBXBuildFile; fileRef = 3633145D29B48B190072BD66 /* GameView.swift */; };
		3633149229B48B190072BD66 /* GoalText.swift in Sources */ = {isa = PBXBuildFile; fileRef = 3633145F29B48B190072BD66 /* GoalText.swift */; };
		3633149329B48B190072BD66 /* HeaderBarTitle.swift in Sources */ = {isa = PBXBuildFile; fileRef = 3633146029B48B190072BD66 /* HeaderBarTitle.swift */; };
		3633149429B48B190072BD66 /* ScoreBox.swift in Sources */ = {isa = PBXBuildFile; fileRef = 3633146129B48B190072BD66 /* ScoreBox.swift */; };
		3633149529B48B190072BD66 /* Moves.swift in Sources */ = {isa = PBXBuildFile; fileRef = 3633146229B48B190072BD66 /* Moves.swift */; };
		3633149629B48B190072BD66 /* Header.swift in Sources */ = {isa = PBXBuildFile; fileRef = 3633146329B48B190072BD66 /* Header.swift */; };
		3633149729B48B190072BD66 /* SmallActionButton.swift in Sources */ = {isa = PBXBuildFile; fileRef = 3633146429B48B190072BD66 /* SmallActionButton.swift */; };
		3633149829B48B190072BD66 /* ActionButton.swift in Sources */ = {isa = PBXBuildFile; fileRef = 3633146529B48B190072BD66 /* ActionButton.swift */; };
		3633149929B48B190072BD66 /* YellowBlock.swift in Sources */ = {isa = PBXBuildFile; fileRef = 3633146629B48B190072BD66 /* YellowBlock.swift */; };
		3633149B29B48B190072BD66 /* ArrayExtensions.swift in Sources */ = {isa = PBXBuildFile; fileRef = 3633146A29B48B190072BD66 /* ArrayExtensions.swift */; };
		3633149C29B48B190072BD66 /* ColorExtensions.swift in Sources */ = {isa = PBXBuildFile; fileRef = 3633146B29B48B190072BD66 /* ColorExtensions.swift */; };
		3633149D29B48B190072BD66 /* IntExtensions.swift in Sources */ = {isa = PBXBuildFile; fileRef = 3633146C29B48B190072BD66 /* IntExtensions.swift */; };
		3633149E29B48B190072BD66 /* CustomOperators.swift in Sources */ = {isa = PBXBuildFile; fileRef = 3633146D29B48B190072BD66 /* CustomOperators.swift */; };
		3633149F29B48B190072BD66 /* Swipe.swift in Sources */ = {isa = PBXBuildFile; fileRef = 3633146E29B48B190072BD66 /* Swipe.swift */; };
		363314A329B48B190072BD66 /* Sudoku.xcdatamodeld in Sources */ = {isa = PBXBuildFile; fileRef = 3633147629B48B190072BD66 /* Sudoku.xcdatamodeld */; };
		363314D629B48BFC0072BD66 /* Bradley Hand Bold.ttf in Resources */ = {isa = PBXBuildFile; fileRef = 363314A529B48BFC0072BD66 /* Bradley Hand Bold.ttf */; };
		363314D729B48BFC0072BD66 /* SettingsView.swift in Sources */ = {isa = PBXBuildFile; fileRef = 363314A629B48BFC0072BD66 /* SettingsView.swift */; };
		363314D829B48BFC0072BD66 /* QuestionViewController.swift in Sources */ = {isa = PBXBuildFile; fileRef = 363314A729B48BFC0072BD66 /* QuestionViewController.swift */; };
		363314D929B48BFC0072BD66 /* Model.swift in Sources */ = {isa = PBXBuildFile; fileRef = 363314A829B48BFC0072BD66 /* Model.swift */; };
		363314DA29B48BFC0072BD66 /* SoundPlayer.swift in Sources */ = {isa = PBXBuildFile; fileRef = 363314A929B48BFC0072BD66 /* SoundPlayer.swift */; };
		363314DB29B48BFC0072BD66 /* OperatorTableViewCell.xib in Resources */ = {isa = PBXBuildFile; fileRef = 363314AA29B48BFC0072BD66 /* OperatorTableViewCell.xib */; };
		363314DC29B48BFC0072BD66 /* AppRouter.swift in Sources */ = {isa = PBXBuildFile; fileRef = 363314AB29B48BFC0072BD66 /* AppRouter.swift */; };
		363314DD29B48BFC0072BD66 /* OperatorsViewController.swift in Sources */ = {isa = PBXBuildFile; fileRef = 363314AC29B48BFC0072BD66 /* OperatorsViewController.swift */; };
		363314DE29B48BFC0072BD66 /* HomeViewController.xib in Resources */ = {isa = PBXBuildFile; fileRef = 363314AD29B48BFC0072BD66 /* HomeViewController.xib */; };
		363314DF29B48BFC0072BD66 /* Assets.xcassets in Resources */ = {isa = PBXBuildFile; fileRef = 363314AE29B48BFC0072BD66 /* Assets.xcassets */; };
		363314E029B48BFC0072BD66 /* remote_config_defaults.plist in Resources */ = {isa = PBXBuildFile; fileRef = 363314AF29B48BFC0072BD66 /* remote_config_defaults.plist */; };
		363314E129B48BFC0072BD66 /* ResultsViewController.swift in Sources */ = {isa = PBXBuildFile; fileRef = 363314B029B48BFC0072BD66 /* ResultsViewController.swift */; };
		363314E229B48BFC0072BD66 /* FireBaseConfig.swift in Sources */ = {isa = PBXBuildFile; fileRef = 363314B129B48BFC0072BD66 /* FireBaseConfig.swift */; };
		363314E329B48BFC0072BD66 /* ResultsViewController.xib in Resources */ = {isa = PBXBuildFile; fileRef = 363314B229B48BFC0072BD66 /* ResultsViewController.xib */; };
		363314E429B48BFC0072BD66 /* GoogleService-Info.plist in Resources */ = {isa = PBXBuildFile; fileRef = 363314B329B48BFC0072BD66 /* GoogleService-Info.plist */; };
		363314E529B48BFC0072BD66 /* QuestionViewController.xib in Resources */ = {isa = PBXBuildFile; fileRef = 363314B429B48BFC0072BD66 /* QuestionViewController.xib */; };
		363314E629B48BFC0072BD66 /* White Milk.ttf in Resources */ = {isa = PBXBuildFile; fileRef = 363314B529B48BFC0072BD66 /* White Milk.ttf */; };
		363314E729B48BFC0072BD66 /* HomeViewController.swift in Sources */ = {isa = PBXBuildFile; fileRef = 363314B629B48BFC0072BD66 /* HomeViewController.swift */; };
		363314E829B48BFC0072BD66 /* ColorAndFonts.swift in Sources */ = {isa = PBXBuildFile; fileRef = 363314B729B48BFC0072BD66 /* ColorAndFonts.swift */; };
		363314E929B48BFC0072BD66 /* LaunchScreen.storyboard in Resources */ = {isa = PBXBuildFile; fileRef = 363314B829B48BFC0072BD66 /* LaunchScreen.storyboard */; };
		363314EA29B48BFC0072BD66 /* wrongButton.wav in Resources */ = {isa = PBXBuildFile; fileRef = 363314BB29B48BFC0072BD66 /* wrongButton.wav */; };
		363314EB29B48BFC0072BD66 /* rightButton.wav in Resources */ = {isa = PBXBuildFile; fileRef = 363314BC29B48BFC0072BD66 /* rightButton.wav */; };
		363314EC29B48BFC0072BD66 /* test.json in Resources */ = {isa = PBXBuildFile; fileRef = 363314BE29B48BFC0072BD66 /* test.json */; };
		363314ED29B48BFC0072BD66 /* hand.ttf in Resources */ = {isa = PBXBuildFile; fileRef = 363314BF29B48BFC0072BD66 /* hand.ttf */; };
		363314EE29B48BFC0072BD66 /* NewQuestionsView.swift in Sources */ = {isa = PBXBuildFile; fileRef = 363314C029B48BFC0072BD66 /* NewQuestionsView.swift */; };
		363314EF29B48BFC0072BD66 /* OperatorTableViewCell.swift in Sources */ = {isa = PBXBuildFile; fileRef = 363314C129B48BFC0072BD66 /* OperatorTableViewCell.swift */; };
		363314F029B48BFC0072BD66 /* bottomAnimation.json in Resources */ = {isa = PBXBuildFile; fileRef = 363314C329B48BFC0072BD66 /* bottomAnimation.json */; };
		363314F129B48BFC0072BD66 /* teacher.json in Resources */ = {isa = PBXBuildFile; fileRef = 363314C429B48BFC0072BD66 /* teacher.json */; };
		363314F229B48BFC0072BD66 /* LaunchScreenAnimation.json in Resources */ = {isa = PBXBuildFile; fileRef = 363314C529B48BFC0072BD66 /* LaunchScreenAnimation.json */; };
		363314F329B48BFC0072BD66 /* panchi1.json in Resources */ = {isa = PBXBuildFile; fileRef = 363314C629B48BFC0072BD66 /* panchi1.json */; };
		363314F429B48BFC0072BD66 /* childAnimation.json in Resources */ = {isa = PBXBuildFile; fileRef = 363314C729B48BFC0072BD66 /* childAnimation.json */; };
		363314F529B48BFC0072BD66 /* inchworm-character-animation.json in Resources */ = {isa = PBXBuildFile; fileRef = 363314C829B48BFC0072BD66 /* inchworm-character-animation.json */; };
		363314F629B48BFC0072BD66 /* teacherAnimation.json in Resources */ = {isa = PBXBuildFile; fileRef = 363314C929B48BFC0072BD66 /* teacherAnimation.json */; };
		363314F729B48BFC0072BD66 /* cute-astronaut-flying-in-space-animation.json in Resources */ = {isa = PBXBuildFile; fileRef = 363314CA29B48BFC0072BD66 /* cute-astronaut-flying-in-space-animation.json */; };
		363314F829B48BFC0072BD66 /* kids.json in Resources */ = {isa = PBXBuildFile; fileRef = 363314CB29B48BFC0072BD66 /* kids.json */; };
		363314F929B48BFC0072BD66 /* happy-loader.json in Resources */ = {isa = PBXBuildFile; fileRef = 363314CC29B48BFC0072BD66 /* happy-loader.json */; };
		363314FA29B48BFC0072BD66 /* panchi.json in Resources */ = {isa = PBXBuildFile; fileRef = 363314CD29B48BFC0072BD66 /* panchi.json */; };
		363314FB29B48BFC0072BD66 /* think-tank.json in Resources */ = {isa = PBXBuildFile; fileRef = 363314CE29B48BFC0072BD66 /* think-tank.json */; };
		363314FC29B48BFC0072BD66 /* OperatorsViewController.xib in Resources */ = {isa = PBXBuildFile; fileRef = 363314CF29B48BFC0072BD66 /* OperatorsViewController.xib */; };
		363314FD29B48BFC0072BD66 /* LaunchScreenViewController.swift in Sources */ = {isa = PBXBuildFile; fileRef = 363314D029B48BFC0072BD66 /* LaunchScreenViewController.swift */; };
		363314FE29B48BFC0072BD66 /* AppDelegate.swift in Sources */ = {isa = PBXBuildFile; fileRef = 363314D129B48BFC0072BD66 /* AppDelegate.swift */; };
		3633150029B48BFC0072BD66 /* FetchQuestions.swift in Sources */ = {isa = PBXBuildFile; fileRef = 363314D329B48BFC0072BD66 /* FetchQuestions.swift */; };
		3633150129B48BFC0072BD66 /* SceneDelegate.swift in Sources */ = {isa = PBXBuildFile; fileRef = 363314D429B48BFC0072BD66 /* SceneDelegate.swift */; };
		3633150229B48BFC0072BD66 /* TabBarController.swift in Sources */ = {isa = PBXBuildFile; fileRef = 363314D529B48BFC0072BD66 /* TabBarController.swift */; };
		36B3B7DB29A28084000707C9 /* lose.mp3 in Resources */ = {isa = PBXBuildFile; fileRef = 36B3B7CE29A28084000707C9 /* lose.mp3 */; };
		36B3B7DC29A28084000707C9 /* char.mp3 in Resources */ = {isa = PBXBuildFile; fileRef = 36B3B79A29A28084000707C9 /* char.mp3 */; };
		36B3B7DE29A28084000707C9 /* InitialVC.swift in Sources */ = {isa = PBXBuildFile; fileRef = 36B3B7BE29A28084000707C9 /* InitialVC.swift */; };
		36B3B7DF29A28084000707C9 /* ViewDataModel.swift in Sources */ = {isa = PBXBuildFile; fileRef = 36B3B79B29A28084000707C9 /* ViewDataModel.swift */; };
		36B3B7E029A28084000707C9 /* notAllowed.mp3 in Resources */ = {isa = PBXBuildFile; fileRef = 36B3B7D029A28084000707C9 /* notAllowed.mp3 */; };
		36B3B7E129A28084000707C9 /* place-player-2.mp3 in Resources */ = {isa = PBXBuildFile; fileRef = 36B3B7BD29A28084000707C9 /* place-player-2.mp3 */; };
		36B3B7E229A28084000707C9 /* select.mp3 in Resources */ = {isa = PBXBuildFile; fileRef = 36B3B79C29A28084000707C9 /* select.mp3 */; };
		36B3B7E329A28084000707C9 /* PlayerView.xib in Resources */ = {isa = PBXBuildFile; fileRef = 36B3B7D629A28084000707C9 /* PlayerView.xib */; };
		36B3B7E429A28084000707C9 /* MillsGameView.swift in Sources */ = {isa = PBXBuildFile; fileRef = 36B3B79D29A28084000707C9 /* MillsGameView.swift */; };
		36B3B7E529A28084000707C9 /* PlayerGuideMessages.swift in Sources */ = {isa = PBXBuildFile; fileRef = 36B3B7C929A28084000707C9 /* PlayerGuideMessages.swift */; };
		36B3B7E629A28084000707C9 /* CoinCollectionViewCell.swift in Sources */ = {isa = PBXBuildFile; fileRef = 36B3B79E29A28084000707C9 /* CoinCollectionViewCell.swift */; };
		36B3B7E729A28084000707C9 /* ViewDataModel.swift in Sources */ = {isa = PBXBuildFile; fileRef = 36B3B7D729A28084000707C9 /* ViewDataModel.swift */; };
		36B3B7E829A28084000707C9 /* SoundEfectManager.swift in Sources */ = {isa = PBXBuildFile; fileRef = 36B3B79F29A28084000707C9 /* SoundEfectManager.swift */; };
		36B3B7E929A28084000707C9 /* CircleView.swift in Sources */ = {isa = PBXBuildFile; fileRef = 36B3B7C329A28084000707C9 /* CircleView.swift */; };
		36B3B7EA29A28084000707C9 /* GameVC.swift in Sources */ = {isa = PBXBuildFile; fileRef = 36B3B7A029A28084000707C9 /* GameVC.swift */; };
		36B3B7EB29A28084000707C9 /* Assets.xcassets in Resources */ = {isa = PBXBuildFile; fileRef = 36B3B7A129A28084000707C9 /* Assets.xcassets */; };
		36B3B7EC29A28084000707C9 /* GameVC.swift in Sources */ = {isa = PBXBuildFile; fileRef = 36B3B7CB29A28084000707C9 /* GameVC.swift */; };
		36B3B7ED29A28084000707C9 /* PlayerCollectionViewController.swift in Sources */ = {isa = PBXBuildFile; fileRef = 36B3B7A229A28084000707C9 /* PlayerCollectionViewController.swift */; };
		36B3B7F029A28084000707C9 /* select.mp3 in Resources */ = {isa = PBXBuildFile; fileRef = 36B3B7CD29A28084000707C9 /* select.mp3 */; };
		36B3B7F329A28084000707C9 /* MillsGameViewModel.swift in Sources */ = {isa = PBXBuildFile; fileRef = 36B3B7C529A28084000707C9 /* MillsGameViewModel.swift */; };
		36B3B7F429A28084000707C9 /* Main.storyboard in Resources */ = {isa = PBXBuildFile; fileRef = 36B3B7A629A28084000707C9 /* Main.storyboard */; };
		36B3B7F529A28084000707C9 /* char.mp3 in Resources */ = {isa = PBXBuildFile; fileRef = 36B3B7C129A28084000707C9 /* char.mp3 */; };
		36B3B7F629A28084000707C9 /* win.mp3 in Resources */ = {isa = PBXBuildFile; fileRef = 36B3B7A829A28084000707C9 /* win.mp3 */; };
		36B3B7F729A28084000707C9 /* win.mp3 in Resources */ = {isa = PBXBuildFile; fileRef = 36B3B7CA29A28084000707C9 /* win.mp3 */; };
		36B3B7F829A28084000707C9 /* bhar.mp3 in Resources */ = {isa = PBXBuildFile; fileRef = 36B3B7A929A28084000707C9 /* bhar.mp3 */; };
		36B3B7FA29A28084000707C9 /* place-player-1.mp3 in Resources */ = {isa = PBXBuildFile; fileRef = 36B3B7D429A28084000707C9 /* place-player-1.mp3 */; };
		36B3B7FB29A28084000707C9 /* move.mp3 in Resources */ = {isa = PBXBuildFile; fileRef = 36B3B7AA29A28084000707C9 /* move.mp3 */; };
		36B3B7FC29A28084000707C9 /* Mills.ipa in Resources */ = {isa = PBXBuildFile; fileRef = 36B3B7AC29A28084000707C9 /* Mills.ipa */; };
		36B3B7FD29A28084000707C9 /* move.mp3 in Resources */ = {isa = PBXBuildFile; fileRef = 36B3B7C229A28084000707C9 /* move.mp3 */; };
		36B3B7FE29A28084000707C9 /* lose.mp3 in Resources */ = {isa = PBXBuildFile; fileRef = 36B3B7AD29A28084000707C9 /* lose.mp3 */; };
		36B3B7FF29A28084000707C9 /* PlayerCollectionViewController.swift in Sources */ = {isa = PBXBuildFile; fileRef = 36B3B7D229A28084000707C9 /* PlayerCollectionViewController.swift */; };
		36B3B80029A28084000707C9 /* PlayerView.swift in Sources */ = {isa = PBXBuildFile; fileRef = 36B3B7AE29A28084000707C9 /* PlayerView.swift */; };
		36B3B80129A28084000707C9 /* CoinCollectionViewCell.swift in Sources */ = {isa = PBXBuildFile; fileRef = 36B3B7D929A28084000707C9 /* CoinCollectionViewCell.swift */; };
		36B3B80229A28084000707C9 /* CoinCollectionViewCell.xib in Resources */ = {isa = PBXBuildFile; fileRef = 36B3B7D529A28084000707C9 /* CoinCollectionViewCell.xib */; };
		36B3B80329A28084000707C9 /* PlayerView.xib in Resources */ = {isa = PBXBuildFile; fileRef = 36B3B7AF29A28084000707C9 /* PlayerView.xib */; };
		36B3B80429A28084000707C9 /* SoundEfectManager.swift in Sources */ = {isa = PBXBuildFile; fileRef = 36B3B7D329A28084000707C9 /* SoundEfectManager.swift */; };
		36B3B80529A28084000707C9 /* GameModels.swift in Sources */ = {isa = PBXBuildFile; fileRef = 36B3B7C029A28084000707C9 /* GameModels.swift */; };
		36B3B80629A28084000707C9 /* CircleView.swift in Sources */ = {isa = PBXBuildFile; fileRef = 36B3B7B029A28084000707C9 /* CircleView.swift */; };
		36B3B80729A28084000707C9 /* place-player-2.mp3 in Resources */ = {isa = PBXBuildFile; fileRef = 36B3B7B129A28084000707C9 /* place-player-2.mp3 */; };
		36B3B80929A28084000707C9 /* PlayerView.swift in Sources */ = {isa = PBXBuildFile; fileRef = 36B3B7C429A28084000707C9 /* PlayerView.swift */; };
		36B3B80A29A28084000707C9 /* PlayerGuideMessages.swift in Sources */ = {isa = PBXBuildFile; fileRef = 36B3B7B329A28084000707C9 /* PlayerGuideMessages.swift */; };
		36B3B80B29A28084000707C9 /* GameModels.swift in Sources */ = {isa = PBXBuildFile; fileRef = 36B3B7B429A28084000707C9 /* GameModels.swift */; };
		36B3B80C29A28084000707C9 /* CoinCollectionViewCell.xib in Resources */ = {isa = PBXBuildFile; fileRef = 36B3B7B529A28084000707C9 /* CoinCollectionViewCell.xib */; };
		36B3B80D29A28084000707C9 /* place-player-1.mp3 in Resources */ = {isa = PBXBuildFile; fileRef = 36B3B7B629A28084000707C9 /* place-player-1.mp3 */; };
		36B3B80F29A28084000707C9 /* bhar.mp3 in Resources */ = {isa = PBXBuildFile; fileRef = 36B3B7BF29A28084000707C9 /* bhar.mp3 */; };
		36B3B81029A28084000707C9 /* notAllowed.mp3 in Resources */ = {isa = PBXBuildFile; fileRef = 36B3B7B829A28084000707C9 /* notAllowed.mp3 */; };
		36B3B81329A28084000707C9 /* Mills.xcdatamodeld in Sources */ = {isa = PBXBuildFile; fileRef = 36B3B7C729A28084000707C9 /* Mills.xcdatamodeld */; };
		36B3B81429A28084000707C9 /* Mills.xcdatamodeld in Sources */ = {isa = PBXBuildFile; fileRef = 36B3B7BA29A28084000707C9 /* Mills.xcdatamodeld */; };
		36B3B81529A28084000707C9 /* InitialVC.swift in Sources */ = {isa = PBXBuildFile; fileRef = 36B3B7BC29A28084000707C9 /* InitialVC.swift */; };
		36B3B81629A28084000707C9 /* Mills.xcdatamodel in Sources */ = {isa = PBXBuildFile; fileRef = 36B3B7DA29A28084000707C9 /* Mills.xcdatamodel */; };
/* End PBXBuildFile section */

/* Begin PBXFileReference section */
		049A819629B491F800718224 /* AppDelegatekljl.swift */ = {isa = PBXFileReference; fileEncoding = 4; lastKnownFileType = sourcecode.swift; path = AppDelegatekljl.swift; sourceTree = "<group>"; };
		049A819729B491F800718224 /* Assets.xcassets */ = {isa = PBXFileReference; lastKnownFileType = folder.assetcatalog; path = Assets.xcassets; sourceTree = "<group>"; };
		049A819929B491F800718224 /* TimerView.swift */ = {isa = PBXFileReference; fileEncoding = 4; lastKnownFileType = sourcecode.swift; path = TimerView.swift; sourceTree = "<group>"; };
		049A819A29B491F800718224 /* GenericTopBarView.swift */ = {isa = PBXFileReference; fileEncoding = 4; lastKnownFileType = sourcecode.swift; path = GenericTopBarView.swift; sourceTree = "<group>"; };
		049A819B29B491F800718224 /* KeyboardView.swift */ = {isa = PBXFileReference; fileEncoding = 4; lastKnownFileType = sourcecode.swift; path = KeyboardView.swift; sourceTree = "<group>"; };
		049A819C29B491F800718224 /* GridView.swift */ = {isa = PBXFileReference; fileEncoding = 4; lastKnownFileType = sourcecode.swift; path = GridView.swift; sourceTree = "<group>"; };
		049A819D29B491F800718224 /* SceneDelegatek,km.swift */ = {isa = PBXFileReference; fileEncoding = 4; lastKnownFileType = sourcecode.swift; path = "SceneDelegatek,km.swift"; sourceTree = "<group>"; };
		049A81A029B491F800718224 /* pt-PT */ = {isa = PBXFileReference; lastKnownFileType = text.plist.strings; name = "pt-PT"; path = Localizable.strings; sourceTree = "<group>"; };
		049A81A229B491F800718224 /* Preview Assets.xcassets */ = {isa = PBXFileReference; lastKnownFileType = folder.assetcatalog; path = "Preview Assets.xcassets"; sourceTree = "<group>"; };
		049A81A429B491F800718224 /* CaviarDreams_Bold.ttf */ = {isa = PBXFileReference; lastKnownFileType = file; path = CaviarDreams_Bold.ttf; sourceTree = "<group>"; };
		049A81A529B491F800718224 /* CaviarDreams.ttf */ = {isa = PBXFileReference; lastKnownFileType = file; path = CaviarDreams.ttf; sourceTree = "<group>"; };
		049A81A629B491F800718224 /* Sudoku.entitlements */ = {isa = PBXFileReference; fileEncoding = 4; lastKnownFileType = text.plist.entitlements; path = Sudoku.entitlements; sourceTree = "<group>"; };
		049A81A829B491F800718224 /* SudokuSettingsView.swift */ = {isa = PBXFileReference; fileEncoding = 4; lastKnownFileType = sourcecode.swift; path = SudokuSettingsView.swift; sourceTree = "<group>"; };
		049A81A929B491F800718224 /* SudokuGameView.swift */ = {isa = PBXFileReference; fileEncoding = 4; lastKnownFileType = sourcecode.swift; path = SudokuGameView.swift; sourceTree = "<group>"; };
		049A81AA29B491F800718224 /* RootView.swift */ = {isa = PBXFileReference; fileEncoding = 4; lastKnownFileType = sourcecode.swift; path = RootView.swift; sourceTree = "<group>"; };
		049A81AB29B491F800718224 /* SudokuMenuView.swift */ = {isa = PBXFileReference; fileEncoding = 4; lastKnownFileType = sourcecode.swift; path = SudokuMenuView.swift; sourceTree = "<group>"; };
		049A81AC29B491F800718224 /* Constant.swift */ = {isa = PBXFileReference; fileEncoding = 4; lastKnownFileType = sourcecode.swift; path = Constant.swift; sourceTree = "<group>"; };
		049A81AF29B491F800718224 /* en */ = {isa = PBXFileReference; lastKnownFileType = text.plist.strings; name = en; path = Localizable.strings; sourceTree = "<group>"; };
		049A81B029B491F800718224 /* Seeds.swift */ = {isa = PBXFileReference; fileEncoding = 4; lastKnownFileType = sourcecode.swift; path = Seeds.swift; sourceTree = "<group>"; };
		049A81B329B491F800718224 /* Record.xcdatamodel */ = {isa = PBXFileReference; lastKnownFileType = wrapper.xcdatamodel; path = Record.xcdatamodel; sourceTree = "<group>"; };
		049A81B429B491F800718224 /* Settings.swift */ = {isa = PBXFileReference; fileEncoding = 4; lastKnownFileType = sourcecode.swift; path = Settings.swift; sourceTree = "<group>"; };
		049A81B529B491F800718224 /* Grid.swift */ = {isa = PBXFileReference; fileEncoding = 4; lastKnownFileType = sourcecode.swift; path = Grid.swift; sourceTree = "<group>"; };
		049A81B629B491F800718224 /* Record.swift */ = {isa = PBXFileReference; fileEncoding = 4; lastKnownFileType = sourcecode.swift; path = Record.swift; sourceTree = "<group>"; };
		04C060C929BB401000B61130 /* MillsLaunchUIView.swift */ = {isa = PBXFileReference; lastKnownFileType = sourcecode.swift; path = MillsLaunchUIView.swift; sourceTree = "<group>"; };
		04C060CB29BB654500B61130 /* ConvertUIKitToSwift.swift */ = {isa = PBXFileReference; lastKnownFileType = sourcecode.swift; path = ConvertUIKitToSwift.swift; sourceTree = "<group>"; };
		363313E329A8D4050072BD66 /* HeaderView.swift */ = {isa = PBXFileReference; lastKnownFileType = sourcecode.swift; path = HeaderView.swift; sourceTree = "<group>"; };
		3633143529B48B180072BD66 /* TicTacToeGameViewController.swift */ = {isa = PBXFileReference; fileEncoding = 4; lastKnownFileType = sourcecode.swift; path = TicTacToeGameViewController.swift; sourceTree = "<group>"; };
		3633143729B48B180072BD66 /* en */ = {isa = PBXFileReference; lastKnownFileType = text.plist.strings; name = en; path = en.lproj/TicTacToeMain.strings; sourceTree = "<group>"; };
		3633143829B48B180072BD66 /* Assets.xcassets */ = {isa = PBXFileReference; lastKnownFileType = folder.assetcatalog; path = Assets.xcassets; sourceTree = "<group>"; };
		3633143C29B48B180072BD66 /* Base */ = {isa = PBXFileReference; lastKnownFileType = file.storyboard; name = Base; path = Base.lproj/TicTacToeMain.storyboard; sourceTree = "<group>"; };
		3633143D29B48B180072BD66 /* TicTacToeBoard.swift */ = {isa = PBXFileReference; fileEncoding = 4; lastKnownFileType = sourcecode.swift; path = TicTacToeBoard.swift; sourceTree = "<group>"; };
		3633143E29B48B180072BD66 /* MyPlayground.playground */ = {isa = PBXFileReference; lastKnownFileType = file.playground; path = MyPlayground.playground; sourceTree = "<group>"; };
		3633143F29B48B180072BD66 /* TicTacToePlayer.swift */ = {isa = PBXFileReference; fileEncoding = 4; lastKnownFileType = sourcecode.swift; path = TicTacToePlayer.swift; sourceTree = "<group>"; };
		3633144029B48B180072BD66 /* GameScene.sks */ = {isa = PBXFileReference; lastKnownFileType = file.sks; path = GameScene.sks; sourceTree = "<group>"; };
		3633144129B48B180072BD66 /* GameScene.swift */ = {isa = PBXFileReference; fileEncoding = 4; lastKnownFileType = sourcecode.swift; path = GameScene.swift; sourceTree = "<group>"; };
		3633144229B48B180072BD66 /* Actions.sks */ = {isa = PBXFileReference; lastKnownFileType = file.sks; path = Actions.sks; sourceTree = "<group>"; };
		3633144429B48B190072BD66 /* Assets.xcassets */ = {isa = PBXFileReference; lastKnownFileType = folder.assetcatalog; path = Assets.xcassets; sourceTree = "<group>"; };
		3633144629B48B190072BD66 /* Preview Assets.xcassets */ = {isa = PBXFileReference; lastKnownFileType = folder.assetcatalog; path = "Preview Assets.xcassets"; sourceTree = "<group>"; };
		3633144829B48B190072BD66 /* GameViewController.swift */ = {isa = PBXFileReference; fileEncoding = 4; lastKnownFileType = sourcecode.swift; path = GameViewController.swift; sourceTree = "<group>"; };
		3633144A29B48B190072BD66 /* StateTracker.swift */ = {isa = PBXFileReference; fileEncoding = 4; lastKnownFileType = sourcecode.swift; path = StateTracker.swift; sourceTree = "<group>"; };
		3633144B29B48B190072BD66 /* GameStateTracker.swift */ = {isa = PBXFileReference; fileEncoding = 4; lastKnownFileType = sourcecode.swift; path = GameStateTracker.swift; sourceTree = "<group>"; };
		3633144D29B48B190072BD66 /* Storage.swift */ = {isa = PBXFileReference; fileEncoding = 4; lastKnownFileType = sourcecode.swift; path = Storage.swift; sourceTree = "<group>"; };
		3633144E29B48B190072BD66 /* LocalStorage.swift */ = {isa = PBXFileReference; fileEncoding = 4; lastKnownFileType = sourcecode.swift; path = LocalStorage.swift; sourceTree = "<group>"; };
		3633144F29B48B190072BD66 /* GameViewModel.swift */ = {isa = PBXFileReference; fileEncoding = 4; lastKnownFileType = sourcecode.swift; path = GameViewModel.swift; sourceTree = "<group>"; };
		3633145129B48B190072BD66 /* Engine.swift */ = {isa = PBXFileReference; fileEncoding = 4; lastKnownFileType = sourcecode.swift; path = Engine.swift; sourceTree = "<group>"; };
		3633145229B48B190072BD66 /* GameEngine.swift */ = {isa = PBXFileReference; fileEncoding = 4; lastKnownFileType = sourcecode.swift; path = GameEngine.swift; sourceTree = "<group>"; };
		3633145529B48B190072BD66 /* GameOverView.swift */ = {isa = PBXFileReference; fileEncoding = 4; lastKnownFileType = sourcecode.swift; path = GameOverView.swift; sourceTree = "<group>"; };
		3633145629B48B190072BD66 /* MenuView.swift */ = {isa = PBXFileReference; fileEncoding = 4; lastKnownFileType = sourcecode.swift; path = MenuView.swift; sourceTree = "<group>"; };
		3633145829B48B190072BD66 /* Board.swift */ = {isa = PBXFileReference; fileEncoding = 4; lastKnownFileType = sourcecode.swift; path = Board.swift; sourceTree = "<group>"; };
		3633145A29B48B190072BD66 /* TileStyle.swift */ = {isa = PBXFileReference; fileEncoding = 4; lastKnownFileType = sourcecode.swift; path = TileStyle.swift; sourceTree = "<group>"; };
		3633145B29B48B190072BD66 /* Tile.swift */ = {isa = PBXFileReference; fileEncoding = 4; lastKnownFileType = sourcecode.swift; path = Tile.swift; sourceTree = "<group>"; };
		3633145D29B48B190072BD66 /* GameView.swift */ = {isa = PBXFileReference; fileEncoding = 4; lastKnownFileType = sourcecode.swift; path = GameView.swift; sourceTree = "<group>"; };
		3633145F29B48B190072BD66 /* GoalText.swift */ = {isa = PBXFileReference; fileEncoding = 4; lastKnownFileType = sourcecode.swift; path = GoalText.swift; sourceTree = "<group>"; };
		3633146029B48B190072BD66 /* HeaderBarTitle.swift */ = {isa = PBXFileReference; fileEncoding = 4; lastKnownFileType = sourcecode.swift; path = HeaderBarTitle.swift; sourceTree = "<group>"; };
		3633146129B48B190072BD66 /* ScoreBox.swift */ = {isa = PBXFileReference; fileEncoding = 4; lastKnownFileType = sourcecode.swift; path = ScoreBox.swift; sourceTree = "<group>"; };
		3633146229B48B190072BD66 /* Moves.swift */ = {isa = PBXFileReference; fileEncoding = 4; lastKnownFileType = sourcecode.swift; path = Moves.swift; sourceTree = "<group>"; };
		3633146329B48B190072BD66 /* Header.swift */ = {isa = PBXFileReference; fileEncoding = 4; lastKnownFileType = sourcecode.swift; path = Header.swift; sourceTree = "<group>"; };
		3633146429B48B190072BD66 /* SmallActionButton.swift */ = {isa = PBXFileReference; fileEncoding = 4; lastKnownFileType = sourcecode.swift; path = SmallActionButton.swift; sourceTree = "<group>"; };
		3633146529B48B190072BD66 /* ActionButton.swift */ = {isa = PBXFileReference; fileEncoding = 4; lastKnownFileType = sourcecode.swift; path = ActionButton.swift; sourceTree = "<group>"; };
		3633146629B48B190072BD66 /* YellowBlock.swift */ = {isa = PBXFileReference; fileEncoding = 4; lastKnownFileType = sourcecode.swift; path = YellowBlock.swift; sourceTree = "<group>"; };
		3633146A29B48B190072BD66 /* ArrayExtensions.swift */ = {isa = PBXFileReference; fileEncoding = 4; lastKnownFileType = sourcecode.swift; path = ArrayExtensions.swift; sourceTree = "<group>"; };
		3633146B29B48B190072BD66 /* ColorExtensions.swift */ = {isa = PBXFileReference; fileEncoding = 4; lastKnownFileType = sourcecode.swift; path = ColorExtensions.swift; sourceTree = "<group>"; };
		3633146C29B48B190072BD66 /* IntExtensions.swift */ = {isa = PBXFileReference; fileEncoding = 4; lastKnownFileType = sourcecode.swift; path = IntExtensions.swift; sourceTree = "<group>"; };
		3633146D29B48B190072BD66 /* CustomOperators.swift */ = {isa = PBXFileReference; fileEncoding = 4; lastKnownFileType = sourcecode.swift; path = CustomOperators.swift; sourceTree = "<group>"; };
		3633146E29B48B190072BD66 /* Swipe.swift */ = {isa = PBXFileReference; fileEncoding = 4; lastKnownFileType = sourcecode.swift; path = Swipe.swift; sourceTree = "<group>"; };
		3633147729B48B190072BD66 /* Record.xcdatamodel */ = {isa = PBXFileReference; lastKnownFileType = wrapper.xcdatamodel; path = Record.xcdatamodel; sourceTree = "<group>"; };
		363314A529B48BFC0072BD66 /* Bradley Hand Bold.ttf */ = {isa = PBXFileReference; lastKnownFileType = file; path = "Bradley Hand Bold.ttf"; sourceTree = "<group>"; };
		363314A629B48BFC0072BD66 /* SettingsView.swift */ = {isa = PBXFileReference; fileEncoding = 4; lastKnownFileType = sourcecode.swift; path = SettingsView.swift; sourceTree = "<group>"; };
		363314A729B48BFC0072BD66 /* QuestionViewController.swift */ = {isa = PBXFileReference; fileEncoding = 4; lastKnownFileType = sourcecode.swift; path = QuestionViewController.swift; sourceTree = "<group>"; };
		363314A829B48BFC0072BD66 /* Model.swift */ = {isa = PBXFileReference; fileEncoding = 4; lastKnownFileType = sourcecode.swift; path = Model.swift; sourceTree = "<group>"; };
		363314A929B48BFC0072BD66 /* SoundPlayer.swift */ = {isa = PBXFileReference; fileEncoding = 4; lastKnownFileType = sourcecode.swift; path = SoundPlayer.swift; sourceTree = "<group>"; };
		363314AA29B48BFC0072BD66 /* OperatorTableViewCell.xib */ = {isa = PBXFileReference; fileEncoding = 4; lastKnownFileType = file.xib; path = OperatorTableViewCell.xib; sourceTree = "<group>"; };
		363314AB29B48BFC0072BD66 /* AppRouter.swift */ = {isa = PBXFileReference; fileEncoding = 4; lastKnownFileType = sourcecode.swift; path = AppRouter.swift; sourceTree = "<group>"; };
		363314AC29B48BFC0072BD66 /* OperatorsViewController.swift */ = {isa = PBXFileReference; fileEncoding = 4; lastKnownFileType = sourcecode.swift; path = OperatorsViewController.swift; sourceTree = "<group>"; };
		363314AD29B48BFC0072BD66 /* HomeViewController.xib */ = {isa = PBXFileReference; fileEncoding = 4; lastKnownFileType = file.xib; path = HomeViewController.xib; sourceTree = "<group>"; };
		363314AE29B48BFC0072BD66 /* Assets.xcassets */ = {isa = PBXFileReference; lastKnownFileType = folder.assetcatalog; path = Assets.xcassets; sourceTree = "<group>"; };
		363314AF29B48BFC0072BD66 /* remote_config_defaults.plist */ = {isa = PBXFileReference; fileEncoding = 4; lastKnownFileType = text.plist.xml; path = remote_config_defaults.plist; sourceTree = "<group>"; };
		363314B029B48BFC0072BD66 /* ResultsViewController.swift */ = {isa = PBXFileReference; fileEncoding = 4; lastKnownFileType = sourcecode.swift; path = ResultsViewController.swift; sourceTree = "<group>"; };
		363314B129B48BFC0072BD66 /* FireBaseConfig.swift */ = {isa = PBXFileReference; fileEncoding = 4; lastKnownFileType = sourcecode.swift; path = FireBaseConfig.swift; sourceTree = "<group>"; };
		363314B229B48BFC0072BD66 /* ResultsViewController.xib */ = {isa = PBXFileReference; fileEncoding = 4; lastKnownFileType = file.xib; path = ResultsViewController.xib; sourceTree = "<group>"; };
		363314B329B48BFC0072BD66 /* GoogleService-Info.plist */ = {isa = PBXFileReference; fileEncoding = 4; lastKnownFileType = text.plist.xml; path = "GoogleService-Info.plist"; sourceTree = "<group>"; };
		363314B429B48BFC0072BD66 /* QuestionViewController.xib */ = {isa = PBXFileReference; fileEncoding = 4; lastKnownFileType = file.xib; path = QuestionViewController.xib; sourceTree = "<group>"; };
		363314B529B48BFC0072BD66 /* White Milk.ttf */ = {isa = PBXFileReference; lastKnownFileType = file; path = "White Milk.ttf"; sourceTree = "<group>"; };
		363314B629B48BFC0072BD66 /* HomeViewController.swift */ = {isa = PBXFileReference; fileEncoding = 4; lastKnownFileType = sourcecode.swift; path = HomeViewController.swift; sourceTree = "<group>"; };
		363314B729B48BFC0072BD66 /* ColorAndFonts.swift */ = {isa = PBXFileReference; fileEncoding = 4; lastKnownFileType = sourcecode.swift; path = ColorAndFonts.swift; sourceTree = "<group>"; };
		363314B929B48BFC0072BD66 /* Base */ = {isa = PBXFileReference; lastKnownFileType = file.storyboard; name = Base; path = Base.lproj/LaunchScreen.storyboard; sourceTree = "<group>"; };
		363314BB29B48BFC0072BD66 /* wrongButton.wav */ = {isa = PBXFileReference; lastKnownFileType = audio.wav; path = wrongButton.wav; sourceTree = "<group>"; };
		363314BC29B48BFC0072BD66 /* rightButton.wav */ = {isa = PBXFileReference; lastKnownFileType = audio.wav; path = rightButton.wav; sourceTree = "<group>"; };
		363314BE29B48BFC0072BD66 /* test.json */ = {isa = PBXFileReference; fileEncoding = 4; lastKnownFileType = text.json; path = test.json; sourceTree = "<group>"; };
		363314BF29B48BFC0072BD66 /* hand.ttf */ = {isa = PBXFileReference; lastKnownFileType = file; path = hand.ttf; sourceTree = "<group>"; };
		363314C029B48BFC0072BD66 /* NewQuestionsView.swift */ = {isa = PBXFileReference; fileEncoding = 4; lastKnownFileType = sourcecode.swift; path = NewQuestionsView.swift; sourceTree = "<group>"; };
		363314C129B48BFC0072BD66 /* OperatorTableViewCell.swift */ = {isa = PBXFileReference; fileEncoding = 4; lastKnownFileType = sourcecode.swift; path = OperatorTableViewCell.swift; sourceTree = "<group>"; };
		363314C329B48BFC0072BD66 /* bottomAnimation.json */ = {isa = PBXFileReference; fileEncoding = 4; lastKnownFileType = text.json; path = bottomAnimation.json; sourceTree = "<group>"; };
		363314C429B48BFC0072BD66 /* teacher.json */ = {isa = PBXFileReference; fileEncoding = 4; lastKnownFileType = text.json; path = teacher.json; sourceTree = "<group>"; };
		363314C529B48BFC0072BD66 /* LaunchScreenAnimation.json */ = {isa = PBXFileReference; fileEncoding = 4; lastKnownFileType = text.json; path = LaunchScreenAnimation.json; sourceTree = "<group>"; };
		363314C629B48BFC0072BD66 /* panchi1.json */ = {isa = PBXFileReference; fileEncoding = 4; lastKnownFileType = text.json; path = panchi1.json; sourceTree = "<group>"; };
		363314C729B48BFC0072BD66 /* childAnimation.json */ = {isa = PBXFileReference; fileEncoding = 4; lastKnownFileType = text.json; path = childAnimation.json; sourceTree = "<group>"; };
		363314C829B48BFC0072BD66 /* inchworm-character-animation.json */ = {isa = PBXFileReference; fileEncoding = 4; lastKnownFileType = text.json; path = "inchworm-character-animation.json"; sourceTree = "<group>"; };
		363314C929B48BFC0072BD66 /* teacherAnimation.json */ = {isa = PBXFileReference; fileEncoding = 4; lastKnownFileType = text.json; path = teacherAnimation.json; sourceTree = "<group>"; };
		363314CA29B48BFC0072BD66 /* cute-astronaut-flying-in-space-animation.json */ = {isa = PBXFileReference; fileEncoding = 4; lastKnownFileType = text.json; path = "cute-astronaut-flying-in-space-animation.json"; sourceTree = "<group>"; };
		363314CB29B48BFC0072BD66 /* kids.json */ = {isa = PBXFileReference; fileEncoding = 4; lastKnownFileType = text.json; path = kids.json; sourceTree = "<group>"; };
		363314CC29B48BFC0072BD66 /* happy-loader.json */ = {isa = PBXFileReference; fileEncoding = 4; lastKnownFileType = text.json; path = "happy-loader.json"; sourceTree = "<group>"; };
		363314CD29B48BFC0072BD66 /* panchi.json */ = {isa = PBXFileReference; fileEncoding = 4; lastKnownFileType = text.json; path = panchi.json; sourceTree = "<group>"; };
		363314CE29B48BFC0072BD66 /* think-tank.json */ = {isa = PBXFileReference; fileEncoding = 4; lastKnownFileType = text.json; path = "think-tank.json"; sourceTree = "<group>"; };
		363314CF29B48BFC0072BD66 /* OperatorsViewController.xib */ = {isa = PBXFileReference; fileEncoding = 4; lastKnownFileType = file.xib; path = OperatorsViewController.xib; sourceTree = "<group>"; };
		363314D029B48BFC0072BD66 /* LaunchScreenViewController.swift */ = {isa = PBXFileReference; fileEncoding = 4; lastKnownFileType = sourcecode.swift; path = LaunchScreenViewController.swift; sourceTree = "<group>"; };
		363314D129B48BFC0072BD66 /* AppDelegate.swift */ = {isa = PBXFileReference; fileEncoding = 4; lastKnownFileType = sourcecode.swift; path = AppDelegate.swift; sourceTree = "<group>"; };
		363314D329B48BFC0072BD66 /* FetchQuestions.swift */ = {isa = PBXFileReference; fileEncoding = 4; lastKnownFileType = sourcecode.swift; path = FetchQuestions.swift; sourceTree = "<group>"; };
		363314D429B48BFC0072BD66 /* SceneDelegate.swift */ = {isa = PBXFileReference; fileEncoding = 4; lastKnownFileType = sourcecode.swift; path = SceneDelegate.swift; sourceTree = "<group>"; };
		363314D529B48BFC0072BD66 /* TabBarController.swift */ = {isa = PBXFileReference; fileEncoding = 4; lastKnownFileType = sourcecode.swift; path = TabBarController.swift; sourceTree = "<group>"; };
		36939D05298CFB5F00927B1E /* KidsLove.app */ = {isa = PBXFileReference; explicitFileType = wrapper.application; includeInIndex = 0; path = KidsLove.app; sourceTree = BUILT_PRODUCTS_DIR; };
		36B3B79A29A28084000707C9 /* char.mp3 */ = {isa = PBXFileReference; lastKnownFileType = audio.mp3; path = char.mp3; sourceTree = "<group>"; };
		36B3B79B29A28084000707C9 /* ViewDataModel.swift */ = {isa = PBXFileReference; fileEncoding = 4; lastKnownFileType = sourcecode.swift; path = ViewDataModel.swift; sourceTree = "<group>"; };
		36B3B79C29A28084000707C9 /* select.mp3 */ = {isa = PBXFileReference; lastKnownFileType = audio.mp3; path = select.mp3; sourceTree = "<group>"; };
		36B3B79D29A28084000707C9 /* MillsGameView.swift */ = {isa = PBXFileReference; fileEncoding = 4; lastKnownFileType = sourcecode.swift; path = MillsGameView.swift; sourceTree = "<group>"; };
		36B3B79E29A28084000707C9 /* CoinCollectionViewCell.swift */ = {isa = PBXFileReference; fileEncoding = 4; lastKnownFileType = sourcecode.swift; path = CoinCollectionViewCell.swift; sourceTree = "<group>"; };
		36B3B79F29A28084000707C9 /* SoundEfectManager.swift */ = {isa = PBXFileReference; fileEncoding = 4; lastKnownFileType = sourcecode.swift; path = SoundEfectManager.swift; sourceTree = "<group>"; };
		36B3B7A029A28084000707C9 /* GameVC.swift */ = {isa = PBXFileReference; fileEncoding = 4; lastKnownFileType = sourcecode.swift; path = GameVC.swift; sourceTree = "<group>"; };
		36B3B7A129A28084000707C9 /* Assets.xcassets */ = {isa = PBXFileReference; lastKnownFileType = folder.assetcatalog; path = Assets.xcassets; sourceTree = "<group>"; };
		36B3B7A229A28084000707C9 /* PlayerCollectionViewController.swift */ = {isa = PBXFileReference; fileEncoding = 4; lastKnownFileType = sourcecode.swift; path = PlayerCollectionViewController.swift; sourceTree = "<group>"; };
		36B3B7A729A28084000707C9 /* Base */ = {isa = PBXFileReference; lastKnownFileType = file.storyboard; name = Base; path = Base.lproj/Main.storyboard; sourceTree = "<group>"; };
		36B3B7A829A28084000707C9 /* win.mp3 */ = {isa = PBXFileReference; lastKnownFileType = audio.mp3; path = win.mp3; sourceTree = "<group>"; };
		36B3B7A929A28084000707C9 /* bhar.mp3 */ = {isa = PBXFileReference; lastKnownFileType = audio.mp3; path = bhar.mp3; sourceTree = "<group>"; };
		36B3B7AA29A28084000707C9 /* move.mp3 */ = {isa = PBXFileReference; lastKnownFileType = audio.mp3; path = move.mp3; sourceTree = "<group>"; };
		36B3B7AC29A28084000707C9 /* Mills.ipa */ = {isa = PBXFileReference; lastKnownFileType = file; path = Mills.ipa; sourceTree = "<group>"; };
		36B3B7AD29A28084000707C9 /* lose.mp3 */ = {isa = PBXFileReference; lastKnownFileType = audio.mp3; path = lose.mp3; sourceTree = "<group>"; };
		36B3B7AE29A28084000707C9 /* PlayerView.swift */ = {isa = PBXFileReference; fileEncoding = 4; lastKnownFileType = sourcecode.swift; path = PlayerView.swift; sourceTree = "<group>"; };
		36B3B7AF29A28084000707C9 /* PlayerView.xib */ = {isa = PBXFileReference; fileEncoding = 4; lastKnownFileType = file.xib; path = PlayerView.xib; sourceTree = "<group>"; };
		36B3B7B029A28084000707C9 /* CircleView.swift */ = {isa = PBXFileReference; fileEncoding = 4; lastKnownFileType = sourcecode.swift; path = CircleView.swift; sourceTree = "<group>"; };
		36B3B7B129A28084000707C9 /* place-player-2.mp3 */ = {isa = PBXFileReference; lastKnownFileType = audio.mp3; path = "place-player-2.mp3"; sourceTree = "<group>"; };
		36B3B7B329A28084000707C9 /* PlayerGuideMessages.swift */ = {isa = PBXFileReference; fileEncoding = 4; lastKnownFileType = sourcecode.swift; path = PlayerGuideMessages.swift; sourceTree = "<group>"; };
		36B3B7B429A28084000707C9 /* GameModels.swift */ = {isa = PBXFileReference; fileEncoding = 4; lastKnownFileType = sourcecode.swift; path = GameModels.swift; sourceTree = "<group>"; };
		36B3B7B529A28084000707C9 /* CoinCollectionViewCell.xib */ = {isa = PBXFileReference; fileEncoding = 4; lastKnownFileType = file.xib; path = CoinCollectionViewCell.xib; sourceTree = "<group>"; };
		36B3B7B629A28084000707C9 /* place-player-1.mp3 */ = {isa = PBXFileReference; lastKnownFileType = audio.mp3; path = "place-player-1.mp3"; sourceTree = "<group>"; };
		36B3B7B829A28084000707C9 /* notAllowed.mp3 */ = {isa = PBXFileReference; lastKnownFileType = audio.mp3; path = notAllowed.mp3; sourceTree = "<group>"; };
		36B3B7BB29A28084000707C9 /* Mills.xcdatamodel */ = {isa = PBXFileReference; lastKnownFileType = wrapper.xcdatamodel; path = Mills.xcdatamodel; sourceTree = "<group>"; };
		36B3B7BC29A28084000707C9 /* InitialVC.swift */ = {isa = PBXFileReference; fileEncoding = 4; lastKnownFileType = sourcecode.swift; path = InitialVC.swift; sourceTree = "<group>"; };
		36B3B7BD29A28084000707C9 /* place-player-2.mp3 */ = {isa = PBXFileReference; lastKnownFileType = audio.mp3; path = "place-player-2.mp3"; sourceTree = "<group>"; };
		36B3B7BE29A28084000707C9 /* InitialVC.swift */ = {isa = PBXFileReference; fileEncoding = 4; lastKnownFileType = sourcecode.swift; path = InitialVC.swift; sourceTree = "<group>"; };
		36B3B7BF29A28084000707C9 /* bhar.mp3 */ = {isa = PBXFileReference; lastKnownFileType = audio.mp3; path = bhar.mp3; sourceTree = "<group>"; };
		36B3B7C029A28084000707C9 /* GameModels.swift */ = {isa = PBXFileReference; fileEncoding = 4; lastKnownFileType = sourcecode.swift; path = GameModels.swift; sourceTree = "<group>"; };
		36B3B7C129A28084000707C9 /* char.mp3 */ = {isa = PBXFileReference; lastKnownFileType = audio.mp3; path = char.mp3; sourceTree = "<group>"; };
		36B3B7C229A28084000707C9 /* move.mp3 */ = {isa = PBXFileReference; lastKnownFileType = audio.mp3; path = move.mp3; sourceTree = "<group>"; };
		36B3B7C329A28084000707C9 /* CircleView.swift */ = {isa = PBXFileReference; fileEncoding = 4; lastKnownFileType = sourcecode.swift; path = CircleView.swift; sourceTree = "<group>"; };
		36B3B7C429A28084000707C9 /* PlayerView.swift */ = {isa = PBXFileReference; fileEncoding = 4; lastKnownFileType = sourcecode.swift; path = PlayerView.swift; sourceTree = "<group>"; };
		36B3B7C529A28084000707C9 /* MillsGameViewModel.swift */ = {isa = PBXFileReference; fileEncoding = 4; lastKnownFileType = sourcecode.swift; path = MillsGameViewModel.swift; sourceTree = "<group>"; };
		36B3B7C829A28084000707C9 /* Mills.xcdatamodel */ = {isa = PBXFileReference; lastKnownFileType = wrapper.xcdatamodel; path = Mills.xcdatamodel; sourceTree = "<group>"; };
		36B3B7C929A28084000707C9 /* PlayerGuideMessages.swift */ = {isa = PBXFileReference; fileEncoding = 4; lastKnownFileType = sourcecode.swift; path = PlayerGuideMessages.swift; sourceTree = "<group>"; };
		36B3B7CA29A28084000707C9 /* win.mp3 */ = {isa = PBXFileReference; lastKnownFileType = audio.mp3; path = win.mp3; sourceTree = "<group>"; };
		36B3B7CB29A28084000707C9 /* GameVC.swift */ = {isa = PBXFileReference; fileEncoding = 4; lastKnownFileType = sourcecode.swift; path = GameVC.swift; sourceTree = "<group>"; };
		36B3B7CD29A28084000707C9 /* select.mp3 */ = {isa = PBXFileReference; lastKnownFileType = audio.mp3; path = select.mp3; sourceTree = "<group>"; };
		36B3B7CE29A28084000707C9 /* lose.mp3 */ = {isa = PBXFileReference; lastKnownFileType = audio.mp3; path = lose.mp3; sourceTree = "<group>"; };
		36B3B7D029A28084000707C9 /* notAllowed.mp3 */ = {isa = PBXFileReference; lastKnownFileType = audio.mp3; path = notAllowed.mp3; sourceTree = "<group>"; };
		36B3B7D229A28084000707C9 /* PlayerCollectionViewController.swift */ = {isa = PBXFileReference; fileEncoding = 4; lastKnownFileType = sourcecode.swift; path = PlayerCollectionViewController.swift; sourceTree = "<group>"; };
		36B3B7D329A28084000707C9 /* SoundEfectManager.swift */ = {isa = PBXFileReference; fileEncoding = 4; lastKnownFileType = sourcecode.swift; path = SoundEfectManager.swift; sourceTree = "<group>"; };
		36B3B7D429A28084000707C9 /* place-player-1.mp3 */ = {isa = PBXFileReference; lastKnownFileType = audio.mp3; path = "place-player-1.mp3"; sourceTree = "<group>"; };
		36B3B7D529A28084000707C9 /* CoinCollectionViewCell.xib */ = {isa = PBXFileReference; fileEncoding = 4; lastKnownFileType = file.xib; path = CoinCollectionViewCell.xib; sourceTree = "<group>"; };
		36B3B7D629A28084000707C9 /* PlayerView.xib */ = {isa = PBXFileReference; fileEncoding = 4; lastKnownFileType = file.xib; path = PlayerView.xib; sourceTree = "<group>"; };
		36B3B7D729A28084000707C9 /* ViewDataModel.swift */ = {isa = PBXFileReference; fileEncoding = 4; lastKnownFileType = sourcecode.swift; path = ViewDataModel.swift; sourceTree = "<group>"; };
		36B3B7D829A28084000707C9 /* Assets.xcassets */ = {isa = PBXFileReference; lastKnownFileType = folder.assetcatalog; path = Assets.xcassets; sourceTree = "<group>"; };
		36B3B7D929A28084000707C9 /* CoinCollectionViewCell.swift */ = {isa = PBXFileReference; fileEncoding = 4; lastKnownFileType = sourcecode.swift; path = CoinCollectionViewCell.swift; sourceTree = "<group>"; };
		36B3B7DA29A28084000707C9 /* Mills.xcdatamodel */ = {isa = PBXFileReference; lastKnownFileType = wrapper.xcdatamodel; path = Mills.xcdatamodel; sourceTree = "<group>"; };
/* End PBXFileReference section */

/* Begin PBXFrameworksBuildPhase section */
		36939D02298CFB5F00927B1E /* Frameworks */ = {
			isa = PBXFrameworksBuildPhase;
			buildActionMask = 2147483647;
			files = (
				04DA93B829A08E34008F70FB /* FirebaseAnalyticsSwift in Frameworks */,
				04DA93C229A08E34008F70FB /* FirebaseRemoteConfigSwift in Frameworks */,
				04934BB129AB69FC0099CBDC /* Lottie in Frameworks */,
				04DA93B429A08E34008F70FB /* FirebaseAnalytics in Frameworks */,
				04DA93BE29A08E34008F70FB /* FirebasePerformance in Frameworks */,
				04DA93C029A08E34008F70FB /* FirebaseRemoteConfig in Frameworks */,
				04DA93BC29A08E34008F70FB /* FirebaseCrashlytics in Frameworks */,
				04DA93B629A08E34008F70FB /* FirebaseAnalyticsOnDeviceConversion in Frameworks */,
				04DA93BA29A08E34008F70FB /* FirebaseAnalyticsWithoutAdIdSupport in Frameworks */,
			);
			runOnlyForDeploymentPostprocessing = 0;
		};
/* End PBXFrameworksBuildPhase section */

/* Begin PBXGroup section */
		049A819829B491F800718224 /* Support Views */ = {
			isa = PBXGroup;
			children = (
				049A819929B491F800718224 /* TimerView.swift */,
				049A819A29B491F800718224 /* GenericTopBarView.swift */,
				049A819B29B491F800718224 /* KeyboardView.swift */,
				049A819C29B491F800718224 /* GridView.swift */,
			);
			path = "Support Views";
			sourceTree = "<group>";
		};
		049A819E29B491F800718224 /* pt-PT.lproj */ = {
			isa = PBXGroup;
			children = (
				049A819F29B491F800718224 /* Localizable.strings */,
			);
			path = "pt-PT.lproj";
			sourceTree = "<group>";
		};
		049A81A129B491F800718224 /* Preview Content */ = {
			isa = PBXGroup;
			children = (
				049A81A229B491F800718224 /* Preview Assets.xcassets */,
			);
			path = "Preview Content";
			sourceTree = "<group>";
		};
		049A81A329B491F800718224 /* fonts */ = {
			isa = PBXGroup;
			children = (
				049A81A429B491F800718224 /* CaviarDreams_Bold.ttf */,
				049A81A529B491F800718224 /* CaviarDreams.ttf */,
			);
			path = fonts;
			sourceTree = "<group>";
		};
		049A81A729B491F800718224 /* Views */ = {
			isa = PBXGroup;
			children = (
				049A81A829B491F800718224 /* SudokuSettingsView.swift */,
				049A81A929B491F800718224 /* SudokuGameView.swift */,
				049A81AA29B491F800718224 /* RootView.swift */,
				049A81AB29B491F800718224 /* SudokuMenuView.swift */,
			);
			path = Views;
			sourceTree = "<group>";
		};
		049A81AD29B491F800718224 /* en.lproj */ = {
			isa = PBXGroup;
			children = (
				049A81AE29B491F800718224 /* Localizable.strings */,
			);
			path = en.lproj;
			sourceTree = "<group>";
		};
		049A81B129B491F800718224 /* Models */ = {
			isa = PBXGroup;
			children = (
				049A81B229B491F800718224 /* Sudoku.xcdatamodeld */,
				049A81B429B491F800718224 /* Settings.swift */,
				049A81B529B491F800718224 /* Grid.swift */,
				049A81B629B491F800718224 /* Record.swift */,
			);
			path = Models;
			sourceTree = "<group>";
		};
		3633143429B48B180072BD66 /* TicTacToe */ = {
			isa = PBXGroup;
			children = (
				3633143529B48B180072BD66 /* TicTacToeGameViewController.swift */,
				3633143629B48B180072BD66 /* TicTacToeMain.strings */,
				3633143829B48B180072BD66 /* Assets.xcassets */,
				3633143B29B48B180072BD66 /* TicTacToeMain.storyboard */,
				3633143D29B48B180072BD66 /* TicTacToeBoard.swift */,
				3633143E29B48B180072BD66 /* MyPlayground.playground */,
				3633143F29B48B180072BD66 /* TicTacToePlayer.swift */,
				3633144029B48B180072BD66 /* GameScene.sks */,
				3633144129B48B180072BD66 /* GameScene.swift */,
				3633144229B48B180072BD66 /* Actions.sks */,
			);
			path = TicTacToe;
			sourceTree = SOURCE_ROOT;
		};
		3633144329B48B190072BD66 /* Twofortyeight */ = {
			isa = PBXGroup;
			children = (
				3633144429B48B190072BD66 /* Assets.xcassets */,
				3633144529B48B190072BD66 /* Preview Content */,
				3633144729B48B190072BD66 /* Game */,
				3633146929B48B190072BD66 /* Extensions */,
				3633146D29B48B190072BD66 /* CustomOperators.swift */,
				3633146E29B48B190072BD66 /* Swipe.swift */,
			);
			path = Twofortyeight;
			sourceTree = SOURCE_ROOT;
		};
		3633144529B48B190072BD66 /* Preview Content */ = {
			isa = PBXGroup;
			children = (
				3633144629B48B190072BD66 /* Preview Assets.xcassets */,
			);
			path = "Preview Content";
			sourceTree = "<group>";
		};
		3633144729B48B190072BD66 /* Game */ = {
			isa = PBXGroup;
			children = (
				3633144829B48B190072BD66 /* GameViewController.swift */,
				3633144929B48B190072BD66 /* State */,
				3633144C29B48B190072BD66 /* Storage */,
				3633144F29B48B190072BD66 /* GameViewModel.swift */,
				3633145029B48B190072BD66 /* Engine */,
				3633145329B48B190072BD66 /* UIElements */,
			);
			path = Game;
			sourceTree = "<group>";
		};
		3633144929B48B190072BD66 /* State */ = {
			isa = PBXGroup;
			children = (
				3633144A29B48B190072BD66 /* StateTracker.swift */,
				3633144B29B48B190072BD66 /* GameStateTracker.swift */,
			);
			path = State;
			sourceTree = "<group>";
		};
		3633144C29B48B190072BD66 /* Storage */ = {
			isa = PBXGroup;
			children = (
				3633144D29B48B190072BD66 /* Storage.swift */,
				3633144E29B48B190072BD66 /* LocalStorage.swift */,
			);
			path = Storage;
			sourceTree = "<group>";
		};
		3633145029B48B190072BD66 /* Engine */ = {
			isa = PBXGroup;
			children = (
				3633145129B48B190072BD66 /* Engine.swift */,
				3633145229B48B190072BD66 /* GameEngine.swift */,
			);
			path = Engine;
			sourceTree = "<group>";
		};
		3633145329B48B190072BD66 /* UIElements */ = {
			isa = PBXGroup;
			children = (
				3633145429B48B190072BD66 /* Sheets */,
				3633145729B48B190072BD66 /* Board */,
				3633145C29B48B190072BD66 /* Content */,
				3633145E29B48B190072BD66 /* Widgets */,
			);
			path = UIElements;
			sourceTree = "<group>";
		};
		3633145429B48B190072BD66 /* Sheets */ = {
			isa = PBXGroup;
			children = (
				3633145529B48B190072BD66 /* GameOverView.swift */,
				3633145629B48B190072BD66 /* MenuView.swift */,
			);
			path = Sheets;
			sourceTree = "<group>";
		};
		3633145729B48B190072BD66 /* Board */ = {
			isa = PBXGroup;
			children = (
				3633145829B48B190072BD66 /* Board.swift */,
				3633145929B48B190072BD66 /* Tile */,
			);
			path = Board;
			sourceTree = "<group>";
		};
		3633145929B48B190072BD66 /* Tile */ = {
			isa = PBXGroup;
			children = (
				3633145A29B48B190072BD66 /* TileStyle.swift */,
				3633145B29B48B190072BD66 /* Tile.swift */,
			);
			path = Tile;
			sourceTree = "<group>";
		};
		3633145C29B48B190072BD66 /* Content */ = {
			isa = PBXGroup;
			children = (
				3633145D29B48B190072BD66 /* GameView.swift */,
			);
			path = Content;
			sourceTree = "<group>";
		};
		3633145E29B48B190072BD66 /* Widgets */ = {
			isa = PBXGroup;
			children = (
				3633145F29B48B190072BD66 /* GoalText.swift */,
				3633146029B48B190072BD66 /* HeaderBarTitle.swift */,
				3633146129B48B190072BD66 /* ScoreBox.swift */,
				3633146229B48B190072BD66 /* Moves.swift */,
				3633146329B48B190072BD66 /* Header.swift */,
				3633146429B48B190072BD66 /* SmallActionButton.swift */,
				3633146529B48B190072BD66 /* ActionButton.swift */,
				3633146629B48B190072BD66 /* YellowBlock.swift */,
			);
			path = Widgets;
			sourceTree = "<group>";
		};
		3633146929B48B190072BD66 /* Extensions */ = {
			isa = PBXGroup;
			children = (
				3633146A29B48B190072BD66 /* ArrayExtensions.swift */,
				3633146B29B48B190072BD66 /* ColorExtensions.swift */,
				3633146C29B48B190072BD66 /* IntExtensions.swift */,
			);
			path = Extensions;
			sourceTree = "<group>";
		};
		3633147229B48B190072BD66 /* Sudoku */ = {
			isa = PBXGroup;
			children = (
				3633147329B48B190072BD66 /* app */,
			);
			path = Sudoku;
			sourceTree = SOURCE_ROOT;
		};
		3633147329B48B190072BD66 /* app */ = {
			isa = PBXGroup;
			children = (
				3633147429B48B190072BD66 /* Sudoku */,
			);
			path = app;
			sourceTree = "<group>";
		};
		3633147429B48B190072BD66 /* Sudoku */ = {
			isa = PBXGroup;
			children = (
				049A819629B491F800718224 /* AppDelegatekljl.swift */,
				049A819729B491F800718224 /* Assets.xcassets */,
				049A81AC29B491F800718224 /* Constant.swift */,
				049A81AD29B491F800718224 /* en.lproj */,
				049A81A329B491F800718224 /* fonts */,
				049A81B129B491F800718224 /* Models */,
				049A81A129B491F800718224 /* Preview Content */,
				049A819E29B491F800718224 /* pt-PT.lproj */,
				049A819D29B491F800718224 /* SceneDelegatek,km.swift */,
				049A81B029B491F800718224 /* Seeds.swift */,
				049A81A629B491F800718224 /* Sudoku.entitlements */,
				049A819829B491F800718224 /* Support Views */,
				049A81A729B491F800718224 /* Views */,
				3633147529B48B190072BD66 /* Models */,
			);
			path = Sudoku;
			sourceTree = "<group>";
		};
		3633147529B48B190072BD66 /* Models */ = {
			isa = PBXGroup;
			children = (
				3633147629B48B190072BD66 /* Sudoku.xcdatamodeld */,
			);
			path = Models;
			sourceTree = "<group>";
		};
		363314A429B48BFC0072BD66 /* MathIQ */ = {
			isa = PBXGroup;
			children = (
				363314A529B48BFC0072BD66 /* Bradley Hand Bold.ttf */,
				363314A629B48BFC0072BD66 /* SettingsView.swift */,
				363314A729B48BFC0072BD66 /* QuestionViewController.swift */,
				363314A829B48BFC0072BD66 /* Model.swift */,
				363314A929B48BFC0072BD66 /* SoundPlayer.swift */,
				363314AA29B48BFC0072BD66 /* OperatorTableViewCell.xib */,
				363314AB29B48BFC0072BD66 /* AppRouter.swift */,
				363314AC29B48BFC0072BD66 /* OperatorsViewController.swift */,
				363314AD29B48BFC0072BD66 /* HomeViewController.xib */,
				363314AE29B48BFC0072BD66 /* Assets.xcassets */,
				363314AF29B48BFC0072BD66 /* remote_config_defaults.plist */,
				363314B029B48BFC0072BD66 /* ResultsViewController.swift */,
				363314B129B48BFC0072BD66 /* FireBaseConfig.swift */,
				363314B229B48BFC0072BD66 /* ResultsViewController.xib */,
				363314B329B48BFC0072BD66 /* GoogleService-Info.plist */,
				363314B429B48BFC0072BD66 /* QuestionViewController.xib */,
				363314B529B48BFC0072BD66 /* White Milk.ttf */,
				363314B629B48BFC0072BD66 /* HomeViewController.swift */,
				363314B729B48BFC0072BD66 /* ColorAndFonts.swift */,
				363314B829B48BFC0072BD66 /* LaunchScreen.storyboard */,
				363314BA29B48BFC0072BD66 /* Audio */,
				363314BD29B48BFC0072BD66 /* Question JSON */,
				363314BF29B48BFC0072BD66 /* hand.ttf */,
				363314C029B48BFC0072BD66 /* NewQuestionsView.swift */,
				363314C129B48BFC0072BD66 /* OperatorTableViewCell.swift */,
				363314C229B48BFC0072BD66 /* Lottie */,
				363314CF29B48BFC0072BD66 /* OperatorsViewController.xib */,
				363314D029B48BFC0072BD66 /* LaunchScreenViewController.swift */,
				363314D129B48BFC0072BD66 /* AppDelegate.swift */,
				363314D329B48BFC0072BD66 /* FetchQuestions.swift */,
				363314D429B48BFC0072BD66 /* SceneDelegate.swift */,
				363314D529B48BFC0072BD66 /* TabBarController.swift */,
			);
			path = MathIQ;
			sourceTree = SOURCE_ROOT;
		};
		363314BA29B48BFC0072BD66 /* Audio */ = {
			isa = PBXGroup;
			children = (
				363314BB29B48BFC0072BD66 /* wrongButton.wav */,
				363314BC29B48BFC0072BD66 /* rightButton.wav */,
			);
			path = Audio;
			sourceTree = "<group>";
		};
		363314BD29B48BFC0072BD66 /* Question JSON */ = {
			isa = PBXGroup;
			children = (
				363314BE29B48BFC0072BD66 /* test.json */,
			);
			path = "Question JSON";
			sourceTree = "<group>";
		};
		363314C229B48BFC0072BD66 /* Lottie */ = {
			isa = PBXGroup;
			children = (
				363314C329B48BFC0072BD66 /* bottomAnimation.json */,
				363314C429B48BFC0072BD66 /* teacher.json */,
				363314C529B48BFC0072BD66 /* LaunchScreenAnimation.json */,
				363314C629B48BFC0072BD66 /* panchi1.json */,
				363314C729B48BFC0072BD66 /* childAnimation.json */,
				363314C829B48BFC0072BD66 /* inchworm-character-animation.json */,
				363314C929B48BFC0072BD66 /* teacherAnimation.json */,
				363314CA29B48BFC0072BD66 /* cute-astronaut-flying-in-space-animation.json */,
				363314CB29B48BFC0072BD66 /* kids.json */,
				363314CC29B48BFC0072BD66 /* happy-loader.json */,
				363314CD29B48BFC0072BD66 /* panchi.json */,
				363314CE29B48BFC0072BD66 /* think-tank.json */,
			);
			path = Lottie;
			sourceTree = "<group>";
		};
		36939CFC298CFB5F00927B1E = {
			isa = PBXGroup;
			children = (
				36939D07298CFB5F00927B1E /* KidsLove */,
				36939D06298CFB5F00927B1E /* Products */,
			);
			sourceTree = "<group>";
		};
		36939D06298CFB5F00927B1E /* Products */ = {
			isa = PBXGroup;
			children = (
				36939D05298CFB5F00927B1E /* KidsLove.app */,
			);
			name = Products;
			sourceTree = "<group>";
		};
		36939D07298CFB5F00927B1E /* KidsLove */ = {
			isa = PBXGroup;
			children = (
				363314A429B48BFC0072BD66 /* MathIQ */,
				3633147229B48B190072BD66 /* Sudoku */,
				3633143429B48B180072BD66 /* TicTacToe */,
				3633144329B48B190072BD66 /* Twofortyeight */,
				36B3B79929A28084000707C9 /* Mills */,
			);
			path = KidsLove;
			sourceTree = "<group>";
		};
		36B3B79929A28084000707C9 /* Mills */ = {
			isa = PBXGroup;
			children = (
				36B3B7CE29A28084000707C9 /* lose.mp3 */,
				36B3B79A29A28084000707C9 /* char.mp3 */,
				36B3B7BE29A28084000707C9 /* InitialVC.swift */,
				36B3B79B29A28084000707C9 /* ViewDataModel.swift */,
				36B3B7D029A28084000707C9 /* notAllowed.mp3 */,
				363313E329A8D4050072BD66 /* HeaderView.swift */,
				36B3B7BD29A28084000707C9 /* place-player-2.mp3 */,
				36B3B79C29A28084000707C9 /* select.mp3 */,
				36B3B7D629A28084000707C9 /* PlayerView.xib */,
				36B3B79D29A28084000707C9 /* MillsGameView.swift */,
				36B3B7C929A28084000707C9 /* PlayerGuideMessages.swift */,
				36B3B79E29A28084000707C9 /* CoinCollectionViewCell.swift */,
				36B3B7D729A28084000707C9 /* ViewDataModel.swift */,
				36B3B79F29A28084000707C9 /* SoundEfectManager.swift */,
				36B3B7C329A28084000707C9 /* CircleView.swift */,
				36B3B7A029A28084000707C9 /* GameVC.swift */,
				36B3B7A129A28084000707C9 /* Assets.xcassets */,
				36B3B7CB29A28084000707C9 /* GameVC.swift */,
				36B3B7A229A28084000707C9 /* PlayerCollectionViewController.swift */,
				36B3B7CD29A28084000707C9 /* select.mp3 */,
				36B3B7C529A28084000707C9 /* MillsGameViewModel.swift */,
				36B3B7A629A28084000707C9 /* Main.storyboard */,
				36B3B7C129A28084000707C9 /* char.mp3 */,
				36B3B7A829A28084000707C9 /* win.mp3 */,
				36B3B7CA29A28084000707C9 /* win.mp3 */,
				36B3B7A929A28084000707C9 /* bhar.mp3 */,
				36B3B7D829A28084000707C9 /* Assets.xcassets */,
				36B3B7D429A28084000707C9 /* place-player-1.mp3 */,
				36B3B7AA29A28084000707C9 /* move.mp3 */,
				36B3B7AB29A28084000707C9 /* Mills 2021-03-31 16-59-30 */,
				36B3B7C229A28084000707C9 /* move.mp3 */,
				36B3B7AD29A28084000707C9 /* lose.mp3 */,
				36B3B7D229A28084000707C9 /* PlayerCollectionViewController.swift */,
				36B3B7AE29A28084000707C9 /* PlayerView.swift */,
				36B3B7D929A28084000707C9 /* CoinCollectionViewCell.swift */,
				36B3B7D529A28084000707C9 /* CoinCollectionViewCell.xib */,
				36B3B7AF29A28084000707C9 /* PlayerView.xib */,
				36B3B7D329A28084000707C9 /* SoundEfectManager.swift */,
				36B3B7C029A28084000707C9 /* GameModels.swift */,
				36B3B7B029A28084000707C9 /* CircleView.swift */,
				36B3B7B129A28084000707C9 /* place-player-2.mp3 */,
				36B3B7C429A28084000707C9 /* PlayerView.swift */,
				36B3B7B329A28084000707C9 /* PlayerGuideMessages.swift */,
				36B3B7B429A28084000707C9 /* GameModels.swift */,
				36B3B7B529A28084000707C9 /* CoinCollectionViewCell.xib */,
				36B3B7B629A28084000707C9 /* place-player-1.mp3 */,
				36B3B7BF29A28084000707C9 /* bhar.mp3 */,
				36B3B7B829A28084000707C9 /* notAllowed.mp3 */,
				36B3B7C729A28084000707C9 /* Mills.xcdatamodeld */,
				36B3B7BA29A28084000707C9 /* Mills.xcdatamodeld */,
				36B3B7BC29A28084000707C9 /* InitialVC.swift */,
				04C060C929BB401000B61130 /* MillsLaunchUIView.swift */,
				04C060CB29BB654500B61130 /* ConvertUIKitToSwift.swift */,
			);
			path = Mills;
			sourceTree = SOURCE_ROOT;
		};
		36B3B7AB29A28084000707C9 /* Mills 2021-03-31 16-59-30 */ = {
			isa = PBXGroup;
			children = (
				36B3B7AC29A28084000707C9 /* Mills.ipa */,
			);
			path = "Mills 2021-03-31 16-59-30";
			sourceTree = "<group>";
		};
/* End PBXGroup section */

/* Begin PBXNativeTarget section */
		36939D04298CFB5F00927B1E /* KidsLove */ = {
			isa = PBXNativeTarget;
			buildConfigurationList = 36939D19298CFB6000927B1E /* Build configuration list for PBXNativeTarget "KidsLove" */;
			buildPhases = (
				36939D01298CFB5F00927B1E /* Sources */,
				36939D02298CFB5F00927B1E /* Frameworks */,
				36939D03298CFB5F00927B1E /* Resources */,
			);
			buildRules = (
			);
			dependencies = (
			);
			name = KidsLove;
			packageProductDependencies = (
				04DA93B329A08E34008F70FB /* FirebaseAnalytics */,
				04DA93B529A08E34008F70FB /* FirebaseAnalyticsOnDeviceConversion */,
				04DA93B729A08E34008F70FB /* FirebaseAnalyticsSwift */,
				04DA93B929A08E34008F70FB /* FirebaseAnalyticsWithoutAdIdSupport */,
				04DA93BB29A08E34008F70FB /* FirebaseCrashlytics */,
				04DA93BD29A08E34008F70FB /* FirebasePerformance */,
				04DA93BF29A08E34008F70FB /* FirebaseRemoteConfig */,
				04DA93C129A08E34008F70FB /* FirebaseRemoteConfigSwift */,
				04934BB029AB69FC0099CBDC /* Lottie */,
			);
			productName = KidsLove;
			productReference = 36939D05298CFB5F00927B1E /* KidsLove.app */;
			productType = "com.apple.product-type.application";
		};
/* End PBXNativeTarget section */

/* Begin PBXProject section */
		36939CFD298CFB5F00927B1E /* Project object */ = {
			isa = PBXProject;
			attributes = {
				BuildIndependentTargetsInParallel = 1;
				LastSwiftUpdateCheck = 1410;
				LastUpgradeCheck = 1410;
				TargetAttributes = {
					36939D04298CFB5F00927B1E = {
						CreatedOnToolsVersion = 14.1;
					};
				};
			};
			buildConfigurationList = 36939D00298CFB5F00927B1E /* Build configuration list for PBXProject "KidsLove" */;
			compatibilityVersion = "Xcode 14.0";
			developmentRegion = en;
			hasScannedForEncodings = 0;
			knownRegions = (
				en,
				Base,
				"pt-PT",
			);
			mainGroup = 36939CFC298CFB5F00927B1E;
			packageReferences = (
				04DA93B229A08E34008F70FB /* XCRemoteSwiftPackageReference "firebase-ios-sdk" */,
				04934BAF29AB69FC0099CBDC /* XCRemoteSwiftPackageReference "lottie-ios" */,
			);
			productRefGroup = 36939D06298CFB5F00927B1E /* Products */;
			projectDirPath = "";
			projectRoot = "";
			targets = (
				36939D04298CFB5F00927B1E /* KidsLove */,
			);
		};
/* End PBXProject section */

/* Begin PBXResourcesBuildPhase section */
		36939D03298CFB5F00927B1E /* Resources */ = {
			isa = PBXResourcesBuildPhase;
			buildActionMask = 2147483647;
			files = (
				049A81C229B491F900718224 /* CaviarDreams_Bold.ttf in Resources */,
				363314D629B48BFC0072BD66 /* Bradley Hand Bold.ttf in Resources */,
				36B3B7E129A28084000707C9 /* place-player-2.mp3 in Resources */,
				36B3B7F029A28084000707C9 /* select.mp3 in Resources */,
				363314F029B48BFC0072BD66 /* bottomAnimation.json in Resources */,
				363314DB29B48BFC0072BD66 /* OperatorTableViewCell.xib in Resources */,
				363314E329B48BFC0072BD66 /* ResultsViewController.xib in Resources */,
				363314E929B48BFC0072BD66 /* LaunchScreen.storyboard in Resources */,
				36B3B7E029A28084000707C9 /* notAllowed.mp3 in Resources */,
				36B3B80C29A28084000707C9 /* CoinCollectionViewCell.xib in Resources */,
				363314E529B48BFC0072BD66 /* QuestionViewController.xib in Resources */,
				36B3B7E329A28084000707C9 /* PlayerView.xib in Resources */,
				36B3B7DB29A28084000707C9 /* lose.mp3 in Resources */,
				363314E429B48BFC0072BD66 /* GoogleService-Info.plist in Resources */,
				363314F329B48BFC0072BD66 /* panchi1.json in Resources */,
				36B3B7E229A28084000707C9 /* select.mp3 in Resources */,
				36B3B7FB29A28084000707C9 /* move.mp3 in Resources */,
				363314EC29B48BFC0072BD66 /* test.json in Resources */,
				363314F129B48BFC0072BD66 /* teacher.json in Resources */,
				36B3B7F429A28084000707C9 /* Main.storyboard in Resources */,
				36B3B80329A28084000707C9 /* PlayerView.xib in Resources */,
				363314F929B48BFC0072BD66 /* happy-loader.json in Resources */,
				36B3B80F29A28084000707C9 /* bhar.mp3 in Resources */,
				049A81C929B491F900718224 /* Localizable.strings in Resources */,
				36B3B7F629A28084000707C9 /* win.mp3 in Resources */,
				36B3B80729A28084000707C9 /* place-player-2.mp3 in Resources */,
				36B3B81029A28084000707C9 /* notAllowed.mp3 in Resources */,
				3633147C29B48B190072BD66 /* TicTacToeMain.storyboard in Resources */,
				363314F229B48BFC0072BD66 /* LaunchScreenAnimation.json in Resources */,
				049A81BA29B491F900718224 /* Assets.xcassets in Resources */,
				363314EB29B48BFC0072BD66 /* rightButton.wav in Resources */,
				363314F429B48BFC0072BD66 /* childAnimation.json in Resources */,
				36B3B7FA29A28084000707C9 /* place-player-1.mp3 in Resources */,
				049A81C129B491F900718224 /* Preview Assets.xcassets in Resources */,
				36B3B7F829A28084000707C9 /* bhar.mp3 in Resources */,
				049A81C029B491F900718224 /* Localizable.strings in Resources */,
				36B3B7F529A28084000707C9 /* char.mp3 in Resources */,
				3633148229B48B190072BD66 /* Assets.xcassets in Resources */,
				363314E029B48BFC0072BD66 /* remote_config_defaults.plist in Resources */,
				36B3B80229A28084000707C9 /* CoinCollectionViewCell.xib in Resources */,
				36B3B7FC29A28084000707C9 /* Mills.ipa in Resources */,
				363314F829B48BFC0072BD66 /* kids.json in Resources */,
				3633147F29B48B190072BD66 /* GameScene.sks in Resources */,
				363314FC29B48BFC0072BD66 /* OperatorsViewController.xib in Resources */,
				36B3B7EB29A28084000707C9 /* Assets.xcassets in Resources */,
				363314EA29B48BFC0072BD66 /* wrongButton.wav in Resources */,
				3633147929B48B190072BD66 /* TicTacToeMain.strings in Resources */,
				363314FA29B48BFC0072BD66 /* panchi.json in Resources */,
				36B3B80D29A28084000707C9 /* place-player-1.mp3 in Resources */,
				363314FB29B48BFC0072BD66 /* think-tank.json in Resources */,
				363314F529B48BFC0072BD66 /* inchworm-character-animation.json in Resources */,
				363314DF29B48BFC0072BD66 /* Assets.xcassets in Resources */,
				049A81C329B491F900718224 /* CaviarDreams.ttf in Resources */,
				36B3B7FD29A28084000707C9 /* move.mp3 in Resources */,
				3633148329B48B190072BD66 /* Preview Assets.xcassets in Resources */,
				363314F729B48BFC0072BD66 /* cute-astronaut-flying-in-space-animation.json in Resources */,
				363314E629B48BFC0072BD66 /* White Milk.ttf in Resources */,
				36B3B7DC29A28084000707C9 /* char.mp3 in Resources */,
				3633148129B48B190072BD66 /* Actions.sks in Resources */,
				36B3B7F729A28084000707C9 /* win.mp3 in Resources */,
				3633147A29B48B190072BD66 /* Assets.xcassets in Resources */,
				363314DE29B48BFC0072BD66 /* HomeViewController.xib in Resources */,
				363314ED29B48BFC0072BD66 /* hand.ttf in Resources */,
				363314F629B48BFC0072BD66 /* teacherAnimation.json in Resources */,
				36B3B7FE29A28084000707C9 /* lose.mp3 in Resources */,
			);
			runOnlyForDeploymentPostprocessing = 0;
		};
/* End PBXResourcesBuildPhase section */

/* Begin PBXSourcesBuildPhase section */
		36939D01298CFB5F00927B1E /* Sources */ = {
			isa = PBXSourcesBuildPhase;
			buildActionMask = 2147483647;
			files = (
				363314D929B48BFC0072BD66 /* Model.swift in Sources */,
				3633149F29B48B190072BD66 /* Swipe.swift in Sources */,
				36B3B80429A28084000707C9 /* SoundEfectManager.swift in Sources */,
				36B3B7DF29A28084000707C9 /* ViewDataModel.swift in Sources */,
				3633147829B48B190072BD66 /* TicTacToeGameViewController.swift in Sources */,
				36B3B81629A28084000707C9 /* Mills.xcdatamodel in Sources */,
				049A81CB29B491F900718224 /* Sudoku.xcdatamodeld in Sources */,
				36B3B81429A28084000707C9 /* Mills.xcdatamodeld in Sources */,
				3633149829B48B190072BD66 /* ActionButton.swift in Sources */,
				363314E129B48BFC0072BD66 /* ResultsViewController.swift in Sources */,
				049A81B929B491F900718224 /* AppDelegatekljl.swift in Sources */,
				3633148A29B48B190072BD66 /* Engine.swift in Sources */,
				3633149D29B48B190072BD66 /* IntExtensions.swift in Sources */,
				36B3B80129A28084000707C9 /* CoinCollectionViewCell.swift in Sources */,
				049A81C729B491F900718224 /* SudokuMenuView.swift in Sources */,
				3633148529B48B190072BD66 /* StateTracker.swift in Sources */,
				36B3B7E729A28084000707C9 /* ViewDataModel.swift in Sources */,
				3633149729B48B190072BD66 /* SmallActionButton.swift in Sources */,
				36B3B80029A28084000707C9 /* PlayerView.swift in Sources */,
				3633149429B48B190072BD66 /* ScoreBox.swift in Sources */,
				3633148C29B48B190072BD66 /* GameOverView.swift in Sources */,
				3633149629B48B190072BD66 /* Header.swift in Sources */,
				36B3B7E429A28084000707C9 /* MillsGameView.swift in Sources */,
				3633148629B48B190072BD66 /* GameStateTracker.swift in Sources */,
				3633147E29B48B190072BD66 /* TicTacToePlayer.swift in Sources */,
				36B3B7EA29A28084000707C9 /* GameVC.swift in Sources */,
				363314EE29B48BFC0072BD66 /* NewQuestionsView.swift in Sources */,
				3633148D29B48B190072BD66 /* MenuView.swift in Sources */,
				363314DC29B48BFC0072BD66 /* AppRouter.swift in Sources */,
				36B3B7E529A28084000707C9 /* PlayerGuideMessages.swift in Sources */,
				049A81BB29B491F900718224 /* TimerView.swift in Sources */,
				36B3B81329A28084000707C9 /* Mills.xcdatamodeld in Sources */,
				36B3B81529A28084000707C9 /* InitialVC.swift in Sources */,
				36B3B7F329A28084000707C9 /* MillsGameViewModel.swift in Sources */,
				049A81C629B491F900718224 /* RootView.swift in Sources */,
				363314E729B48BFC0072BD66 /* HomeViewController.swift in Sources */,
				3633149029B48B190072BD66 /* Tile.swift in Sources */,
				36B3B80529A28084000707C9 /* GameModels.swift in Sources */,
				363314D729B48BFC0072BD66 /* SettingsView.swift in Sources */,
				04C060CA29BB401000B61130 /* MillsLaunchUIView.swift in Sources */,
				3633150129B48BFC0072BD66 /* SceneDelegate.swift in Sources */,
				36B3B7E629A28084000707C9 /* CoinCollectionViewCell.swift in Sources */,
				36B3B80A29A28084000707C9 /* PlayerGuideMessages.swift in Sources */,
				363314EF29B48BFC0072BD66 /* OperatorTableViewCell.swift in Sources */,
				3633149129B48B190072BD66 /* GameView.swift in Sources */,
				363314DA29B48BFC0072BD66 /* SoundPlayer.swift in Sources */,
				3633148429B48B190072BD66 /* GameViewController.swift in Sources */,
				049A81CE29B491F900718224 /* Record.swift in Sources */,
				36B3B7DE29A28084000707C9 /* InitialVC.swift in Sources */,
				3633149E29B48B190072BD66 /* CustomOperators.swift in Sources */,
				3633149229B48B190072BD66 /* GoalText.swift in Sources */,
				049A81C429B491F900718224 /* SudokuSettingsView.swift in Sources */,
				3633148929B48B190072BD66 /* GameViewModel.swift in Sources */,
				3633150229B48BFC0072BD66 /* TabBarController.swift in Sources */,
				363314D829B48BFC0072BD66 /* QuestionViewController.swift in Sources */,
				049A81CD29B491F900718224 /* Grid.swift in Sources */,
				3633148729B48B190072BD66 /* Storage.swift in Sources */,
				3633148F29B48B190072BD66 /* TileStyle.swift in Sources */,
				3633147D29B48B190072BD66 /* TicTacToeBoard.swift in Sources */,
				36B3B80629A28084000707C9 /* CircleView.swift in Sources */,
				363314FE29B48BFC0072BD66 /* AppDelegate.swift in Sources */,
				363314DD29B48BFC0072BD66 /* OperatorsViewController.swift in Sources */,
				04C060CC29BB654500B61130 /* ConvertUIKitToSwift.swift in Sources */,
				36B3B7EC29A28084000707C9 /* GameVC.swift in Sources */,
				363314E829B48BFC0072BD66 /* ColorAndFonts.swift in Sources */,
				3633149B29B48B190072BD66 /* ArrayExtensions.swift in Sources */,
				049A81BE29B491F900718224 /* GridView.swift in Sources */,
				36B3B7E829A28084000707C9 /* SoundEfectManager.swift in Sources */,
				36B3B80929A28084000707C9 /* PlayerView.swift in Sources */,
				36B3B80B29A28084000707C9 /* GameModels.swift in Sources */,
				3633148029B48B190072BD66 /* GameScene.swift in Sources */,
				3633148E29B48B190072BD66 /* Board.swift in Sources */,
				36B3B7FF29A28084000707C9 /* PlayerCollectionViewController.swift in Sources */,
				049A81C529B491F900718224 /* SudokuGameView.swift in Sources */,
				049A81BC29B491F900718224 /* GenericTopBarView.swift in Sources */,
				363314FD29B48BFC0072BD66 /* LaunchScreenViewController.swift in Sources */,
				36B3B7ED29A28084000707C9 /* PlayerCollectionViewController.swift in Sources */,
				363314E229B48BFC0072BD66 /* FireBaseConfig.swift in Sources */,
				36B3B7E929A28084000707C9 /* CircleView.swift in Sources */,
				3633149529B48B190072BD66 /* Moves.swift in Sources */,
				3633150029B48BFC0072BD66 /* FetchQuestions.swift in Sources */,
				049A81BF29B491F900718224 /* SceneDelegatek,km.swift in Sources */,
				049A81CA29B491F900718224 /* Seeds.swift in Sources */,
				049A81C829B491F900718224 /* Constant.swift in Sources */,
				3633149329B48B190072BD66 /* HeaderBarTitle.swift in Sources */,
				3633148B29B48B190072BD66 /* GameEngine.swift in Sources */,
				3633149C29B48B190072BD66 /* ColorExtensions.swift in Sources */,
				3633149929B48B190072BD66 /* YellowBlock.swift in Sources */,
				049A81CC29B491F900718224 /* Settings.swift in Sources */,
				049A81BD29B491F900718224 /* KeyboardView.swift in Sources */,
				363314A329B48B190072BD66 /* Sudoku.xcdatamodeld in Sources */,
				3633148829B48B190072BD66 /* LocalStorage.swift in Sources */,
				363313E429A8D4050072BD66 /* HeaderView.swift in Sources */,
			);
			runOnlyForDeploymentPostprocessing = 0;
		};
/* End PBXSourcesBuildPhase section */

/* Begin PBXVariantGroup section */
		049A819F29B491F800718224 /* Localizable.strings */ = {
			isa = PBXVariantGroup;
			children = (
				049A81A029B491F800718224 /* pt-PT */,
			);
			name = Localizable.strings;
			sourceTree = "<group>";
		};
		049A81AE29B491F800718224 /* Localizable.strings */ = {
			isa = PBXVariantGroup;
			children = (
				049A81AF29B491F800718224 /* en */,
			);
			name = Localizable.strings;
			sourceTree = "<group>";
		};
		3633143629B48B180072BD66 /* TicTacToeMain.strings */ = {
			isa = PBXVariantGroup;
			children = (
				3633143729B48B180072BD66 /* en */,
			);
			name = TicTacToeMain.strings;
			sourceTree = "<group>";
		};
		3633143B29B48B180072BD66 /* TicTacToeMain.storyboard */ = {
			isa = PBXVariantGroup;
			children = (
				3633143C29B48B180072BD66 /* Base */,
			);
			name = TicTacToeMain.storyboard;
			sourceTree = "<group>";
		};
		363314B829B48BFC0072BD66 /* LaunchScreen.storyboard */ = {
			isa = PBXVariantGroup;
			children = (
				363314B929B48BFC0072BD66 /* Base */,
			);
			name = LaunchScreen.storyboard;
			sourceTree = "<group>";
		};
		36B3B7A629A28084000707C9 /* Main.storyboard */ = {
			isa = PBXVariantGroup;
			children = (
				36B3B7A729A28084000707C9 /* Base */,
			);
			name = Main.storyboard;
			sourceTree = "<group>";
		};
/* End PBXVariantGroup section */

/* Begin XCBuildConfiguration section */
		36939D17298CFB6000927B1E /* Debug */ = {
			isa = XCBuildConfiguration;
			buildSettings = {
				ALWAYS_SEARCH_USER_PATHS = NO;
				CLANG_ANALYZER_NONNULL = YES;
				CLANG_ANALYZER_NUMBER_OBJECT_CONVERSION = YES_AGGRESSIVE;
				CLANG_CXX_LANGUAGE_STANDARD = "gnu++20";
				CLANG_ENABLE_MODULES = YES;
				CLANG_ENABLE_OBJC_ARC = YES;
				CLANG_ENABLE_OBJC_WEAK = YES;
				CLANG_WARN_BLOCK_CAPTURE_AUTORELEASING = YES;
				CLANG_WARN_BOOL_CONVERSION = YES;
				CLANG_WARN_COMMA = YES;
				CLANG_WARN_CONSTANT_CONVERSION = YES;
				CLANG_WARN_DEPRECATED_OBJC_IMPLEMENTATIONS = YES;
				CLANG_WARN_DIRECT_OBJC_ISA_USAGE = YES_ERROR;
				CLANG_WARN_DOCUMENTATION_COMMENTS = YES;
				CLANG_WARN_EMPTY_BODY = YES;
				CLANG_WARN_ENUM_CONVERSION = YES;
				CLANG_WARN_INFINITE_RECURSION = YES;
				CLANG_WARN_INT_CONVERSION = YES;
				CLANG_WARN_NON_LITERAL_NULL_CONVERSION = YES;
				CLANG_WARN_OBJC_IMPLICIT_RETAIN_SELF = YES;
				CLANG_WARN_OBJC_LITERAL_CONVERSION = YES;
				CLANG_WARN_OBJC_ROOT_CLASS = YES_ERROR;
				CLANG_WARN_QUOTED_INCLUDE_IN_FRAMEWORK_HEADER = YES;
				CLANG_WARN_RANGE_LOOP_ANALYSIS = YES;
				CLANG_WARN_STRICT_PROTOTYPES = YES;
				CLANG_WARN_SUSPICIOUS_MOVE = YES;
				CLANG_WARN_UNGUARDED_AVAILABILITY = YES_AGGRESSIVE;
				CLANG_WARN_UNREACHABLE_CODE = YES;
				CLANG_WARN__DUPLICATE_METHOD_MATCH = YES;
				COPY_PHASE_STRIP = NO;
				DEBUG_INFORMATION_FORMAT = dwarf;
				ENABLE_STRICT_OBJC_MSGSEND = YES;
				ENABLE_TESTABILITY = YES;
				GCC_C_LANGUAGE_STANDARD = gnu11;
				GCC_DYNAMIC_NO_PIC = NO;
				GCC_NO_COMMON_BLOCKS = YES;
				GCC_OPTIMIZATION_LEVEL = 0;
				GCC_PREPROCESSOR_DEFINITIONS = (
					"DEBUG=1",
					"$(inherited)",
				);
				GCC_WARN_64_TO_32_BIT_CONVERSION = YES;
				GCC_WARN_ABOUT_RETURN_TYPE = YES_ERROR;
				GCC_WARN_UNDECLARED_SELECTOR = YES;
				GCC_WARN_UNINITIALIZED_AUTOS = YES_AGGRESSIVE;
				GCC_WARN_UNUSED_FUNCTION = YES;
				GCC_WARN_UNUSED_VARIABLE = YES;
				IPHONEOS_DEPLOYMENT_TARGET = 15.0;
				MTL_ENABLE_DEBUG_INFO = INCLUDE_SOURCE;
				MTL_FAST_MATH = YES;
				ONLY_ACTIVE_ARCH = YES;
				SDKROOT = iphoneos;
				SWIFT_ACTIVE_COMPILATION_CONDITIONS = DEBUG;
				SWIFT_OPTIMIZATION_LEVEL = "-Onone";
			};
			name = Debug;
		};
		36939D18298CFB6000927B1E /* Release */ = {
			isa = XCBuildConfiguration;
			buildSettings = {
				ALWAYS_SEARCH_USER_PATHS = NO;
				CLANG_ANALYZER_NONNULL = YES;
				CLANG_ANALYZER_NUMBER_OBJECT_CONVERSION = YES_AGGRESSIVE;
				CLANG_CXX_LANGUAGE_STANDARD = "gnu++20";
				CLANG_ENABLE_MODULES = YES;
				CLANG_ENABLE_OBJC_ARC = YES;
				CLANG_ENABLE_OBJC_WEAK = YES;
				CLANG_WARN_BLOCK_CAPTURE_AUTORELEASING = YES;
				CLANG_WARN_BOOL_CONVERSION = YES;
				CLANG_WARN_COMMA = YES;
				CLANG_WARN_CONSTANT_CONVERSION = YES;
				CLANG_WARN_DEPRECATED_OBJC_IMPLEMENTATIONS = YES;
				CLANG_WARN_DIRECT_OBJC_ISA_USAGE = YES_ERROR;
				CLANG_WARN_DOCUMENTATION_COMMENTS = YES;
				CLANG_WARN_EMPTY_BODY = YES;
				CLANG_WARN_ENUM_CONVERSION = YES;
				CLANG_WARN_INFINITE_RECURSION = YES;
				CLANG_WARN_INT_CONVERSION = YES;
				CLANG_WARN_NON_LITERAL_NULL_CONVERSION = YES;
				CLANG_WARN_OBJC_IMPLICIT_RETAIN_SELF = YES;
				CLANG_WARN_OBJC_LITERAL_CONVERSION = YES;
				CLANG_WARN_OBJC_ROOT_CLASS = YES_ERROR;
				CLANG_WARN_QUOTED_INCLUDE_IN_FRAMEWORK_HEADER = YES;
				CLANG_WARN_RANGE_LOOP_ANALYSIS = YES;
				CLANG_WARN_STRICT_PROTOTYPES = YES;
				CLANG_WARN_SUSPICIOUS_MOVE = YES;
				CLANG_WARN_UNGUARDED_AVAILABILITY = YES_AGGRESSIVE;
				CLANG_WARN_UNREACHABLE_CODE = YES;
				CLANG_WARN__DUPLICATE_METHOD_MATCH = YES;
				COPY_PHASE_STRIP = NO;
				DEBUG_INFORMATION_FORMAT = "dwarf-with-dsym";
				ENABLE_NS_ASSERTIONS = NO;
				ENABLE_STRICT_OBJC_MSGSEND = YES;
				GCC_C_LANGUAGE_STANDARD = gnu11;
				GCC_NO_COMMON_BLOCKS = YES;
				GCC_WARN_64_TO_32_BIT_CONVERSION = YES;
				GCC_WARN_ABOUT_RETURN_TYPE = YES_ERROR;
				GCC_WARN_UNDECLARED_SELECTOR = YES;
				GCC_WARN_UNINITIALIZED_AUTOS = YES_AGGRESSIVE;
				GCC_WARN_UNUSED_FUNCTION = YES;
				GCC_WARN_UNUSED_VARIABLE = YES;
				IPHONEOS_DEPLOYMENT_TARGET = 15.0;
				MTL_ENABLE_DEBUG_INFO = NO;
				MTL_FAST_MATH = YES;
				SDKROOT = iphoneos;
				SWIFT_COMPILATION_MODE = wholemodule;
				SWIFT_OPTIMIZATION_LEVEL = "-O";
				VALIDATE_PRODUCT = YES;
			};
			name = Release;
		};
		36939D1A298CFB6000927B1E /* Debug */ = {
			isa = XCBuildConfiguration;
			buildSettings = {
				ASSETCATALOG_COMPILER_APPICON_NAME = AppIcon;
				ASSETCATALOG_COMPILER_GLOBAL_ACCENT_COLOR_NAME = AccentColor;
				CODE_SIGN_IDENTITY = "Apple Development";
				CODE_SIGN_STYLE = Automatic;
				CURRENT_PROJECT_VERSION = 1;
				DEVELOPMENT_TEAM = 382MKF227K;
				GENERATE_INFOPLIST_FILE = YES;
				INFOPLIST_FILE = KidsLove/Info.plist;
				INFOPLIST_KEY_CFBundleDisplayName = MathIQ;
				INFOPLIST_KEY_LSApplicationCategoryType = "public.app-category.education";
				INFOPLIST_KEY_UIApplicationSupportsIndirectInputEvents = YES;
				INFOPLIST_KEY_UILaunchStoryboardName = "";
				INFOPLIST_KEY_UIRequiresFullScreen = YES;
				INFOPLIST_KEY_UISupportedInterfaceOrientations = UIInterfaceOrientationPortrait;
				LD_RUNPATH_SEARCH_PATHS = (
					"$(inherited)",
					"@executable_path/Frameworks",
				);
				MARKETING_VERSION = 1.2;
				PRODUCT_BUNDLE_IDENTIFIER = com.mathIQ;
				PRODUCT_NAME = "$(TARGET_NAME)";
				PROVISIONING_PROFILE_SPECIFIER = "";
				SWIFT_EMIT_LOC_STRINGS = YES;
				SWIFT_VERSION = 5.0;
				TARGETED_DEVICE_FAMILY = "1,2";
			};
			name = Debug;
		};
		36939D1B298CFB6000927B1E /* Release */ = {
			isa = XCBuildConfiguration;
			buildSettings = {
				ASSETCATALOG_COMPILER_APPICON_NAME = AppIcon;
				ASSETCATALOG_COMPILER_GLOBAL_ACCENT_COLOR_NAME = AccentColor;
				CODE_SIGN_IDENTITY = "Apple Development";
				CODE_SIGN_STYLE = Automatic;
				CURRENT_PROJECT_VERSION = 1;
				DEVELOPMENT_TEAM = Z928FCJVR4;
				GENERATE_INFOPLIST_FILE = YES;
				INFOPLIST_FILE = KidsLove/Info.plist;
				INFOPLIST_KEY_CFBundleDisplayName = MathIQ;
				INFOPLIST_KEY_LSApplicationCategoryType = "public.app-category.education";
				INFOPLIST_KEY_UIApplicationSupportsIndirectInputEvents = YES;
				INFOPLIST_KEY_UILaunchStoryboardName = "";
				INFOPLIST_KEY_UIRequiresFullScreen = YES;
				INFOPLIST_KEY_UISupportedInterfaceOrientations = UIInterfaceOrientationPortrait;
				LD_RUNPATH_SEARCH_PATHS = (
					"$(inherited)",
					"@executable_path/Frameworks",
				);
				MARKETING_VERSION = 1.2;
				PRODUCT_BUNDLE_IDENTIFIER = com.mathIQ;
				PRODUCT_NAME = "$(TARGET_NAME)";
				PROVISIONING_PROFILE_SPECIFIER = "";
				SWIFT_EMIT_LOC_STRINGS = YES;
				SWIFT_VERSION = 5.0;
				TARGETED_DEVICE_FAMILY = "1,2";
			};
			name = Release;
		};
/* End XCBuildConfiguration section */

/* Begin XCConfigurationList section */
		36939D00298CFB5F00927B1E /* Build configuration list for PBXProject "KidsLove" */ = {
			isa = XCConfigurationList;
			buildConfigurations = (
				36939D17298CFB6000927B1E /* Debug */,
				36939D18298CFB6000927B1E /* Release */,
			);
			defaultConfigurationIsVisible = 0;
			defaultConfigurationName = Release;
		};
		36939D19298CFB6000927B1E /* Build configuration list for PBXNativeTarget "KidsLove" */ = {
			isa = XCConfigurationList;
			buildConfigurations = (
				36939D1A298CFB6000927B1E /* Debug */,
				36939D1B298CFB6000927B1E /* Release */,
			);
			defaultConfigurationIsVisible = 0;
			defaultConfigurationName = Release;
		};
/* End XCConfigurationList section */

/* Begin XCRemoteSwiftPackageReference section */
		04934BAF29AB69FC0099CBDC /* XCRemoteSwiftPackageReference "lottie-ios" */ = {
			isa = XCRemoteSwiftPackageReference;
			repositoryURL = "https://github.com/airbnb/lottie-ios.git";
			requirement = {
				branch = master;
				kind = branch;
			};
		};
		04DA93B229A08E34008F70FB /* XCRemoteSwiftPackageReference "firebase-ios-sdk" */ = {
			isa = XCRemoteSwiftPackageReference;
			repositoryURL = "https://github.com/firebase/firebase-ios-sdk";
			requirement = {
				kind = upToNextMajorVersion;
				minimumVersion = 9.0.0;
			};
		};
/* End XCRemoteSwiftPackageReference section */

/* Begin XCSwiftPackageProductDependency section */
		04934BB029AB69FC0099CBDC /* Lottie */ = {
			isa = XCSwiftPackageProductDependency;
			package = 04934BAF29AB69FC0099CBDC /* XCRemoteSwiftPackageReference "lottie-ios" */;
			productName = Lottie;
		};
		04DA93B329A08E34008F70FB /* FirebaseAnalytics */ = {
			isa = XCSwiftPackageProductDependency;
			package = 04DA93B229A08E34008F70FB /* XCRemoteSwiftPackageReference "firebase-ios-sdk" */;
			productName = FirebaseAnalytics;
		};
		04DA93B529A08E34008F70FB /* FirebaseAnalyticsOnDeviceConversion */ = {
			isa = XCSwiftPackageProductDependency;
			package = 04DA93B229A08E34008F70FB /* XCRemoteSwiftPackageReference "firebase-ios-sdk" */;
			productName = FirebaseAnalyticsOnDeviceConversion;
		};
		04DA93B729A08E34008F70FB /* FirebaseAnalyticsSwift */ = {
			isa = XCSwiftPackageProductDependency;
			package = 04DA93B229A08E34008F70FB /* XCRemoteSwiftPackageReference "firebase-ios-sdk" */;
			productName = FirebaseAnalyticsSwift;
		};
		04DA93B929A08E34008F70FB /* FirebaseAnalyticsWithoutAdIdSupport */ = {
			isa = XCSwiftPackageProductDependency;
			package = 04DA93B229A08E34008F70FB /* XCRemoteSwiftPackageReference "firebase-ios-sdk" */;
			productName = FirebaseAnalyticsWithoutAdIdSupport;
		};
		04DA93BB29A08E34008F70FB /* FirebaseCrashlytics */ = {
			isa = XCSwiftPackageProductDependency;
			package = 04DA93B229A08E34008F70FB /* XCRemoteSwiftPackageReference "firebase-ios-sdk" */;
			productName = FirebaseCrashlytics;
		};
		04DA93BD29A08E34008F70FB /* FirebasePerformance */ = {
			isa = XCSwiftPackageProductDependency;
			package = 04DA93B229A08E34008F70FB /* XCRemoteSwiftPackageReference "firebase-ios-sdk" */;
			productName = FirebasePerformance;
		};
		04DA93BF29A08E34008F70FB /* FirebaseRemoteConfig */ = {
			isa = XCSwiftPackageProductDependency;
			package = 04DA93B229A08E34008F70FB /* XCRemoteSwiftPackageReference "firebase-ios-sdk" */;
			productName = FirebaseRemoteConfig;
		};
		04DA93C129A08E34008F70FB /* FirebaseRemoteConfigSwift */ = {
			isa = XCSwiftPackageProductDependency;
			package = 04DA93B229A08E34008F70FB /* XCRemoteSwiftPackageReference "firebase-ios-sdk" */;
			productName = FirebaseRemoteConfigSwift;
		};
/* End XCSwiftPackageProductDependency section */

/* Begin XCVersionGroup section */
		049A81B229B491F800718224 /* Sudoku.xcdatamodeld */ = {
			isa = XCVersionGroup;
			children = (
				049A81B329B491F800718224 /* Record.xcdatamodel */,
			);
			currentVersion = 049A81B329B491F800718224 /* Record.xcdatamodel */;
			path = Sudoku.xcdatamodeld;
			sourceTree = "<group>";
			versionGroupType = wrapper.xcdatamodel;
		};
		3633147629B48B190072BD66 /* Sudoku.xcdatamodeld */ = {
			isa = XCVersionGroup;
			children = (
				3633147729B48B190072BD66 /* Record.xcdatamodel */,
			);
			currentVersion = 3633147729B48B190072BD66 /* Record.xcdatamodel */;
			path = Sudoku.xcdatamodeld;
			sourceTree = "<group>";
			versionGroupType = wrapper.xcdatamodel;
		};
		36B3B7BA29A28084000707C9 /* Mills.xcdatamodeld */ = {
			isa = XCVersionGroup;
			children = (
				36B3B7BB29A28084000707C9 /* Mills.xcdatamodel */,
			);
			currentVersion = 36B3B7BB29A28084000707C9 /* Mills.xcdatamodel */;
			path = Mills.xcdatamodeld;
			sourceTree = "<group>";
			versionGroupType = wrapper.xcdatamodel;
		};
		36B3B7C729A28084000707C9 /* Mills.xcdatamodeld */ = {
			isa = XCVersionGroup;
			children = (
				36B3B7DA29A28084000707C9 /* Mills.xcdatamodel */,
				36B3B7C829A28084000707C9 /* Mills.xcdatamodel */,
			);
			currentVersion = 36B3B7C829A28084000707C9 /* Mills.xcdatamodel */;
			path = Mills.xcdatamodeld;
			sourceTree = "<group>";
			versionGroupType = wrapper.xcdatamodel;
		};
/* End XCVersionGroup section */
	};
	rootObject = 36939CFD298CFB5F00927B1E /* Project object */;
}
