// !$*UTF8*$!
{
	archiveVersion = 1;
	classes = {
	};
	objectVersion = 56;
	objects = {

/* Begin PBXBuildFile section */
		0492993C29A1019900331306 /* remote_config_defaults.plist in Resources */ = {isa = PBXBuildFile; fileRef = 0492993B29A1019900331306 /* remote_config_defaults.plist */; };
		0492993E29A101BD00331306 /* GoogleService-Info.plist in Resources */ = {isa = PBXBuildFile; fileRef = 0492993D29A101BD00331306 /* GoogleService-Info.plist */; };
		04934BB129AB69FC0099CBDC /* Lottie in Frameworks */ = {isa = PBXBuildFile; productRef = 04934BB029AB69FC0099CBDC /* Lottie */; };
		04934BB429AB6C4D0099CBDC /* panchi.json in Resources */ = {isa = PBXBuildFile; fileRef = 04934BB329AB6C4D0099CBDC /* panchi.json */; };
		04DA93B429A08E34008F70FB /* FirebaseAnalytics in Frameworks */ = {isa = PBXBuildFile; productRef = 04DA93B329A08E34008F70FB /* FirebaseAnalytics */; };
		04DA93B629A08E34008F70FB /* FirebaseAnalyticsOnDeviceConversion in Frameworks */ = {isa = PBXBuildFile; productRef = 04DA93B529A08E34008F70FB /* FirebaseAnalyticsOnDeviceConversion */; };
		04DA93B829A08E34008F70FB /* FirebaseAnalyticsSwift in Frameworks */ = {isa = PBXBuildFile; productRef = 04DA93B729A08E34008F70FB /* FirebaseAnalyticsSwift */; };
		04DA93BA29A08E34008F70FB /* FirebaseAnalyticsWithoutAdIdSupport in Frameworks */ = {isa = PBXBuildFile; productRef = 04DA93B929A08E34008F70FB /* FirebaseAnalyticsWithoutAdIdSupport */; };
		04DA93BC29A08E34008F70FB /* FirebaseCrashlytics in Frameworks */ = {isa = PBXBuildFile; productRef = 04DA93BB29A08E34008F70FB /* FirebaseCrashlytics */; };
		04DA93BE29A08E34008F70FB /* FirebasePerformance in Frameworks */ = {isa = PBXBuildFile; productRef = 04DA93BD29A08E34008F70FB /* FirebasePerformance */; };
		04DA93C029A08E34008F70FB /* FirebaseRemoteConfig in Frameworks */ = {isa = PBXBuildFile; productRef = 04DA93BF29A08E34008F70FB /* FirebaseRemoteConfig */; };
		04DA93C229A08E34008F70FB /* FirebaseRemoteConfigSwift in Frameworks */ = {isa = PBXBuildFile; productRef = 04DA93C129A08E34008F70FB /* FirebaseRemoteConfigSwift */; };
		04DA93C629A0C8C7008F70FB /* FireBaseConfig.swift in Sources */ = {isa = PBXBuildFile; fileRef = 04DA93C529A0C8C7008F70FB /* FireBaseConfig.swift */; };
		1331E233298D39DD00AFD1E0 /* HomeViewController.swift in Sources */ = {isa = PBXBuildFile; fileRef = 1331E231298D39DD00AFD1E0 /* HomeViewController.swift */; };
		1331E234298D39DD00AFD1E0 /* HomeViewController.xib in Resources */ = {isa = PBXBuildFile; fileRef = 1331E232298D39DD00AFD1E0 /* HomeViewController.xib */; };
		1331E237298D3CE700AFD1E0 /* OperatorsViewController.swift in Sources */ = {isa = PBXBuildFile; fileRef = 1331E235298D3CE700AFD1E0 /* OperatorsViewController.swift */; };
		1331E238298D3CE700AFD1E0 /* OperatorsViewController.xib in Resources */ = {isa = PBXBuildFile; fileRef = 1331E236298D3CE700AFD1E0 /* OperatorsViewController.xib */; };
		139D2BA0298FA206006CAEF9 /* wrongButton.wav in Resources */ = {isa = PBXBuildFile; fileRef = 139D2B9F298FA206006CAEF9 /* wrongButton.wav */; };
		139D2BA329921C31006CAEF9 /* OperatorTableViewCell.swift in Sources */ = {isa = PBXBuildFile; fileRef = 139D2BA129921C31006CAEF9 /* OperatorTableViewCell.swift */; };
		139D2BA429921C31006CAEF9 /* OperatorTableViewCell.xib in Resources */ = {isa = PBXBuildFile; fileRef = 139D2BA229921C31006CAEF9 /* OperatorTableViewCell.xib */; };
		139D2BA62993A349006CAEF9 /* Model.swift in Sources */ = {isa = PBXBuildFile; fileRef = 139D2BA52993A349006CAEF9 /* Model.swift */; };
		139D2BE72998E03D006CAEF9 /* FetchQuestions.swift in Sources */ = {isa = PBXBuildFile; fileRef = 139D2BE62998E03D006CAEF9 /* FetchQuestions.swift */; };
		139D2BEB299CCABA006CAEF9 /* rightButton.wav in Resources */ = {isa = PBXBuildFile; fileRef = 139D2BEA299CCABA006CAEF9 /* rightButton.wav */; };
		364D781B299F7C7700FF42D7 /* SettingsView.swift in Sources */ = {isa = PBXBuildFile; fileRef = 364D781A299F7C7700FF42D7 /* SettingsView.swift */; };
		364D781D299F940800FF42D7 /* AppRouter.swift in Sources */ = {isa = PBXBuildFile; fileRef = 364D781C299F940800FF42D7 /* AppRouter.swift */; };
		364D781F299F994A00FF42D7 /* SoundPlayer.swift in Sources */ = {isa = PBXBuildFile; fileRef = 364D781E299F994A00FF42D7 /* SoundPlayer.swift */; };
		36939D09298CFB5F00927B1E /* AppDelegate.swift in Sources */ = {isa = PBXBuildFile; fileRef = 36939D08298CFB5F00927B1E /* AppDelegate.swift */; };
		36939D0B298CFB5F00927B1E /* SceneDelegate.swift in Sources */ = {isa = PBXBuildFile; fileRef = 36939D0A298CFB5F00927B1E /* SceneDelegate.swift */; };
		36939D12298CFB6000927B1E /* Assets.xcassets in Resources */ = {isa = PBXBuildFile; fileRef = 36939D11298CFB6000927B1E /* Assets.xcassets */; };
		36939D15298CFB6000927B1E /* LaunchScreen.storyboard in Resources */ = {isa = PBXBuildFile; fileRef = 36939D13298CFB6000927B1E /* LaunchScreen.storyboard */; };
		36B3B72429A27271000707C9 /* TabBarController.swift in Sources */ = {isa = PBXBuildFile; fileRef = 36B3B72329A27271000707C9 /* TabBarController.swift */; };
		36B3B76129A275FC000707C9 /* GameEngine.swift in Sources */ = {isa = PBXBuildFile; fileRef = 36B3B74829A275E9000707C9 /* GameEngine.swift */; };
		36B3B76229A2761D000707C9 /* Engine.swift in Sources */ = {isa = PBXBuildFile; fileRef = 36B3B74729A275E9000707C9 /* Engine.swift */; };
		36B3B76329A27624000707C9 /* GameViewModel.swift in Sources */ = {isa = PBXBuildFile; fileRef = 36B3B73129A275E9000707C9 /* GameViewModel.swift */; };
		36B3B76429A27628000707C9 /* GameViewController.swift in Sources */ = {isa = PBXBuildFile; fileRef = 36B3B73229A275E9000707C9 /* GameViewController.swift */; };
		36B3B76529A2762E000707C9 /* GameView.swift in Sources */ = {isa = PBXBuildFile; fileRef = 36B3B73329A275E9000707C9 /* GameView.swift */; };
		36B3B76629A27632000707C9 /* GameOverView.swift in Sources */ = {isa = PBXBuildFile; fileRef = 36B3B73629A275E9000707C9 /* GameOverView.swift */; };
		36B3B76729A27635000707C9 /* MenuView.swift in Sources */ = {isa = PBXBuildFile; fileRef = 36B3B73529A275E9000707C9 /* MenuView.swift */; };
		36B3B76829A27638000707C9 /* Board.swift in Sources */ = {isa = PBXBuildFile; fileRef = 36B3B73829A275E9000707C9 /* Board.swift */; };
		36B3B76929A2763C000707C9 /* Tile.swift in Sources */ = {isa = PBXBuildFile; fileRef = 36B3B73929A275E9000707C9 /* Tile.swift */; };
		36B3B76A29A2763E000707C9 /* TileStyle.swift in Sources */ = {isa = PBXBuildFile; fileRef = 36B3B73A29A275E9000707C9 /* TileStyle.swift */; };
		36B3B76B29A27644000707C9 /* ActionButton.swift in Sources */ = {isa = PBXBuildFile; fileRef = 36B3B73F29A275E9000707C9 /* ActionButton.swift */; };
		36B3B76C29A27644000707C9 /* HeaderBarTitle.swift in Sources */ = {isa = PBXBuildFile; fileRef = 36B3B74329A275E9000707C9 /* HeaderBarTitle.swift */; };
		36B3B76D29A27644000707C9 /* Header.swift in Sources */ = {isa = PBXBuildFile; fileRef = 36B3B74129A275E9000707C9 /* Header.swift */; };
		36B3B76E29A27644000707C9 /* SmallActionButton.swift in Sources */ = {isa = PBXBuildFile; fileRef = 36B3B74029A275E9000707C9 /* SmallActionButton.swift */; };
		36B3B76F29A27644000707C9 /* GoalText.swift in Sources */ = {isa = PBXBuildFile; fileRef = 36B3B74229A275E9000707C9 /* GoalText.swift */; };
		36B3B77029A27644000707C9 /* ScoreBox.swift in Sources */ = {isa = PBXBuildFile; fileRef = 36B3B73D29A275E9000707C9 /* ScoreBox.swift */; };
		36B3B77129A27644000707C9 /* YellowBlock.swift in Sources */ = {isa = PBXBuildFile; fileRef = 36B3B73E29A275E9000707C9 /* YellowBlock.swift */; };
		36B3B77229A27644000707C9 /* Moves.swift in Sources */ = {isa = PBXBuildFile; fileRef = 36B3B74429A275E9000707C9 /* Moves.swift */; };
		36B3B77329A2764F000707C9 /* GameStateTracker.swift in Sources */ = {isa = PBXBuildFile; fileRef = 36B3B74B29A275E9000707C9 /* GameStateTracker.swift */; };
		36B3B77429A2764F000707C9 /* StateTracker.swift in Sources */ = {isa = PBXBuildFile; fileRef = 36B3B74A29A275E9000707C9 /* StateTracker.swift */; };
		36B3B77529A27655000707C9 /* Storage.swift in Sources */ = {isa = PBXBuildFile; fileRef = 36B3B74D29A275E9000707C9 /* Storage.swift */; };
		36B3B77629A27655000707C9 /* LocalStorage.swift in Sources */ = {isa = PBXBuildFile; fileRef = 36B3B74E29A275E9000707C9 /* LocalStorage.swift */; };
		36B3B77729A2765C000707C9 /* Swipe.swift in Sources */ = {isa = PBXBuildFile; fileRef = 36B3B75129A275E9000707C9 /* Swipe.swift */; };
		36B3B77829A27662000707C9 /* ArrayExtensions.swift in Sources */ = {isa = PBXBuildFile; fileRef = 36B3B75329A275E9000707C9 /* ArrayExtensions.swift */; };
		36B3B77929A27662000707C9 /* IntExtensions.swift in Sources */ = {isa = PBXBuildFile; fileRef = 36B3B75429A275E9000707C9 /* IntExtensions.swift */; };
		36B3B77A29A27662000707C9 /* CustomOperators.swift in Sources */ = {isa = PBXBuildFile; fileRef = 36B3B75729A275E9000707C9 /* CustomOperators.swift */; };
		36B3B77D29A27662000707C9 /* ColorExtensions.swift in Sources */ = {isa = PBXBuildFile; fileRef = 36B3B75529A275E9000707C9 /* ColorExtensions.swift */; };
		36B3B7DB29A28084000707C9 /* lose.mp3 in Resources */ = {isa = PBXBuildFile; fileRef = 36B3B7CE29A28084000707C9 /* lose.mp3 */; };
		36B3B7DC29A28084000707C9 /* char.mp3 in Resources */ = {isa = PBXBuildFile; fileRef = 36B3B79A29A28084000707C9 /* char.mp3 */; };
		36B3B7DE29A28084000707C9 /* InitialVC.swift in Sources */ = {isa = PBXBuildFile; fileRef = 36B3B7BE29A28084000707C9 /* InitialVC.swift */; };
		36B3B7DF29A28084000707C9 /* ViewDataModel.swift in Sources */ = {isa = PBXBuildFile; fileRef = 36B3B79B29A28084000707C9 /* ViewDataModel.swift */; };
		36B3B7E029A28084000707C9 /* notAllowed.mp3 in Resources */ = {isa = PBXBuildFile; fileRef = 36B3B7D029A28084000707C9 /* notAllowed.mp3 */; };
		36B3B7E129A28084000707C9 /* place-player-2.mp3 in Resources */ = {isa = PBXBuildFile; fileRef = 36B3B7BD29A28084000707C9 /* place-player-2.mp3 */; };
		36B3B7E229A28084000707C9 /* select.mp3 in Resources */ = {isa = PBXBuildFile; fileRef = 36B3B79C29A28084000707C9 /* select.mp3 */; };
		36B3B7E329A28084000707C9 /* PlayerView.xib in Resources */ = {isa = PBXBuildFile; fileRef = 36B3B7D629A28084000707C9 /* PlayerView.xib */; };
		36B3B7E429A28084000707C9 /* MillsGameView.swift in Sources */ = {isa = PBXBuildFile; fileRef = 36B3B79D29A28084000707C9 /* MillsGameView.swift */; };
		36B3B7E529A28084000707C9 /* PlayerGuideMessages.swift in Sources */ = {isa = PBXBuildFile; fileRef = 36B3B7C929A28084000707C9 /* PlayerGuideMessages.swift */; };
		36B3B7E629A28084000707C9 /* CoinCollectionViewCell.swift in Sources */ = {isa = PBXBuildFile; fileRef = 36B3B79E29A28084000707C9 /* CoinCollectionViewCell.swift */; };
		36B3B7E729A28084000707C9 /* ViewDataModel.swift in Sources */ = {isa = PBXBuildFile; fileRef = 36B3B7D729A28084000707C9 /* ViewDataModel.swift */; };
		36B3B7E829A28084000707C9 /* SoundEfectManager.swift in Sources */ = {isa = PBXBuildFile; fileRef = 36B3B79F29A28084000707C9 /* SoundEfectManager.swift */; };
		36B3B7E929A28084000707C9 /* CircleView.swift in Sources */ = {isa = PBXBuildFile; fileRef = 36B3B7C329A28084000707C9 /* CircleView.swift */; };
		36B3B7EA29A28084000707C9 /* GameVC.swift in Sources */ = {isa = PBXBuildFile; fileRef = 36B3B7A029A28084000707C9 /* GameVC.swift */; };
		36B3B7EB29A28084000707C9 /* Assets.xcassets in Resources */ = {isa = PBXBuildFile; fileRef = 36B3B7A129A28084000707C9 /* Assets.xcassets */; };
		36B3B7EC29A28084000707C9 /* GameVC.swift in Sources */ = {isa = PBXBuildFile; fileRef = 36B3B7CB29A28084000707C9 /* GameVC.swift */; };
		36B3B7ED29A28084000707C9 /* PlayerCollectionViewController.swift in Sources */ = {isa = PBXBuildFile; fileRef = 36B3B7A229A28084000707C9 /* PlayerCollectionViewController.swift */; };
		36B3B7F029A28084000707C9 /* select.mp3 in Resources */ = {isa = PBXBuildFile; fileRef = 36B3B7CD29A28084000707C9 /* select.mp3 */; };
		36B3B7F329A28084000707C9 /* MillsGameViewModel.swift in Sources */ = {isa = PBXBuildFile; fileRef = 36B3B7C529A28084000707C9 /* MillsGameViewModel.swift */; };
		36B3B7F429A28084000707C9 /* Main.storyboard in Resources */ = {isa = PBXBuildFile; fileRef = 36B3B7A629A28084000707C9 /* Main.storyboard */; };
		36B3B7F529A28084000707C9 /* char.mp3 in Resources */ = {isa = PBXBuildFile; fileRef = 36B3B7C129A28084000707C9 /* char.mp3 */; };
		36B3B7F629A28084000707C9 /* win.mp3 in Resources */ = {isa = PBXBuildFile; fileRef = 36B3B7A829A28084000707C9 /* win.mp3 */; };
		36B3B7F729A28084000707C9 /* win.mp3 in Resources */ = {isa = PBXBuildFile; fileRef = 36B3B7CA29A28084000707C9 /* win.mp3 */; };
		36B3B7F829A28084000707C9 /* bhar.mp3 in Resources */ = {isa = PBXBuildFile; fileRef = 36B3B7A929A28084000707C9 /* bhar.mp3 */; };
		36B3B7FA29A28084000707C9 /* place-player-1.mp3 in Resources */ = {isa = PBXBuildFile; fileRef = 36B3B7D429A28084000707C9 /* place-player-1.mp3 */; };
		36B3B7FB29A28084000707C9 /* move.mp3 in Resources */ = {isa = PBXBuildFile; fileRef = 36B3B7AA29A28084000707C9 /* move.mp3 */; };
		36B3B7FC29A28084000707C9 /* Mills.ipa in Resources */ = {isa = PBXBuildFile; fileRef = 36B3B7AC29A28084000707C9 /* Mills.ipa */; };
		36B3B7FD29A28084000707C9 /* move.mp3 in Resources */ = {isa = PBXBuildFile; fileRef = 36B3B7C229A28084000707C9 /* move.mp3 */; };
		36B3B7FE29A28084000707C9 /* lose.mp3 in Resources */ = {isa = PBXBuildFile; fileRef = 36B3B7AD29A28084000707C9 /* lose.mp3 */; };
		36B3B7FF29A28084000707C9 /* PlayerCollectionViewController.swift in Sources */ = {isa = PBXBuildFile; fileRef = 36B3B7D229A28084000707C9 /* PlayerCollectionViewController.swift */; };
		36B3B80029A28084000707C9 /* PlayerView.swift in Sources */ = {isa = PBXBuildFile; fileRef = 36B3B7AE29A28084000707C9 /* PlayerView.swift */; };
		36B3B80129A28084000707C9 /* CoinCollectionViewCell.swift in Sources */ = {isa = PBXBuildFile; fileRef = 36B3B7D929A28084000707C9 /* CoinCollectionViewCell.swift */; };
		36B3B80229A28084000707C9 /* CoinCollectionViewCell.xib in Resources */ = {isa = PBXBuildFile; fileRef = 36B3B7D529A28084000707C9 /* CoinCollectionViewCell.xib */; };
		36B3B80329A28084000707C9 /* PlayerView.xib in Resources */ = {isa = PBXBuildFile; fileRef = 36B3B7AF29A28084000707C9 /* PlayerView.xib */; };
		36B3B80429A28084000707C9 /* SoundEfectManager.swift in Sources */ = {isa = PBXBuildFile; fileRef = 36B3B7D329A28084000707C9 /* SoundEfectManager.swift */; };
		36B3B80529A28084000707C9 /* GameModels.swift in Sources */ = {isa = PBXBuildFile; fileRef = 36B3B7C029A28084000707C9 /* GameModels.swift */; };
		36B3B80629A28084000707C9 /* CircleView.swift in Sources */ = {isa = PBXBuildFile; fileRef = 36B3B7B029A28084000707C9 /* CircleView.swift */; };
		36B3B80729A28084000707C9 /* place-player-2.mp3 in Resources */ = {isa = PBXBuildFile; fileRef = 36B3B7B129A28084000707C9 /* place-player-2.mp3 */; };
		36B3B80929A28084000707C9 /* PlayerView.swift in Sources */ = {isa = PBXBuildFile; fileRef = 36B3B7C429A28084000707C9 /* PlayerView.swift */; };
		36B3B80A29A28084000707C9 /* PlayerGuideMessages.swift in Sources */ = {isa = PBXBuildFile; fileRef = 36B3B7B329A28084000707C9 /* PlayerGuideMessages.swift */; };
		36B3B80B29A28084000707C9 /* GameModels.swift in Sources */ = {isa = PBXBuildFile; fileRef = 36B3B7B429A28084000707C9 /* GameModels.swift */; };
		36B3B80C29A28084000707C9 /* CoinCollectionViewCell.xib in Resources */ = {isa = PBXBuildFile; fileRef = 36B3B7B529A28084000707C9 /* CoinCollectionViewCell.xib */; };
		36B3B80D29A28084000707C9 /* place-player-1.mp3 in Resources */ = {isa = PBXBuildFile; fileRef = 36B3B7B629A28084000707C9 /* place-player-1.mp3 */; };
		36B3B80F29A28084000707C9 /* bhar.mp3 in Resources */ = {isa = PBXBuildFile; fileRef = 36B3B7BF29A28084000707C9 /* bhar.mp3 */; };
		36B3B81029A28084000707C9 /* notAllowed.mp3 in Resources */ = {isa = PBXBuildFile; fileRef = 36B3B7B829A28084000707C9 /* notAllowed.mp3 */; };
		36B3B81329A28084000707C9 /* Mills.xcdatamodeld in Sources */ = {isa = PBXBuildFile; fileRef = 36B3B7C729A28084000707C9 /* Mills.xcdatamodeld */; };
		36B3B81429A28084000707C9 /* Mills.xcdatamodeld in Sources */ = {isa = PBXBuildFile; fileRef = 36B3B7BA29A28084000707C9 /* Mills.xcdatamodeld */; };
		36B3B81529A28084000707C9 /* InitialVC.swift in Sources */ = {isa = PBXBuildFile; fileRef = 36B3B7BC29A28084000707C9 /* InitialVC.swift */; };
		36B3B81629A28084000707C9 /* Mills.xcdatamodel in Sources */ = {isa = PBXBuildFile; fileRef = 36B3B7DA29A28084000707C9 /* Mills.xcdatamodel */; };
		36B3B81A29A34930000707C9 /* White Milk.ttf in Resources */ = {isa = PBXBuildFile; fileRef = 36B3B81929A34930000707C9 /* White Milk.ttf */; };
		36B3B81C29A3498F000707C9 /* MathQuestionView.swift in Sources */ = {isa = PBXBuildFile; fileRef = 36B3B81B29A3498F000707C9 /* MathQuestionView.swift */; };
		36DD6082298D0BAC00F059FB /* QuestionViewController.swift in Sources */ = {isa = PBXBuildFile; fileRef = 36DD6080298D0BAC00F059FB /* QuestionViewController.swift */; };
		36DD6083298D0BAC00F059FB /* QuestionViewController.xib in Resources */ = {isa = PBXBuildFile; fileRef = 36DD6081298D0BAC00F059FB /* QuestionViewController.xib */; };
		36DD6086298E12E000F059FB /* ResultsViewController.swift in Sources */ = {isa = PBXBuildFile; fileRef = 36DD6084298E12E000F059FB /* ResultsViewController.swift */; };
		36DD6087298E12E000F059FB /* ResultsViewController.xib in Resources */ = {isa = PBXBuildFile; fileRef = 36DD6085298E12E000F059FB /* ResultsViewController.xib */; };
		36DD608B29911CD100F059FB /* ColorAndFonts.swift in Sources */ = {isa = PBXBuildFile; fileRef = 36DD608A29911CD000F059FB /* ColorAndFonts.swift */; };
/* End PBXBuildFile section */

/* Begin PBXFileReference section */
		0492993B29A1019900331306 /* remote_config_defaults.plist */ = {isa = PBXFileReference; fileEncoding = 4; lastKnownFileType = text.plist.xml; path = remote_config_defaults.plist; sourceTree = "<group>"; };
		0492993D29A101BD00331306 /* GoogleService-Info.plist */ = {isa = PBXFileReference; fileEncoding = 4; lastKnownFileType = text.plist.xml; path = "GoogleService-Info.plist"; sourceTree = "<group>"; };
		04934BB329AB6C4D0099CBDC /* panchi.json */ = {isa = PBXFileReference; fileEncoding = 4; lastKnownFileType = text.json; path = panchi.json; sourceTree = "<group>"; };
		04DA93C529A0C8C7008F70FB /* FireBaseConfig.swift */ = {isa = PBXFileReference; lastKnownFileType = sourcecode.swift; path = FireBaseConfig.swift; sourceTree = "<group>"; };
		1331E231298D39DD00AFD1E0 /* HomeViewController.swift */ = {isa = PBXFileReference; lastKnownFileType = sourcecode.swift; path = HomeViewController.swift; sourceTree = "<group>"; };
		1331E232298D39DD00AFD1E0 /* HomeViewController.xib */ = {isa = PBXFileReference; lastKnownFileType = file.xib; path = HomeViewController.xib; sourceTree = "<group>"; };
		1331E235298D3CE700AFD1E0 /* OperatorsViewController.swift */ = {isa = PBXFileReference; lastKnownFileType = sourcecode.swift; path = OperatorsViewController.swift; sourceTree = "<group>"; };
		1331E236298D3CE700AFD1E0 /* OperatorsViewController.xib */ = {isa = PBXFileReference; lastKnownFileType = file.xib; path = OperatorsViewController.xib; sourceTree = "<group>"; };
		139D2B9F298FA206006CAEF9 /* wrongButton.wav */ = {isa = PBXFileReference; lastKnownFileType = audio.wav; path = wrongButton.wav; sourceTree = "<group>"; };
		139D2BA129921C31006CAEF9 /* OperatorTableViewCell.swift */ = {isa = PBXFileReference; lastKnownFileType = sourcecode.swift; path = OperatorTableViewCell.swift; sourceTree = "<group>"; };
		139D2BA229921C31006CAEF9 /* OperatorTableViewCell.xib */ = {isa = PBXFileReference; lastKnownFileType = file.xib; path = OperatorTableViewCell.xib; sourceTree = "<group>"; };
		139D2BA52993A349006CAEF9 /* Model.swift */ = {isa = PBXFileReference; lastKnownFileType = sourcecode.swift; path = Model.swift; sourceTree = "<group>"; };
		139D2BE62998E03D006CAEF9 /* FetchQuestions.swift */ = {isa = PBXFileReference; lastKnownFileType = sourcecode.swift; path = FetchQuestions.swift; sourceTree = "<group>"; };
		139D2BEA299CCABA006CAEF9 /* rightButton.wav */ = {isa = PBXFileReference; lastKnownFileType = audio.wav; path = rightButton.wav; sourceTree = "<group>"; };
		364D781A299F7C7700FF42D7 /* SettingsView.swift */ = {isa = PBXFileReference; lastKnownFileType = sourcecode.swift; path = SettingsView.swift; sourceTree = "<group>"; };
		364D781C299F940800FF42D7 /* AppRouter.swift */ = {isa = PBXFileReference; lastKnownFileType = sourcecode.swift; path = AppRouter.swift; sourceTree = "<group>"; };
		364D781E299F994A00FF42D7 /* SoundPlayer.swift */ = {isa = PBXFileReference; lastKnownFileType = sourcecode.swift; path = SoundPlayer.swift; sourceTree = "<group>"; };
		36939D05298CFB5F00927B1E /* KidsLove.app */ = {isa = PBXFileReference; explicitFileType = wrapper.application; includeInIndex = 0; path = KidsLove.app; sourceTree = BUILT_PRODUCTS_DIR; };
		36939D08298CFB5F00927B1E /* AppDelegate.swift */ = {isa = PBXFileReference; lastKnownFileType = sourcecode.swift; path = AppDelegate.swift; sourceTree = "<group>"; };
		36939D0A298CFB5F00927B1E /* SceneDelegate.swift */ = {isa = PBXFileReference; lastKnownFileType = sourcecode.swift; path = SceneDelegate.swift; sourceTree = "<group>"; };
		36939D11298CFB6000927B1E /* Assets.xcassets */ = {isa = PBXFileReference; lastKnownFileType = folder.assetcatalog; path = Assets.xcassets; sourceTree = "<group>"; };
		36939D14298CFB6000927B1E /* Base */ = {isa = PBXFileReference; lastKnownFileType = file.storyboard; name = Base; path = Base.lproj/LaunchScreen.storyboard; sourceTree = "<group>"; };
		36939D16298CFB6000927B1E /* Info.plist */ = {isa = PBXFileReference; lastKnownFileType = text.plist.xml; path = Info.plist; sourceTree = "<group>"; };
		36B3B72329A27271000707C9 /* TabBarController.swift */ = {isa = PBXFileReference; lastKnownFileType = sourcecode.swift; path = TabBarController.swift; sourceTree = "<group>"; };
		36B3B73129A275E9000707C9 /* GameViewModel.swift */ = {isa = PBXFileReference; fileEncoding = 4; lastKnownFileType = sourcecode.swift; path = GameViewModel.swift; sourceTree = "<group>"; };
		36B3B73229A275E9000707C9 /* GameViewController.swift */ = {isa = PBXFileReference; lastKnownFileType = sourcecode.swift; path = GameViewController.swift; sourceTree = "<group>"; };
		36B3B73329A275E9000707C9 /* GameView.swift */ = {isa = PBXFileReference; lastKnownFileType = sourcecode.swift; path = GameView.swift; sourceTree = "<group>"; };
		36B3B73529A275E9000707C9 /* MenuView.swift */ = {isa = PBXFileReference; lastKnownFileType = sourcecode.swift; path = MenuView.swift; sourceTree = "<group>"; };
		36B3B73629A275E9000707C9 /* GameOverView.swift */ = {isa = PBXFileReference; lastKnownFileType = sourcecode.swift; path = GameOverView.swift; sourceTree = "<group>"; };
		36B3B73829A275E9000707C9 /* Board.swift */ = {isa = PBXFileReference; lastKnownFileType = sourcecode.swift; path = Board.swift; sourceTree = "<group>"; };
		36B3B73929A275E9000707C9 /* Tile.swift */ = {isa = PBXFileReference; lastKnownFileType = sourcecode.swift; path = Tile.swift; sourceTree = "<group>"; };
		36B3B73A29A275E9000707C9 /* TileStyle.swift */ = {isa = PBXFileReference; lastKnownFileType = sourcecode.swift; path = TileStyle.swift; sourceTree = "<group>"; };
		36B3B73D29A275E9000707C9 /* ScoreBox.swift */ = {isa = PBXFileReference; lastKnownFileType = sourcecode.swift; path = ScoreBox.swift; sourceTree = "<group>"; };
		36B3B73E29A275E9000707C9 /* YellowBlock.swift */ = {isa = PBXFileReference; lastKnownFileType = sourcecode.swift; path = YellowBlock.swift; sourceTree = "<group>"; };
		36B3B73F29A275E9000707C9 /* ActionButton.swift */ = {isa = PBXFileReference; lastKnownFileType = sourcecode.swift; path = ActionButton.swift; sourceTree = "<group>"; };
		36B3B74029A275E9000707C9 /* SmallActionButton.swift */ = {isa = PBXFileReference; lastKnownFileType = sourcecode.swift; path = SmallActionButton.swift; sourceTree = "<group>"; };
		36B3B74129A275E9000707C9 /* Header.swift */ = {isa = PBXFileReference; lastKnownFileType = sourcecode.swift; path = Header.swift; sourceTree = "<group>"; };
		36B3B74229A275E9000707C9 /* GoalText.swift */ = {isa = PBXFileReference; lastKnownFileType = sourcecode.swift; path = GoalText.swift; sourceTree = "<group>"; };
		36B3B74329A275E9000707C9 /* HeaderBarTitle.swift */ = {isa = PBXFileReference; lastKnownFileType = sourcecode.swift; path = HeaderBarTitle.swift; sourceTree = "<group>"; };
		36B3B74429A275E9000707C9 /* Moves.swift */ = {isa = PBXFileReference; lastKnownFileType = sourcecode.swift; path = Moves.swift; sourceTree = "<group>"; };
		36B3B74729A275E9000707C9 /* Engine.swift */ = {isa = PBXFileReference; lastKnownFileType = sourcecode.swift; path = Engine.swift; sourceTree = "<group>"; };
		36B3B74829A275E9000707C9 /* GameEngine.swift */ = {isa = PBXFileReference; lastKnownFileType = sourcecode.swift; path = GameEngine.swift; sourceTree = "<group>"; };
		36B3B74A29A275E9000707C9 /* StateTracker.swift */ = {isa = PBXFileReference; fileEncoding = 4; lastKnownFileType = sourcecode.swift; path = StateTracker.swift; sourceTree = "<group>"; };
		36B3B74B29A275E9000707C9 /* GameStateTracker.swift */ = {isa = PBXFileReference; fileEncoding = 4; lastKnownFileType = sourcecode.swift; path = GameStateTracker.swift; sourceTree = "<group>"; };
		36B3B74D29A275E9000707C9 /* Storage.swift */ = {isa = PBXFileReference; lastKnownFileType = sourcecode.swift; path = Storage.swift; sourceTree = "<group>"; };
		36B3B74E29A275E9000707C9 /* LocalStorage.swift */ = {isa = PBXFileReference; lastKnownFileType = sourcecode.swift; path = LocalStorage.swift; sourceTree = "<group>"; };
		36B3B75129A275E9000707C9 /* Swipe.swift */ = {isa = PBXFileReference; lastKnownFileType = sourcecode.swift; path = Swipe.swift; sourceTree = "<group>"; };
		36B3B75329A275E9000707C9 /* ArrayExtensions.swift */ = {isa = PBXFileReference; lastKnownFileType = sourcecode.swift; path = ArrayExtensions.swift; sourceTree = "<group>"; };
		36B3B75429A275E9000707C9 /* IntExtensions.swift */ = {isa = PBXFileReference; lastKnownFileType = sourcecode.swift; path = IntExtensions.swift; sourceTree = "<group>"; };
		36B3B75529A275E9000707C9 /* ColorExtensions.swift */ = {isa = PBXFileReference; lastKnownFileType = sourcecode.swift; path = ColorExtensions.swift; sourceTree = "<group>"; };
		36B3B75729A275E9000707C9 /* CustomOperators.swift */ = {isa = PBXFileReference; lastKnownFileType = sourcecode.swift; path = CustomOperators.swift; sourceTree = "<group>"; };
		36B3B75829A275E9000707C9 /* AppDelegate.swift */ = {isa = PBXFileReference; lastKnownFileType = sourcecode.swift; path = AppDelegate.swift; sourceTree = "<group>"; };
		36B3B75929A275E9000707C9 /* SceneDelegate.swift */ = {isa = PBXFileReference; lastKnownFileType = sourcecode.swift; path = SceneDelegate.swift; sourceTree = "<group>"; };
		36B3B75A29A275E9000707C9 /* Assets.xcassets */ = {isa = PBXFileReference; lastKnownFileType = folder.assetcatalog; path = Assets.xcassets; sourceTree = "<group>"; };
		36B3B75B29A275E9000707C9 /* Base */ = {isa = PBXFileReference; lastKnownFileType = file.storyboard; name = Base; path = Base.lproj/LaunchScreen.storyboard; sourceTree = "<group>"; };
		36B3B75D29A275E9000707C9 /* Info.plist */ = {isa = PBXFileReference; lastKnownFileType = text.plist.xml; path = Info.plist; sourceTree = "<group>"; };
		36B3B75E29A275E9000707C9 /* Preview Assets.xcassets */ = {isa = PBXFileReference; lastKnownFileType = folder.assetcatalog; path = "Preview Assets.xcassets"; sourceTree = "<group>"; };
		36B3B79A29A28084000707C9 /* char.mp3 */ = {isa = PBXFileReference; lastKnownFileType = audio.mp3; path = char.mp3; sourceTree = "<group>"; };
		36B3B79B29A28084000707C9 /* ViewDataModel.swift */ = {isa = PBXFileReference; fileEncoding = 4; lastKnownFileType = sourcecode.swift; path = ViewDataModel.swift; sourceTree = "<group>"; };
		36B3B79C29A28084000707C9 /* select.mp3 */ = {isa = PBXFileReference; lastKnownFileType = audio.mp3; path = select.mp3; sourceTree = "<group>"; };
		36B3B79D29A28084000707C9 /* MillsGameView.swift */ = {isa = PBXFileReference; fileEncoding = 4; lastKnownFileType = sourcecode.swift; path = MillsGameView.swift; sourceTree = "<group>"; };
		36B3B79E29A28084000707C9 /* CoinCollectionViewCell.swift */ = {isa = PBXFileReference; fileEncoding = 4; lastKnownFileType = sourcecode.swift; path = CoinCollectionViewCell.swift; sourceTree = "<group>"; };
		36B3B79F29A28084000707C9 /* SoundEfectManager.swift */ = {isa = PBXFileReference; fileEncoding = 4; lastKnownFileType = sourcecode.swift; path = SoundEfectManager.swift; sourceTree = "<group>"; };
		36B3B7A029A28084000707C9 /* GameVC.swift */ = {isa = PBXFileReference; fileEncoding = 4; lastKnownFileType = sourcecode.swift; path = GameVC.swift; sourceTree = "<group>"; };
		36B3B7A129A28084000707C9 /* Assets.xcassets */ = {isa = PBXFileReference; lastKnownFileType = folder.assetcatalog; path = Assets.xcassets; sourceTree = "<group>"; };
		36B3B7A229A28084000707C9 /* PlayerCollectionViewController.swift */ = {isa = PBXFileReference; fileEncoding = 4; lastKnownFileType = sourcecode.swift; path = PlayerCollectionViewController.swift; sourceTree = "<group>"; };
		36B3B7A729A28084000707C9 /* Base */ = {isa = PBXFileReference; lastKnownFileType = file.storyboard; name = Base; path = Base.lproj/Main.storyboard; sourceTree = "<group>"; };
		36B3B7A829A28084000707C9 /* win.mp3 */ = {isa = PBXFileReference; lastKnownFileType = audio.mp3; path = win.mp3; sourceTree = "<group>"; };
		36B3B7A929A28084000707C9 /* bhar.mp3 */ = {isa = PBXFileReference; lastKnownFileType = audio.mp3; path = bhar.mp3; sourceTree = "<group>"; };
		36B3B7AA29A28084000707C9 /* move.mp3 */ = {isa = PBXFileReference; lastKnownFileType = audio.mp3; path = move.mp3; sourceTree = "<group>"; };
		36B3B7AC29A28084000707C9 /* Mills.ipa */ = {isa = PBXFileReference; lastKnownFileType = file; path = Mills.ipa; sourceTree = "<group>"; };
		36B3B7AD29A28084000707C9 /* lose.mp3 */ = {isa = PBXFileReference; lastKnownFileType = audio.mp3; path = lose.mp3; sourceTree = "<group>"; };
		36B3B7AE29A28084000707C9 /* PlayerView.swift */ = {isa = PBXFileReference; fileEncoding = 4; lastKnownFileType = sourcecode.swift; path = PlayerView.swift; sourceTree = "<group>"; };
		36B3B7AF29A28084000707C9 /* PlayerView.xib */ = {isa = PBXFileReference; fileEncoding = 4; lastKnownFileType = file.xib; path = PlayerView.xib; sourceTree = "<group>"; };
		36B3B7B029A28084000707C9 /* CircleView.swift */ = {isa = PBXFileReference; fileEncoding = 4; lastKnownFileType = sourcecode.swift; path = CircleView.swift; sourceTree = "<group>"; };
		36B3B7B129A28084000707C9 /* place-player-2.mp3 */ = {isa = PBXFileReference; lastKnownFileType = audio.mp3; path = "place-player-2.mp3"; sourceTree = "<group>"; };
		36B3B7B329A28084000707C9 /* PlayerGuideMessages.swift */ = {isa = PBXFileReference; fileEncoding = 4; lastKnownFileType = sourcecode.swift; path = PlayerGuideMessages.swift; sourceTree = "<group>"; };
		36B3B7B429A28084000707C9 /* GameModels.swift */ = {isa = PBXFileReference; fileEncoding = 4; lastKnownFileType = sourcecode.swift; path = GameModels.swift; sourceTree = "<group>"; };
		36B3B7B529A28084000707C9 /* CoinCollectionViewCell.xib */ = {isa = PBXFileReference; fileEncoding = 4; lastKnownFileType = file.xib; path = CoinCollectionViewCell.xib; sourceTree = "<group>"; };
		36B3B7B629A28084000707C9 /* place-player-1.mp3 */ = {isa = PBXFileReference; lastKnownFileType = audio.mp3; path = "place-player-1.mp3"; sourceTree = "<group>"; };
		36B3B7B829A28084000707C9 /* notAllowed.mp3 */ = {isa = PBXFileReference; lastKnownFileType = audio.mp3; path = notAllowed.mp3; sourceTree = "<group>"; };
		36B3B7BB29A28084000707C9 /* Mills.xcdatamodel */ = {isa = PBXFileReference; lastKnownFileType = wrapper.xcdatamodel; path = Mills.xcdatamodel; sourceTree = "<group>"; };
		36B3B7BC29A28084000707C9 /* InitialVC.swift */ = {isa = PBXFileReference; fileEncoding = 4; lastKnownFileType = sourcecode.swift; path = InitialVC.swift; sourceTree = "<group>"; };
		36B3B7BD29A28084000707C9 /* place-player-2.mp3 */ = {isa = PBXFileReference; lastKnownFileType = audio.mp3; path = "place-player-2.mp3"; sourceTree = "<group>"; };
		36B3B7BE29A28084000707C9 /* InitialVC.swift */ = {isa = PBXFileReference; fileEncoding = 4; lastKnownFileType = sourcecode.swift; path = InitialVC.swift; sourceTree = "<group>"; };
		36B3B7BF29A28084000707C9 /* bhar.mp3 */ = {isa = PBXFileReference; lastKnownFileType = audio.mp3; path = bhar.mp3; sourceTree = "<group>"; };
		36B3B7C029A28084000707C9 /* GameModels.swift */ = {isa = PBXFileReference; fileEncoding = 4; lastKnownFileType = sourcecode.swift; path = GameModels.swift; sourceTree = "<group>"; };
		36B3B7C129A28084000707C9 /* char.mp3 */ = {isa = PBXFileReference; lastKnownFileType = audio.mp3; path = char.mp3; sourceTree = "<group>"; };
		36B3B7C229A28084000707C9 /* move.mp3 */ = {isa = PBXFileReference; lastKnownFileType = audio.mp3; path = move.mp3; sourceTree = "<group>"; };
		36B3B7C329A28084000707C9 /* CircleView.swift */ = {isa = PBXFileReference; fileEncoding = 4; lastKnownFileType = sourcecode.swift; path = CircleView.swift; sourceTree = "<group>"; };
		36B3B7C429A28084000707C9 /* PlayerView.swift */ = {isa = PBXFileReference; fileEncoding = 4; lastKnownFileType = sourcecode.swift; path = PlayerView.swift; sourceTree = "<group>"; };
		36B3B7C529A28084000707C9 /* MillsGameViewModel.swift */ = {isa = PBXFileReference; fileEncoding = 4; lastKnownFileType = sourcecode.swift; path = MillsGameViewModel.swift; sourceTree = "<group>"; };
		36B3B7C829A28084000707C9 /* Mills.xcdatamodel */ = {isa = PBXFileReference; lastKnownFileType = wrapper.xcdatamodel; path = Mills.xcdatamodel; sourceTree = "<group>"; };
		36B3B7C929A28084000707C9 /* PlayerGuideMessages.swift */ = {isa = PBXFileReference; fileEncoding = 4; lastKnownFileType = sourcecode.swift; path = PlayerGuideMessages.swift; sourceTree = "<group>"; };
		36B3B7CA29A28084000707C9 /* win.mp3 */ = {isa = PBXFileReference; lastKnownFileType = audio.mp3; path = win.mp3; sourceTree = "<group>"; };
		36B3B7CB29A28084000707C9 /* GameVC.swift */ = {isa = PBXFileReference; fileEncoding = 4; lastKnownFileType = sourcecode.swift; path = GameVC.swift; sourceTree = "<group>"; };
		36B3B7CD29A28084000707C9 /* select.mp3 */ = {isa = PBXFileReference; lastKnownFileType = audio.mp3; path = select.mp3; sourceTree = "<group>"; };
		36B3B7CE29A28084000707C9 /* lose.mp3 */ = {isa = PBXFileReference; lastKnownFileType = audio.mp3; path = lose.mp3; sourceTree = "<group>"; };
		36B3B7D029A28084000707C9 /* notAllowed.mp3 */ = {isa = PBXFileReference; lastKnownFileType = audio.mp3; path = notAllowed.mp3; sourceTree = "<group>"; };
		36B3B7D229A28084000707C9 /* PlayerCollectionViewController.swift */ = {isa = PBXFileReference; fileEncoding = 4; lastKnownFileType = sourcecode.swift; path = PlayerCollectionViewController.swift; sourceTree = "<group>"; };
		36B3B7D329A28084000707C9 /* SoundEfectManager.swift */ = {isa = PBXFileReference; fileEncoding = 4; lastKnownFileType = sourcecode.swift; path = SoundEfectManager.swift; sourceTree = "<group>"; };
		36B3B7D429A28084000707C9 /* place-player-1.mp3 */ = {isa = PBXFileReference; lastKnownFileType = audio.mp3; path = "place-player-1.mp3"; sourceTree = "<group>"; };
		36B3B7D529A28084000707C9 /* CoinCollectionViewCell.xib */ = {isa = PBXFileReference; fileEncoding = 4; lastKnownFileType = file.xib; path = CoinCollectionViewCell.xib; sourceTree = "<group>"; };
		36B3B7D629A28084000707C9 /* PlayerView.xib */ = {isa = PBXFileReference; fileEncoding = 4; lastKnownFileType = file.xib; path = PlayerView.xib; sourceTree = "<group>"; };
		36B3B7D729A28084000707C9 /* ViewDataModel.swift */ = {isa = PBXFileReference; fileEncoding = 4; lastKnownFileType = sourcecode.swift; path = ViewDataModel.swift; sourceTree = "<group>"; };
		36B3B7D829A28084000707C9 /* Assets.xcassets */ = {isa = PBXFileReference; lastKnownFileType = folder.assetcatalog; path = Assets.xcassets; sourceTree = "<group>"; };
		36B3B7D929A28084000707C9 /* CoinCollectionViewCell.swift */ = {isa = PBXFileReference; fileEncoding = 4; lastKnownFileType = sourcecode.swift; path = CoinCollectionViewCell.swift; sourceTree = "<group>"; };
		36B3B7DA29A28084000707C9 /* Mills.xcdatamodel */ = {isa = PBXFileReference; lastKnownFileType = wrapper.xcdatamodel; path = Mills.xcdatamodel; sourceTree = "<group>"; };
		36B3B81929A34930000707C9 /* White Milk.ttf */ = {isa = PBXFileReference; lastKnownFileType = file; path = "White Milk.ttf"; sourceTree = "<group>"; };
		36B3B81B29A3498F000707C9 /* MathQuestionView.swift */ = {isa = PBXFileReference; lastKnownFileType = sourcecode.swift; path = MathQuestionView.swift; sourceTree = "<group>"; };
		36DD6080298D0BAC00F059FB /* QuestionViewController.swift */ = {isa = PBXFileReference; lastKnownFileType = sourcecode.swift; path = QuestionViewController.swift; sourceTree = "<group>"; };
		36DD6081298D0BAC00F059FB /* QuestionViewController.xib */ = {isa = PBXFileReference; lastKnownFileType = file.xib; path = QuestionViewController.xib; sourceTree = "<group>"; };
		36DD6084298E12E000F059FB /* ResultsViewController.swift */ = {isa = PBXFileReference; lastKnownFileType = sourcecode.swift; path = ResultsViewController.swift; sourceTree = "<group>"; };
		36DD6085298E12E000F059FB /* ResultsViewController.xib */ = {isa = PBXFileReference; lastKnownFileType = file.xib; path = ResultsViewController.xib; sourceTree = "<group>"; };
		36DD608A29911CD000F059FB /* ColorAndFonts.swift */ = {isa = PBXFileReference; lastKnownFileType = sourcecode.swift; path = ColorAndFonts.swift; sourceTree = "<group>"; };
/* End PBXFileReference section */

/* Begin PBXFrameworksBuildPhase section */
		36939D02298CFB5F00927B1E /* Frameworks */ = {
			isa = PBXFrameworksBuildPhase;
			buildActionMask = 2147483647;
			files = (
				04DA93B829A08E34008F70FB /* FirebaseAnalyticsSwift in Frameworks */,
				04DA93C229A08E34008F70FB /* FirebaseRemoteConfigSwift in Frameworks */,
				04934BB129AB69FC0099CBDC /* Lottie in Frameworks */,
				04DA93B429A08E34008F70FB /* FirebaseAnalytics in Frameworks */,
				04DA93BE29A08E34008F70FB /* FirebasePerformance in Frameworks */,
				04DA93C029A08E34008F70FB /* FirebaseRemoteConfig in Frameworks */,
				04DA93BC29A08E34008F70FB /* FirebaseCrashlytics in Frameworks */,
				04DA93B629A08E34008F70FB /* FirebaseAnalyticsOnDeviceConversion in Frameworks */,
				04DA93BA29A08E34008F70FB /* FirebaseAnalyticsWithoutAdIdSupport in Frameworks */,
			);
			runOnlyForDeploymentPostprocessing = 0;
		};
/* End PBXFrameworksBuildPhase section */

/* Begin PBXGroup section */
		04934BB229AB6C4D0099CBDC /* Lottie */ = {
			isa = PBXGroup;
			children = (
				04934BB329AB6C4D0099CBDC /* panchi.json */,
			);
			path = Lottie;
			sourceTree = "<group>";
		};
		139D2B9C298FA1DE006CAEF9 /* Audio */ = {
			isa = PBXGroup;
			children = (
				139D2B9F298FA206006CAEF9 /* wrongButton.wav */,
				139D2BEA299CCABA006CAEF9 /* rightButton.wav */,
			);
			path = Audio;
			sourceTree = "<group>";
		};
		36939CFC298CFB5F00927B1E = {
			isa = PBXGroup;
			children = (
				36B3B81B29A3498F000707C9 /* MathQuestionView.swift */,
				36939D07298CFB5F00927B1E /* KidsLove */,
				36939D06298CFB5F00927B1E /* Products */,
			);
			sourceTree = "<group>";
		};
		36939D06298CFB5F00927B1E /* Products */ = {
			isa = PBXGroup;
			children = (
				36939D05298CFB5F00927B1E /* KidsLove.app */,
			);
			name = Products;
			sourceTree = "<group>";
		};
		36939D07298CFB5F00927B1E /* KidsLove */ = {
			isa = PBXGroup;
			children = (
				36B3B81929A34930000707C9 /* White Milk.ttf */,
				04934BB229AB6C4D0099CBDC /* Lottie */,
				36939D16298CFB6000927B1E /* Info.plist */,
				36B3B79929A28084000707C9 /* Mills */,
				36B3B76029A275E9000707C9 /* Twofortyeight */,
				36B3B81729A2AB0C000707C9 /* MathIQ */,
			);
			path = KidsLove;
			sourceTree = "<group>";
		};
		36B3B73429A275E9000707C9 /* Content */ = {
			isa = PBXGroup;
			children = (
				36B3B73329A275E9000707C9 /* GameView.swift */,
			);
			path = Content;
			sourceTree = "<group>";
		};
		36B3B73729A275E9000707C9 /* Sheets */ = {
			isa = PBXGroup;
			children = (
				36B3B73529A275E9000707C9 /* MenuView.swift */,
				36B3B73629A275E9000707C9 /* GameOverView.swift */,
			);
			path = Sheets;
			sourceTree = "<group>";
		};
		36B3B73B29A275E9000707C9 /* Tile */ = {
			isa = PBXGroup;
			children = (
				36B3B73929A275E9000707C9 /* Tile.swift */,
				36B3B73A29A275E9000707C9 /* TileStyle.swift */,
			);
			path = Tile;
			sourceTree = "<group>";
		};
		36B3B73C29A275E9000707C9 /* Board */ = {
			isa = PBXGroup;
			children = (
				36B3B73829A275E9000707C9 /* Board.swift */,
				36B3B73B29A275E9000707C9 /* Tile */,
			);
			path = Board;
			sourceTree = "<group>";
		};
		36B3B74529A275E9000707C9 /* Widgets */ = {
			isa = PBXGroup;
			children = (
				36B3B73D29A275E9000707C9 /* ScoreBox.swift */,
				36B3B73E29A275E9000707C9 /* YellowBlock.swift */,
				36B3B73F29A275E9000707C9 /* ActionButton.swift */,
				36B3B74029A275E9000707C9 /* SmallActionButton.swift */,
				36B3B74129A275E9000707C9 /* Header.swift */,
				36B3B74229A275E9000707C9 /* GoalText.swift */,
				36B3B74329A275E9000707C9 /* HeaderBarTitle.swift */,
				36B3B74429A275E9000707C9 /* Moves.swift */,
			);
			path = Widgets;
			sourceTree = "<group>";
		};
		36B3B74629A275E9000707C9 /* UIElements */ = {
			isa = PBXGroup;
			children = (
				36B3B73429A275E9000707C9 /* Content */,
				36B3B73729A275E9000707C9 /* Sheets */,
				36B3B73C29A275E9000707C9 /* Board */,
				36B3B74529A275E9000707C9 /* Widgets */,
			);
			path = UIElements;
			sourceTree = "<group>";
		};
		36B3B74929A275E9000707C9 /* Engine */ = {
			isa = PBXGroup;
			children = (
				36B3B74729A275E9000707C9 /* Engine.swift */,
				36B3B74829A275E9000707C9 /* GameEngine.swift */,
			);
			path = Engine;
			sourceTree = "<group>";
		};
		36B3B74C29A275E9000707C9 /* State */ = {
			isa = PBXGroup;
			children = (
				36B3B74A29A275E9000707C9 /* StateTracker.swift */,
				36B3B74B29A275E9000707C9 /* GameStateTracker.swift */,
			);
			path = State;
			sourceTree = "<group>";
		};
		36B3B74F29A275E9000707C9 /* Storage */ = {
			isa = PBXGroup;
			children = (
				36B3B74D29A275E9000707C9 /* Storage.swift */,
				36B3B74E29A275E9000707C9 /* LocalStorage.swift */,
			);
			path = Storage;
			sourceTree = "<group>";
		};
		36B3B75029A275E9000707C9 /* Game */ = {
			isa = PBXGroup;
			children = (
				36B3B73129A275E9000707C9 /* GameViewModel.swift */,
				36B3B73229A275E9000707C9 /* GameViewController.swift */,
				36B3B74629A275E9000707C9 /* UIElements */,
				36B3B74929A275E9000707C9 /* Engine */,
				36B3B74C29A275E9000707C9 /* State */,
				36B3B74F29A275E9000707C9 /* Storage */,
			);
			path = Game;
			sourceTree = "<group>";
		};
		36B3B75229A275E9000707C9 /* Gestures */ = {
			isa = PBXGroup;
			children = (
				36B3B75129A275E9000707C9 /* Swipe.swift */,
			);
			name = Gestures;
			sourceTree = "<group>";
		};
		36B3B75629A275E9000707C9 /* Extensions */ = {
			isa = PBXGroup;
			children = (
				36B3B75329A275E9000707C9 /* ArrayExtensions.swift */,
				36B3B75429A275E9000707C9 /* IntExtensions.swift */,
				36B3B75529A275E9000707C9 /* ColorExtensions.swift */,
			);
			path = Extensions;
			sourceTree = "<group>";
		};
		36B3B75F29A275E9000707C9 /* Preview Content */ = {
			isa = PBXGroup;
			children = (
				36B3B75E29A275E9000707C9 /* Preview Assets.xcassets */,
			);
			path = "Preview Content";
			sourceTree = "<group>";
		};
		36B3B76029A275E9000707C9 /* Twofortyeight */ = {
			isa = PBXGroup;
			children = (
				36B3B75029A275E9000707C9 /* Game */,
				36B3B75229A275E9000707C9 /* Gestures */,
				36B3B75629A275E9000707C9 /* Extensions */,
				36B3B75729A275E9000707C9 /* CustomOperators.swift */,
				36B3B75829A275E9000707C9 /* AppDelegate.swift */,
				36B3B75929A275E9000707C9 /* SceneDelegate.swift */,
				36B3B75A29A275E9000707C9 /* Assets.xcassets */,
				36B3B75C29A275E9000707C9 /* LaunchScreen.storyboard */,
				36B3B75D29A275E9000707C9 /* Info.plist */,
				36B3B75F29A275E9000707C9 /* Preview Content */,
			);
			path = Twofortyeight;
			sourceTree = "<group>";
		};
		36B3B79929A28084000707C9 /* Mills */ = {
			isa = PBXGroup;
			children = (
				36B3B7CE29A28084000707C9 /* lose.mp3 */,
				36B3B79A29A28084000707C9 /* char.mp3 */,
				36B3B7BE29A28084000707C9 /* InitialVC.swift */,
				36B3B79B29A28084000707C9 /* ViewDataModel.swift */,
				36B3B7D029A28084000707C9 /* notAllowed.mp3 */,
				36B3B7BD29A28084000707C9 /* place-player-2.mp3 */,
				36B3B79C29A28084000707C9 /* select.mp3 */,
				36B3B7D629A28084000707C9 /* PlayerView.xib */,
				36B3B79D29A28084000707C9 /* MillsGameView.swift */,
				36B3B7C929A28084000707C9 /* PlayerGuideMessages.swift */,
				36B3B79E29A28084000707C9 /* CoinCollectionViewCell.swift */,
				36B3B7D729A28084000707C9 /* ViewDataModel.swift */,
				36B3B79F29A28084000707C9 /* SoundEfectManager.swift */,
				36B3B7C329A28084000707C9 /* CircleView.swift */,
				36B3B7A029A28084000707C9 /* GameVC.swift */,
				36B3B7A129A28084000707C9 /* Assets.xcassets */,
				36B3B7CB29A28084000707C9 /* GameVC.swift */,
				36B3B7A229A28084000707C9 /* PlayerCollectionViewController.swift */,
				36B3B7CD29A28084000707C9 /* select.mp3 */,
				36B3B7C529A28084000707C9 /* MillsGameViewModel.swift */,
				36B3B7A629A28084000707C9 /* Main.storyboard */,
				36B3B7C129A28084000707C9 /* char.mp3 */,
				36B3B7A829A28084000707C9 /* win.mp3 */,
				36B3B7CA29A28084000707C9 /* win.mp3 */,
				36B3B7A929A28084000707C9 /* bhar.mp3 */,
				36B3B7D829A28084000707C9 /* Assets.xcassets */,
				36B3B7D429A28084000707C9 /* place-player-1.mp3 */,
				36B3B7AA29A28084000707C9 /* move.mp3 */,
				36B3B7AB29A28084000707C9 /* Mills 2021-03-31 16-59-30 */,
				36B3B7C229A28084000707C9 /* move.mp3 */,
				36B3B7AD29A28084000707C9 /* lose.mp3 */,
				36B3B7D229A28084000707C9 /* PlayerCollectionViewController.swift */,
				36B3B7AE29A28084000707C9 /* PlayerView.swift */,
				36B3B7D929A28084000707C9 /* CoinCollectionViewCell.swift */,
				36B3B7D529A28084000707C9 /* CoinCollectionViewCell.xib */,
				36B3B7AF29A28084000707C9 /* PlayerView.xib */,
				36B3B7D329A28084000707C9 /* SoundEfectManager.swift */,
				36B3B7C029A28084000707C9 /* GameModels.swift */,
				36B3B7B029A28084000707C9 /* CircleView.swift */,
				36B3B7B129A28084000707C9 /* place-player-2.mp3 */,
				36B3B7C429A28084000707C9 /* PlayerView.swift */,
				36B3B7B329A28084000707C9 /* PlayerGuideMessages.swift */,
				36B3B7B429A28084000707C9 /* GameModels.swift */,
				36B3B7B529A28084000707C9 /* CoinCollectionViewCell.xib */,
				36B3B7B629A28084000707C9 /* place-player-1.mp3 */,
				36B3B7BF29A28084000707C9 /* bhar.mp3 */,
				36B3B7B829A28084000707C9 /* notAllowed.mp3 */,
				36B3B7C729A28084000707C9 /* Mills.xcdatamodeld */,
				36B3B7BA29A28084000707C9 /* Mills.xcdatamodeld */,
				36B3B7BC29A28084000707C9 /* InitialVC.swift */,
			);
			path = Mills;
			sourceTree = SOURCE_ROOT;
		};
		36B3B7AB29A28084000707C9 /* Mills 2021-03-31 16-59-30 */ = {
			isa = PBXGroup;
			children = (
				36B3B7AC29A28084000707C9 /* Mills.ipa */,
			);
			path = "Mills 2021-03-31 16-59-30";
			sourceTree = "<group>";
		};
		36B3B81729A2AB0C000707C9 /* MathIQ */ = {
			isa = PBXGroup;
			children = (
				0492993B29A1019900331306 /* remote_config_defaults.plist */,
				0492993D29A101BD00331306 /* GoogleService-Info.plist */,
				139D2B9C298FA1DE006CAEF9 /* Audio */,
				36939D08298CFB5F00927B1E /* AppDelegate.swift */,
				36939D0A298CFB5F00927B1E /* SceneDelegate.swift */,
				139D2BA52993A349006CAEF9 /* Model.swift */,
				36B3B72329A27271000707C9 /* TabBarController.swift */,
				364D781C299F940800FF42D7 /* AppRouter.swift */,
				364D781E299F994A00FF42D7 /* SoundPlayer.swift */,
				1331E231298D39DD00AFD1E0 /* HomeViewController.swift */,
				364D781A299F7C7700FF42D7 /* SettingsView.swift */,
				1331E232298D39DD00AFD1E0 /* HomeViewController.xib */,
				1331E235298D3CE700AFD1E0 /* OperatorsViewController.swift */,
				139D2BE62998E03D006CAEF9 /* FetchQuestions.swift */,
				139D2BA129921C31006CAEF9 /* OperatorTableViewCell.swift */,
				139D2BA229921C31006CAEF9 /* OperatorTableViewCell.xib */,
				1331E236298D3CE700AFD1E0 /* OperatorsViewController.xib */,
				36DD6080298D0BAC00F059FB /* QuestionViewController.swift */,
				36DD6081298D0BAC00F059FB /* QuestionViewController.xib */,
				36DD6084298E12E000F059FB /* ResultsViewController.swift */,
				36DD6085298E12E000F059FB /* ResultsViewController.xib */,
				36DD608A29911CD000F059FB /* ColorAndFonts.swift */,
				04DA93C529A0C8C7008F70FB /* FireBaseConfig.swift */,
				36939D11298CFB6000927B1E /* Assets.xcassets */,
				36939D13298CFB6000927B1E /* LaunchScreen.storyboard */,
			);
			path = MathIQ;
			sourceTree = "<group>";
		};
/* End PBXGroup section */

/* Begin PBXNativeTarget section */
		36939D04298CFB5F00927B1E /* KidsLove */ = {
			isa = PBXNativeTarget;
			buildConfigurationList = 36939D19298CFB6000927B1E /* Build configuration list for PBXNativeTarget "KidsLove" */;
			buildPhases = (
				36939D01298CFB5F00927B1E /* Sources */,
				36939D02298CFB5F00927B1E /* Frameworks */,
				36939D03298CFB5F00927B1E /* Resources */,
			);
			buildRules = (
			);
			dependencies = (
			);
			name = KidsLove;
			packageProductDependencies = (
				04DA93B329A08E34008F70FB /* FirebaseAnalytics */,
				04DA93B529A08E34008F70FB /* FirebaseAnalyticsOnDeviceConversion */,
				04DA93B729A08E34008F70FB /* FirebaseAnalyticsSwift */,
				04DA93B929A08E34008F70FB /* FirebaseAnalyticsWithoutAdIdSupport */,
				04DA93BB29A08E34008F70FB /* FirebaseCrashlytics */,
				04DA93BD29A08E34008F70FB /* FirebasePerformance */,
				04DA93BF29A08E34008F70FB /* FirebaseRemoteConfig */,
				04DA93C129A08E34008F70FB /* FirebaseRemoteConfigSwift */,
				04934BB029AB69FC0099CBDC /* Lottie */,
			);
			productName = KidsLove;
			productReference = 36939D05298CFB5F00927B1E /* KidsLove.app */;
			productType = "com.apple.product-type.application";
		};
/* End PBXNativeTarget section */

/* Begin PBXProject section */
		36939CFD298CFB5F00927B1E /* Project object */ = {
			isa = PBXProject;
			attributes = {
				BuildIndependentTargetsInParallel = 1;
				LastSwiftUpdateCheck = 1410;
				LastUpgradeCheck = 1410;
				TargetAttributes = {
					36939D04298CFB5F00927B1E = {
						CreatedOnToolsVersion = 14.1;
					};
				};
			};
			buildConfigurationList = 36939D00298CFB5F00927B1E /* Build configuration list for PBXProject "KidsLove" */;
			compatibilityVersion = "Xcode 14.0";
			developmentRegion = en;
			hasScannedForEncodings = 0;
			knownRegions = (
				en,
				Base,
			);
			mainGroup = 36939CFC298CFB5F00927B1E;
			packageReferences = (
				04DA93B229A08E34008F70FB /* XCRemoteSwiftPackageReference "firebase-ios-sdk" */,
				04934BAF29AB69FC0099CBDC /* XCRemoteSwiftPackageReference "lottie-ios" */,
			);
			productRefGroup = 36939D06298CFB5F00927B1E /* Products */;
			projectDirPath = "";
			projectRoot = "";
			targets = (
				36939D04298CFB5F00927B1E /* KidsLove */,
			);
		};
/* End PBXProject section */

/* Begin PBXResourcesBuildPhase section */
		36939D03298CFB5F00927B1E /* Resources */ = {
			isa = PBXResourcesBuildPhase;
			buildActionMask = 2147483647;
			files = (
				36939D15298CFB6000927B1E /* LaunchScreen.storyboard in Resources */,
				1331E238298D3CE700AFD1E0 /* OperatorsViewController.xib in Resources */,
				139D2BA0298FA206006CAEF9 /* wrongButton.wav in Resources */,
				36B3B7E129A28084000707C9 /* place-player-2.mp3 in Resources */,
				36B3B7F029A28084000707C9 /* select.mp3 in Resources */,
				36B3B7E029A28084000707C9 /* notAllowed.mp3 in Resources */,
				139D2BA429921C31006CAEF9 /* OperatorTableViewCell.xib in Resources */,
				36B3B80C29A28084000707C9 /* CoinCollectionViewCell.xib in Resources */,
				36B3B7E329A28084000707C9 /* PlayerView.xib in Resources */,
				36939D12298CFB6000927B1E /* Assets.xcassets in Resources */,
				36B3B7DB29A28084000707C9 /* lose.mp3 in Resources */,
				36B3B7E229A28084000707C9 /* select.mp3 in Resources */,
				36B3B7FB29A28084000707C9 /* move.mp3 in Resources */,
				36DD6087298E12E000F059FB /* ResultsViewController.xib in Resources */,
				36B3B7F429A28084000707C9 /* Main.storyboard in Resources */,
				36B3B80329A28084000707C9 /* PlayerView.xib in Resources */,
				36B3B80F29A28084000707C9 /* bhar.mp3 in Resources */,
				36DD6083298D0BAC00F059FB /* QuestionViewController.xib in Resources */,
				36B3B7F629A28084000707C9 /* win.mp3 in Resources */,
				36B3B80729A28084000707C9 /* place-player-2.mp3 in Resources */,
				36B3B81029A28084000707C9 /* notAllowed.mp3 in Resources */,
				0492993C29A1019900331306 /* remote_config_defaults.plist in Resources */,
				0492993E29A101BD00331306 /* GoogleService-Info.plist in Resources */,
				1331E234298D39DD00AFD1E0 /* HomeViewController.xib in Resources */,
				139D2BEB299CCABA006CAEF9 /* rightButton.wav in Resources */,
				36B3B7FA29A28084000707C9 /* place-player-1.mp3 in Resources */,
				36B3B7F829A28084000707C9 /* bhar.mp3 in Resources */,
				36B3B7F529A28084000707C9 /* char.mp3 in Resources */,
				04934BB429AB6C4D0099CBDC /* panchi.json in Resources */,
				36B3B80229A28084000707C9 /* CoinCollectionViewCell.xib in Resources */,
				36B3B81A29A34930000707C9 /* White Milk.ttf in Resources */,
				36B3B7FC29A28084000707C9 /* Mills.ipa in Resources */,
				36B3B7EB29A28084000707C9 /* Assets.xcassets in Resources */,
				36B3B80D29A28084000707C9 /* place-player-1.mp3 in Resources */,
				36B3B7FD29A28084000707C9 /* move.mp3 in Resources */,
				36B3B7DC29A28084000707C9 /* char.mp3 in Resources */,
				36B3B7F729A28084000707C9 /* win.mp3 in Resources */,
				36B3B7FE29A28084000707C9 /* lose.mp3 in Resources */,
			);
			runOnlyForDeploymentPostprocessing = 0;
		};
/* End PBXResourcesBuildPhase section */

/* Begin PBXSourcesBuildPhase section */
		36939D01298CFB5F00927B1E /* Sources */ = {
			isa = PBXSourcesBuildPhase;
			buildActionMask = 2147483647;
			files = (
				36B3B76329A27624000707C9 /* GameViewModel.swift in Sources */,
				36B3B80429A28084000707C9 /* SoundEfectManager.swift in Sources */,
				36B3B77029A27644000707C9 /* ScoreBox.swift in Sources */,
				04DA93C629A0C8C7008F70FB /* FireBaseConfig.swift in Sources */,
				36B3B7DF29A28084000707C9 /* ViewDataModel.swift in Sources */,
				139D2BA329921C31006CAEF9 /* OperatorTableViewCell.swift in Sources */,
				36B3B76929A2763C000707C9 /* Tile.swift in Sources */,
				36B3B81629A28084000707C9 /* Mills.xcdatamodel in Sources */,
				36B3B81429A28084000707C9 /* Mills.xcdatamodeld in Sources */,
				36B3B77529A27655000707C9 /* Storage.swift in Sources */,
				36B3B80129A28084000707C9 /* CoinCollectionViewCell.swift in Sources */,
				36B3B76829A27638000707C9 /* Board.swift in Sources */,
				36B3B7E729A28084000707C9 /* ViewDataModel.swift in Sources */,
				36B3B80029A28084000707C9 /* PlayerView.swift in Sources */,
				364D781B299F7C7700FF42D7 /* SettingsView.swift in Sources */,
				36B3B77A29A27662000707C9 /* CustomOperators.swift in Sources */,
				36B3B72429A27271000707C9 /* TabBarController.swift in Sources */,
				36B3B77D29A27662000707C9 /* ColorExtensions.swift in Sources */,
				36B3B7E429A28084000707C9 /* MillsGameView.swift in Sources */,
				36B3B77429A2764F000707C9 /* StateTracker.swift in Sources */,
				36B3B76A29A2763E000707C9 /* TileStyle.swift in Sources */,
				36939D09298CFB5F00927B1E /* AppDelegate.swift in Sources */,
				36DD608B29911CD100F059FB /* ColorAndFonts.swift in Sources */,
				36B3B7EA29A28084000707C9 /* GameVC.swift in Sources */,
				36B3B7E529A28084000707C9 /* PlayerGuideMessages.swift in Sources */,
				36B3B81329A28084000707C9 /* Mills.xcdatamodeld in Sources */,
				36B3B81529A28084000707C9 /* InitialVC.swift in Sources */,
				36B3B7F329A28084000707C9 /* MillsGameViewModel.swift in Sources */,
				36B3B77829A27662000707C9 /* ArrayExtensions.swift in Sources */,
				36B3B76729A27635000707C9 /* MenuView.swift in Sources */,
				36B3B77729A2765C000707C9 /* Swipe.swift in Sources */,
				36B3B80529A28084000707C9 /* GameModels.swift in Sources */,
				36B3B76629A27632000707C9 /* GameOverView.swift in Sources */,
				36B3B76C29A27644000707C9 /* HeaderBarTitle.swift in Sources */,
				36B3B81C29A3498F000707C9 /* MathQuestionView.swift in Sources */,
				36B3B7E629A28084000707C9 /* CoinCollectionViewCell.swift in Sources */,
				36DD6082298D0BAC00F059FB /* QuestionViewController.swift in Sources */,
				36B3B77629A27655000707C9 /* LocalStorage.swift in Sources */,
				36B3B76429A27628000707C9 /* GameViewController.swift in Sources */,
				36B3B76229A2761D000707C9 /* Engine.swift in Sources */,
				36B3B76B29A27644000707C9 /* ActionButton.swift in Sources */,
				139D2BA62993A349006CAEF9 /* Model.swift in Sources */,
				36B3B77129A27644000707C9 /* YellowBlock.swift in Sources */,
				36B3B77929A27662000707C9 /* IntExtensions.swift in Sources */,
				36B3B80A29A28084000707C9 /* PlayerGuideMessages.swift in Sources */,
				36DD6086298E12E000F059FB /* ResultsViewController.swift in Sources */,
				36B3B7DE29A28084000707C9 /* InitialVC.swift in Sources */,
				36939D0B298CFB5F00927B1E /* SceneDelegate.swift in Sources */,
				1331E233298D39DD00AFD1E0 /* HomeViewController.swift in Sources */,
				36B3B80629A28084000707C9 /* CircleView.swift in Sources */,
				36B3B76529A2762E000707C9 /* GameView.swift in Sources */,
				36B3B76129A275FC000707C9 /* GameEngine.swift in Sources */,
				36B3B7EC29A28084000707C9 /* GameVC.swift in Sources */,
				364D781D299F940800FF42D7 /* AppRouter.swift in Sources */,
				36B3B7E829A28084000707C9 /* SoundEfectManager.swift in Sources */,
				36B3B80929A28084000707C9 /* PlayerView.swift in Sources */,
				36B3B77329A2764F000707C9 /* GameStateTracker.swift in Sources */,
				36B3B76D29A27644000707C9 /* Header.swift in Sources */,
				36B3B80B29A28084000707C9 /* GameModels.swift in Sources */,
				36B3B7FF29A28084000707C9 /* PlayerCollectionViewController.swift in Sources */,
				364D781F299F994A00FF42D7 /* SoundPlayer.swift in Sources */,
				36B3B7ED29A28084000707C9 /* PlayerCollectionViewController.swift in Sources */,
				36B3B7E929A28084000707C9 /* CircleView.swift in Sources */,
				36B3B76E29A27644000707C9 /* SmallActionButton.swift in Sources */,
				1331E237298D3CE700AFD1E0 /* OperatorsViewController.swift in Sources */,
				139D2BE72998E03D006CAEF9 /* FetchQuestions.swift in Sources */,
				36B3B76F29A27644000707C9 /* GoalText.swift in Sources */,
				36B3B77229A27644000707C9 /* Moves.swift in Sources */,
			);
			runOnlyForDeploymentPostprocessing = 0;
		};
/* End PBXSourcesBuildPhase section */

/* Begin PBXVariantGroup section */
		36939D13298CFB6000927B1E /* LaunchScreen.storyboard */ = {
			isa = PBXVariantGroup;
			children = (
				36939D14298CFB6000927B1E /* Base */,
			);
			name = LaunchScreen.storyboard;
			sourceTree = "<group>";
		};
		36B3B75C29A275E9000707C9 /* LaunchScreen.storyboard */ = {
			isa = PBXVariantGroup;
			children = (
				36B3B75B29A275E9000707C9 /* Base */,
			);
			name = LaunchScreen.storyboard;
			sourceTree = "<group>";
		};
		36B3B7A629A28084000707C9 /* Main.storyboard */ = {
			isa = PBXVariantGroup;
			children = (
				36B3B7A729A28084000707C9 /* Base */,
			);
			name = Main.storyboard;
			sourceTree = "<group>";
		};
/* End PBXVariantGroup section */

/* Begin XCBuildConfiguration section */
		36939D17298CFB6000927B1E /* Debug */ = {
			isa = XCBuildConfiguration;
			buildSettings = {
				ALWAYS_SEARCH_USER_PATHS = NO;
				CLANG_ANALYZER_NONNULL = YES;
				CLANG_ANALYZER_NUMBER_OBJECT_CONVERSION = YES_AGGRESSIVE;
				CLANG_CXX_LANGUAGE_STANDARD = "gnu++20";
				CLANG_ENABLE_MODULES = YES;
				CLANG_ENABLE_OBJC_ARC = YES;
				CLANG_ENABLE_OBJC_WEAK = YES;
				CLANG_WARN_BLOCK_CAPTURE_AUTORELEASING = YES;
				CLANG_WARN_BOOL_CONVERSION = YES;
				CLANG_WARN_COMMA = YES;
				CLANG_WARN_CONSTANT_CONVERSION = YES;
				CLANG_WARN_DEPRECATED_OBJC_IMPLEMENTATIONS = YES;
				CLANG_WARN_DIRECT_OBJC_ISA_USAGE = YES_ERROR;
				CLANG_WARN_DOCUMENTATION_COMMENTS = YES;
				CLANG_WARN_EMPTY_BODY = YES;
				CLANG_WARN_ENUM_CONVERSION = YES;
				CLANG_WARN_INFINITE_RECURSION = YES;
				CLANG_WARN_INT_CONVERSION = YES;
				CLANG_WARN_NON_LITERAL_NULL_CONVERSION = YES;
				CLANG_WARN_OBJC_IMPLICIT_RETAIN_SELF = YES;
				CLANG_WARN_OBJC_LITERAL_CONVERSION = YES;
				CLANG_WARN_OBJC_ROOT_CLASS = YES_ERROR;
				CLANG_WARN_QUOTED_INCLUDE_IN_FRAMEWORK_HEADER = YES;
				CLANG_WARN_RANGE_LOOP_ANALYSIS = YES;
				CLANG_WARN_STRICT_PROTOTYPES = YES;
				CLANG_WARN_SUSPICIOUS_MOVE = YES;
				CLANG_WARN_UNGUARDED_AVAILABILITY = YES_AGGRESSIVE;
				CLANG_WARN_UNREACHABLE_CODE = YES;
				CLANG_WARN__DUPLICATE_METHOD_MATCH = YES;
				COPY_PHASE_STRIP = NO;
				DEBUG_INFORMATION_FORMAT = dwarf;
				ENABLE_STRICT_OBJC_MSGSEND = YES;
				ENABLE_TESTABILITY = YES;
				GCC_C_LANGUAGE_STANDARD = gnu11;
				GCC_DYNAMIC_NO_PIC = NO;
				GCC_NO_COMMON_BLOCKS = YES;
				GCC_OPTIMIZATION_LEVEL = 0;
				GCC_PREPROCESSOR_DEFINITIONS = (
					"DEBUG=1",
					"$(inherited)",
				);
				GCC_WARN_64_TO_32_BIT_CONVERSION = YES;
				GCC_WARN_ABOUT_RETURN_TYPE = YES_ERROR;
				GCC_WARN_UNDECLARED_SELECTOR = YES;
				GCC_WARN_UNINITIALIZED_AUTOS = YES_AGGRESSIVE;
				GCC_WARN_UNUSED_FUNCTION = YES;
				GCC_WARN_UNUSED_VARIABLE = YES;
				IPHONEOS_DEPLOYMENT_TARGET = 16.1;
				MTL_ENABLE_DEBUG_INFO = INCLUDE_SOURCE;
				MTL_FAST_MATH = YES;
				ONLY_ACTIVE_ARCH = YES;
				SDKROOT = iphoneos;
				SWIFT_ACTIVE_COMPILATION_CONDITIONS = DEBUG;
				SWIFT_OPTIMIZATION_LEVEL = "-Onone";
			};
			name = Debug;
		};
		36939D18298CFB6000927B1E /* Release */ = {
			isa = XCBuildConfiguration;
			buildSettings = {
				ALWAYS_SEARCH_USER_PATHS = NO;
				CLANG_ANALYZER_NONNULL = YES;
				CLANG_ANALYZER_NUMBER_OBJECT_CONVERSION = YES_AGGRESSIVE;
				CLANG_CXX_LANGUAGE_STANDARD = "gnu++20";
				CLANG_ENABLE_MODULES = YES;
				CLANG_ENABLE_OBJC_ARC = YES;
				CLANG_ENABLE_OBJC_WEAK = YES;
				CLANG_WARN_BLOCK_CAPTURE_AUTORELEASING = YES;
				CLANG_WARN_BOOL_CONVERSION = YES;
				CLANG_WARN_COMMA = YES;
				CLANG_WARN_CONSTANT_CONVERSION = YES;
				CLANG_WARN_DEPRECATED_OBJC_IMPLEMENTATIONS = YES;
				CLANG_WARN_DIRECT_OBJC_ISA_USAGE = YES_ERROR;
				CLANG_WARN_DOCUMENTATION_COMMENTS = YES;
				CLANG_WARN_EMPTY_BODY = YES;
				CLANG_WARN_ENUM_CONVERSION = YES;
				CLANG_WARN_INFINITE_RECURSION = YES;
				CLANG_WARN_INT_CONVERSION = YES;
				CLANG_WARN_NON_LITERAL_NULL_CONVERSION = YES;
				CLANG_WARN_OBJC_IMPLICIT_RETAIN_SELF = YES;
				CLANG_WARN_OBJC_LITERAL_CONVERSION = YES;
				CLANG_WARN_OBJC_ROOT_CLASS = YES_ERROR;
				CLANG_WARN_QUOTED_INCLUDE_IN_FRAMEWORK_HEADER = YES;
				CLANG_WARN_RANGE_LOOP_ANALYSIS = YES;
				CLANG_WARN_STRICT_PROTOTYPES = YES;
				CLANG_WARN_SUSPICIOUS_MOVE = YES;
				CLANG_WARN_UNGUARDED_AVAILABILITY = YES_AGGRESSIVE;
				CLANG_WARN_UNREACHABLE_CODE = YES;
				CLANG_WARN__DUPLICATE_METHOD_MATCH = YES;
				COPY_PHASE_STRIP = NO;
				DEBUG_INFORMATION_FORMAT = "dwarf-with-dsym";
				ENABLE_NS_ASSERTIONS = NO;
				ENABLE_STRICT_OBJC_MSGSEND = YES;
				GCC_C_LANGUAGE_STANDARD = gnu11;
				GCC_NO_COMMON_BLOCKS = YES;
				GCC_WARN_64_TO_32_BIT_CONVERSION = YES;
				GCC_WARN_ABOUT_RETURN_TYPE = YES_ERROR;
				GCC_WARN_UNDECLARED_SELECTOR = YES;
				GCC_WARN_UNINITIALIZED_AUTOS = YES_AGGRESSIVE;
				GCC_WARN_UNUSED_FUNCTION = YES;
				GCC_WARN_UNUSED_VARIABLE = YES;
				IPHONEOS_DEPLOYMENT_TARGET = 16.1;
				MTL_ENABLE_DEBUG_INFO = NO;
				MTL_FAST_MATH = YES;
				SDKROOT = iphoneos;
				SWIFT_COMPILATION_MODE = wholemodule;
				SWIFT_OPTIMIZATION_LEVEL = "-O";
				VALIDATE_PRODUCT = YES;
			};
			name = Release;
		};
		36939D1A298CFB6000927B1E /* Debug */ = {
			isa = XCBuildConfiguration;
			buildSettings = {
				ASSETCATALOG_COMPILER_APPICON_NAME = AppIcon;
				ASSETCATALOG_COMPILER_GLOBAL_ACCENT_COLOR_NAME = AccentColor;
				CODE_SIGN_IDENTITY = "Apple Development";
				CODE_SIGN_STYLE = Automatic;
				CURRENT_PROJECT_VERSION = 1;
				DEVELOPMENT_TEAM = 7H62X7A726;
				GENERATE_INFOPLIST_FILE = YES;
				INFOPLIST_FILE = KidsLove/Info.plist;
				INFOPLIST_KEY_UIApplicationSupportsIndirectInputEvents = YES;
				INFOPLIST_KEY_UILaunchStoryboardName = LaunchScreen;
				INFOPLIST_KEY_UISupportedInterfaceOrientations = "UIInterfaceOrientationLandscapeLeft UIInterfaceOrientationLandscapeRight UIInterfaceOrientationPortrait UIInterfaceOrientationPortraitUpsideDown";
				LD_RUNPATH_SEARCH_PATHS = (
					"$(inherited)",
					"@executable_path/Frameworks",
				);
				MARKETING_VERSION = 1.0;
				PRODUCT_BUNDLE_IDENTIFIER = "de.sebastian-hagedorn.StateRestorationDemo";
				PRODUCT_NAME = "$(TARGET_NAME)";
				PROVISIONING_PROFILE_SPECIFIER = "";
				SWIFT_EMIT_LOC_STRINGS = YES;
				SWIFT_VERSION = 5.0;
				TARGETED_DEVICE_FAMILY = "1,2";
			};
			name = Debug;
		};
		36939D1B298CFB6000927B1E /* Release */ = {
			isa = XCBuildConfiguration;
			buildSettings = {
				ASSETCATALOG_COMPILER_APPICON_NAME = AppIcon;
				ASSETCATALOG_COMPILER_GLOBAL_ACCENT_COLOR_NAME = AccentColor;
				CODE_SIGN_IDENTITY = "Apple Development";
				CODE_SIGN_STYLE = Automatic;
				CURRENT_PROJECT_VERSION = 1;
				DEVELOPMENT_TEAM = 7H62X7A726;
				GENERATE_INFOPLIST_FILE = YES;
				INFOPLIST_FILE = KidsLove/Info.plist;
				INFOPLIST_KEY_UIApplicationSupportsIndirectInputEvents = YES;
				INFOPLIST_KEY_UILaunchStoryboardName = LaunchScreen;
				INFOPLIST_KEY_UISupportedInterfaceOrientations = "UIInterfaceOrientationLandscapeLeft UIInterfaceOrientationLandscapeRight UIInterfaceOrientationPortrait UIInterfaceOrientationPortraitUpsideDown";
				LD_RUNPATH_SEARCH_PATHS = (
					"$(inherited)",
					"@executable_path/Frameworks",
				);
				MARKETING_VERSION = 1.0;
				PRODUCT_BUNDLE_IDENTIFIER = "de.sebastian-hagedorn.StateRestorationDemo";
				PRODUCT_NAME = "$(TARGET_NAME)";
				PROVISIONING_PROFILE_SPECIFIER = "";
				SWIFT_EMIT_LOC_STRINGS = YES;
				SWIFT_VERSION = 5.0;
				TARGETED_DEVICE_FAMILY = "1,2";
			};
			name = Release;
		};
/* End XCBuildConfiguration section */

/* Begin XCConfigurationList section */
		36939D00298CFB5F00927B1E /* Build configuration list for PBXProject "KidsLove" */ = {
			isa = XCConfigurationList;
			buildConfigurations = (
				36939D17298CFB6000927B1E /* Debug */,
				36939D18298CFB6000927B1E /* Release */,
			);
			defaultConfigurationIsVisible = 0;
			defaultConfigurationName = Release;
		};
		36939D19298CFB6000927B1E /* Build configuration list for PBXNativeTarget "KidsLove" */ = {
			isa = XCConfigurationList;
			buildConfigurations = (
				36939D1A298CFB6000927B1E /* Debug */,
				36939D1B298CFB6000927B1E /* Release */,
			);
			defaultConfigurationIsVisible = 0;
			defaultConfigurationName = Release;
		};
/* End XCConfigurationList section */

/* Begin XCRemoteSwiftPackageReference section */
		04934BAF29AB69FC0099CBDC /* XCRemoteSwiftPackageReference "lottie-ios" */ = {
			isa = XCRemoteSwiftPackageReference;
			repositoryURL = "https://github.com/airbnb/lottie-ios.git";
			requirement = {
				branch = master;
				kind = branch;
			};
		};
		04DA93B229A08E34008F70FB /* XCRemoteSwiftPackageReference "firebase-ios-sdk" */ = {
			isa = XCRemoteSwiftPackageReference;
			repositoryURL = "https://github.com/firebase/firebase-ios-sdk";
			requirement = {
				kind = upToNextMajorVersion;
				minimumVersion = 9.0.0;
			};
		};
/* End XCRemoteSwiftPackageReference section */

/* Begin XCSwiftPackageProductDependency section */
		04934BB029AB69FC0099CBDC /* Lottie */ = {
			isa = XCSwiftPackageProductDependency;
			package = 04934BAF29AB69FC0099CBDC /* XCRemoteSwiftPackageReference "lottie-ios" */;
			productName = Lottie;
		};
		04DA93B329A08E34008F70FB /* FirebaseAnalytics */ = {
			isa = XCSwiftPackageProductDependency;
			package = 04DA93B229A08E34008F70FB /* XCRemoteSwiftPackageReference "firebase-ios-sdk" */;
			productName = FirebaseAnalytics;
		};
		04DA93B529A08E34008F70FB /* FirebaseAnalyticsOnDeviceConversion */ = {
			isa = XCSwiftPackageProductDependency;
			package = 04DA93B229A08E34008F70FB /* XCRemoteSwiftPackageReference "firebase-ios-sdk" */;
			productName = FirebaseAnalyticsOnDeviceConversion;
		};
		04DA93B729A08E34008F70FB /* FirebaseAnalyticsSwift */ = {
			isa = XCSwiftPackageProductDependency;
			package = 04DA93B229A08E34008F70FB /* XCRemoteSwiftPackageReference "firebase-ios-sdk" */;
			productName = FirebaseAnalyticsSwift;
		};
		04DA93B929A08E34008F70FB /* FirebaseAnalyticsWithoutAdIdSupport */ = {
			isa = XCSwiftPackageProductDependency;
			package = 04DA93B229A08E34008F70FB /* XCRemoteSwiftPackageReference "firebase-ios-sdk" */;
			productName = FirebaseAnalyticsWithoutAdIdSupport;
		};
		04DA93BB29A08E34008F70FB /* FirebaseCrashlytics */ = {
			isa = XCSwiftPackageProductDependency;
			package = 04DA93B229A08E34008F70FB /* XCRemoteSwiftPackageReference "firebase-ios-sdk" */;
			productName = FirebaseCrashlytics;
		};
		04DA93BD29A08E34008F70FB /* FirebasePerformance */ = {
			isa = XCSwiftPackageProductDependency;
			package = 04DA93B229A08E34008F70FB /* XCRemoteSwiftPackageReference "firebase-ios-sdk" */;
			productName = FirebasePerformance;
		};
		04DA93BF29A08E34008F70FB /* FirebaseRemoteConfig */ = {
			isa = XCSwiftPackageProductDependency;
			package = 04DA93B229A08E34008F70FB /* XCRemoteSwiftPackageReference "firebase-ios-sdk" */;
			productName = FirebaseRemoteConfig;
		};
		04DA93C129A08E34008F70FB /* FirebaseRemoteConfigSwift */ = {
			isa = XCSwiftPackageProductDependency;
			package = 04DA93B229A08E34008F70FB /* XCRemoteSwiftPackageReference "firebase-ios-sdk" */;
			productName = FirebaseRemoteConfigSwift;
		};
/* End XCSwiftPackageProductDependency section */

/* Begin XCVersionGroup section */
		36B3B7BA29A28084000707C9 /* Mills.xcdatamodeld */ = {
			isa = XCVersionGroup;
			children = (
				36B3B7BB29A28084000707C9 /* Mills.xcdatamodel */,
			);
			currentVersion = 36B3B7BB29A28084000707C9 /* Mills.xcdatamodel */;
			path = Mills.xcdatamodeld;
			sourceTree = "<group>";
			versionGroupType = wrapper.xcdatamodel;
		};
		36B3B7C729A28084000707C9 /* Mills.xcdatamodeld */ = {
			isa = XCVersionGroup;
			children = (
				36B3B7DA29A28084000707C9 /* Mills.xcdatamodel */,
				36B3B7C829A28084000707C9 /* Mills.xcdatamodel */,
			);
			currentVersion = 36B3B7C829A28084000707C9 /* Mills.xcdatamodel */;
			path = Mills.xcdatamodeld;
			sourceTree = "<group>";
			versionGroupType = wrapper.xcdatamodel;
		};
/* End XCVersionGroup section */
	};
	rootObject = 36939CFD298CFB5F00927B1E /* Project object */;
}
